// !$*UTF8*$!
{
	archiveVersion = 1;
	classes = {
	};
	objectVersion = 56;
	objects = {

/* Begin PBXBuildFile section */
		3477B69A2C734EB400C6C059 /* ChipsViewUpdater.swift in Sources */ = {isa = PBXBuildFile; fileRef = 3477B6992C734EB400C6C059 /* ChipsViewUpdater.swift */; };
		348C538A2C73BC9C00ACEA5C /* BadgeSectionModelService.swift in Sources */ = {isa = PBXBuildFile; fileRef = 348C53892C73BC9C00ACEA5C /* BadgeSectionModelService.swift */; };
		348C538C2C73BCF900ACEA5C /* ChipsCreationService.swift in Sources */ = {isa = PBXBuildFile; fileRef = 348C538B2C73BCF900ACEA5C /* ChipsCreationService.swift */; };
		348C53912C74AA3F00ACEA5C /* DividerModuleFeature.swift in Sources */ = {isa = PBXBuildFile; fileRef = 348C53902C74AA3F00ACEA5C /* DividerModuleFeature.swift */; };
		348C53932C7621BE00ACEA5C /* SegmentControlModuleFeature.swift in Sources */ = {isa = PBXBuildFile; fileRef = 348C53922C7621BE00ACEA5C /* SegmentControlModuleFeature.swift */; };
		348C53962C774FC000ACEA5C /* SegmentItemFeature.swift in Sources */ = {isa = PBXBuildFile; fileRef = 348C53952C774FC000ACEA5C /* SegmentItemFeature.swift */; };
		34C3999E2C5B85D400C98DBC /* BadgeModuleFeature.swift in Sources */ = {isa = PBXBuildFile; fileRef = 34C3999D2C5B85D400C98DBC /* BadgeModuleFeature.swift */; };
		8889558329140FFC00A46293 /* AppDelegate.swift in Sources */ = {isa = PBXBuildFile; fileRef = 8889558229140FFC00A46293 /* AppDelegate.swift */; };
		8889558C29140FFE00A46293 /* Assets.xcassets in Resources */ = {isa = PBXBuildFile; fileRef = 8889558B29140FFE00A46293 /* Assets.xcassets */; };
		8889558F29140FFE00A46293 /* LaunchScreen.storyboard in Resources */ = {isa = PBXBuildFile; fileRef = 8889558D29140FFE00A46293 /* LaunchScreen.storyboard */; };
		888955B72914108700A46293 /* SceneDelegate.swift in Sources */ = {isa = PBXBuildFile; fileRef = 888955B62914108700A46293 /* SceneDelegate.swift */; };
		CE1170A82C636CB60032D933 /* CardCellBuilder.swift in Sources */ = {isa = PBXBuildFile; fileRef = CE1170A72C636CB60032D933 /* CardCellBuilder.swift */; };
		CE15ECBC2C57A75A00F148B7 /* TitleCellBuilder.swift in Sources */ = {isa = PBXBuildFile; fileRef = CE15ECBB2C57A75A00F148B7 /* TitleCellBuilder.swift */; };
		CE2130B72C60C90000AB69BE /* SnackBarCellBuilder.swift in Sources */ = {isa = PBXBuildFile; fileRef = CE2130B62C60C90000AB69BE /* SnackBarCellBuilder.swift */; };
		CE254A5B2C5CDAC20083EF57 /* BannerCellBuilder.swift in Sources */ = {isa = PBXBuildFile; fileRef = CE254A5A2C5CDAC20083EF57 /* BannerCellBuilder.swift */; };
		CE28279E2C3BDB2600156F14 /* CommonDetailFeature.swift in Sources */ = {isa = PBXBuildFile; fileRef = CE28279D2C3BDB2600156F14 /* CommonDetailFeature.swift */; };
		CE2827A12C3BDB6900156F14 /* CellBuilder.swift in Sources */ = {isa = PBXBuildFile; fileRef = CE2827A02C3BDB6900156F14 /* CellBuilder.swift */; };
		CE2827A42C3BDE6600156F14 /* ChipsViewSectionHelper.swift in Sources */ = {isa = PBXBuildFile; fileRef = CE2827A32C3BDE6600156F14 /* ChipsViewSectionHelper.swift */; };
		CE2827B02C3C1ECD00156F14 /* CheckboxCellBuilder.swift in Sources */ = {isa = PBXBuildFile; fileRef = CE2827AF2C3C1ECD00156F14 /* CheckboxCellBuilder.swift */; };
		CE32AC4B2C6CD561006969F2 /* Services in Frameworks */ = {isa = PBXBuildFile; productRef = CE32AC4A2C6CD561006969F2 /* Services */; };
		CE3D0CD22C5B648A00A9A5C1 /* RadioModuleBuilder.swift in Sources */ = {isa = PBXBuildFile; fileRef = CE3D0CD12C5B648900A9A5C1 /* RadioModuleBuilder.swift */; };
		CE3D0CD82C5CC90C00A9A5C1 /* StepperModuleBuilder.swift in Sources */ = {isa = PBXBuildFile; fileRef = CE3D0CD72C5CC90C00A9A5C1 /* StepperModuleBuilder.swift */; };
		CE3D0CDE2C622EDC00A9A5C1 /* ButtonModuleBuilder.swift in Sources */ = {isa = PBXBuildFile; fileRef = CE3D0CDD2C622EDC00A9A5C1 /* ButtonModuleBuilder.swift */; };
		CE4A7C0A2C3E8ABF00AA7EB4 /* DividerCellBuilder.swift in Sources */ = {isa = PBXBuildFile; fileRef = CE4A7C092C3E8ABF00AA7EB4 /* DividerCellBuilder.swift */; };
		CE4A7C0F2C3E8FC300AA7EB4 /* Constants.swift in Sources */ = {isa = PBXBuildFile; fileRef = CE4A7C0E2C3E8FC300AA7EB4 /* Constants.swift */; };
		CE4A7C122C3E9E5900AA7EB4 /* ToggleCellBuilder.swift in Sources */ = {isa = PBXBuildFile; fileRef = CE4A7C112C3E9E5900AA7EB4 /* ToggleCellBuilder.swift */; };
		CE4A7C152C3EBBEE00AA7EB4 /* InputAmountCellBuilder.swift in Sources */ = {isa = PBXBuildFile; fileRef = CE4A7C142C3EBBEE00AA7EB4 /* InputAmountCellBuilder.swift */; };
		CE51C8D82C593FE20069123F /* TileModuleBuilder.swift in Sources */ = {isa = PBXBuildFile; fileRef = CE51C8D72C593FE20069123F /* TileModuleBuilder.swift */; };
		CE5AE5242C53866300DD7BC4 /* NavigationBarCellBuilder.swift in Sources */ = {isa = PBXBuildFile; fileRef = CE5AE5232C53866300DD7BC4 /* NavigationBarCellBuilder.swift */; };
		CE5AE5262C53BF6300DD7BC4 /* NavigationBarFeature.swift in Sources */ = {isa = PBXBuildFile; fileRef = CE5AE5252C53BF6300DD7BC4 /* NavigationBarFeature.swift */; };
		CE6439F32C58FAEE002491EA /* SnackBarExample.swift in Sources */ = {isa = PBXBuildFile; fileRef = CE6439F22C58FAEE002491EA /* SnackBarExample.swift */; };
		CE694C372C3D56090064C0C0 /* ChipsCellBuilder.swift in Sources */ = {isa = PBXBuildFile; fileRef = CE694C362C3D56090064C0C0 /* ChipsCellBuilder.swift */; };
		CE8994672C6B44B20019D130 /* HintViewBuilder.swift in Sources */ = {isa = PBXBuildFile; fileRef = CE8994662C6B44B20019D130 /* HintViewBuilder.swift */; };
		CE9E8C5A2C6B4D3B0034A37E /* LabelCellBuilder.swift in Sources */ = {isa = PBXBuildFile; fileRef = CE9E8C592C6B4D3B0034A37E /* LabelCellBuilder.swift */; };
		CEA336002C36A66200880A1F /* CheckboxViewUpdater.swift in Sources */ = {isa = PBXBuildFile; fileRef = CEA335FF2C36A66200880A1F /* CheckboxViewUpdater.swift */; };
		CEA336052C36B1A400880A1F /* Components.swift in Sources */ = {isa = PBXBuildFile; fileRef = CEA336042C36B1A400880A1F /* Components.swift */; };
		CEA3360C2C36C0BE00880A1F /* MainCoordinator.swift in Sources */ = {isa = PBXBuildFile; fileRef = CEA3360B2C36C0BE00880A1F /* MainCoordinator.swift */; };
		CEA3360E2C36C0E100880A1F /* ComponentsShowcaseCoordinator.swift in Sources */ = {isa = PBXBuildFile; fileRef = CEA3360D2C36C0E100880A1F /* ComponentsShowcaseCoordinator.swift */; };
		CEA336112C36C17100880A1F /* Router in Frameworks */ = {isa = PBXBuildFile; productRef = CEA336102C36C17100880A1F /* Router */; };
		CEA336132C36C45F00880A1F /* ActivityIndicatorCellBuilder.swift in Sources */ = {isa = PBXBuildFile; fileRef = CEA336122C36C45F00880A1F /* ActivityIndicatorCellBuilder.swift */; };
		CEA336162C36D11000880A1F /* TableHeaderView.swift in Sources */ = {isa = PBXBuildFile; fileRef = CEA336152C36D11000880A1F /* TableHeaderView.swift */; };
		CEA4E2292C37CF700069707C /* ButtonAuthCellBuilder.swift in Sources */ = {isa = PBXBuildFile; fileRef = CEA4E2282C37CF700069707C /* ButtonAuthCellBuilder.swift */; };
		CEA4E22D2C37DFCE0069707C /* GenericTableViewSectionModel+Extensions.swift in Sources */ = {isa = PBXBuildFile; fileRef = CEA4E22C2C37DFCE0069707C /* GenericTableViewSectionModel+Extensions.swift */; };
		CEC824B82C4E90F200891643 /* ButtonIconModuleBuilder.swift in Sources */ = {isa = PBXBuildFile; fileRef = CEC824B72C4E90F200891643 /* ButtonIconModuleBuilder.swift */; };
		CEC824C22C512D4B00891643 /* ImageModuleBuilder.swift in Sources */ = {isa = PBXBuildFile; fileRef = CEC824C12C512D4B00891643 /* ImageModuleBuilder.swift */; };
		CEE15C4D2C3FD76C008E6D8C /* InputOTPCellBuilder.swift in Sources */ = {isa = PBXBuildFile; fileRef = CEE15C4C2C3FD76C008E6D8C /* InputOTPCellBuilder.swift */; };
		CEE15C502C400F66008E6D8C /* InputPhoneNumberCellBuilder.swift in Sources */ = {isa = PBXBuildFile; fileRef = CEE15C4F2C400F66008E6D8C /* InputPhoneNumberCellBuilder.swift */; };
		CEEB5E5B2C356246000E0215 /* ArchitectureTableView in Frameworks */ = {isa = PBXBuildFile; productRef = CEEB5E5A2C356246000E0215 /* ArchitectureTableView */; };
		CEEB5E622C356802000E0215 /* ComponentsShowcaseFeature.swift in Sources */ = {isa = PBXBuildFile; fileRef = CEEB5E612C356801000E0215 /* ComponentsShowcaseFeature.swift */; };
		CEEB5E642C35681A000E0215 /* ComponentsShowcaseCellBuilder.swift in Sources */ = {isa = PBXBuildFile; fileRef = CEEB5E632C35681A000E0215 /* ComponentsShowcaseCellBuilder.swift */; };
		CEEB5E672C3568B0000E0215 /* Extensions in Frameworks */ = {isa = PBXBuildFile; productRef = CEEB5E662C3568B0000E0215 /* Extensions */; };
		CEEB5E712C3596E6000E0215 /* Components+Reusable.swift in Sources */ = {isa = PBXBuildFile; fileRef = CEEB5E702C3596E6000E0215 /* Components+Reusable.swift */; };
		CEEB5E742C35A9A1000E0215 /* TableComponentViewCell.swift in Sources */ = {isa = PBXBuildFile; fileRef = CEEB5E732C35A9A1000E0215 /* TableComponentViewCell.swift */; };
		CEF1F9DD2C57BC3000D0D5D2 /* ActivityIndicatorExample.swift in Sources */ = {isa = PBXBuildFile; fileRef = CEF1F9DC2C57BC3000D0D5D2 /* ActivityIndicatorExample.swift */; };
		CEF1F9DF2C57BC4200D0D5D2 /* ButtonAuthExample.swift in Sources */ = {isa = PBXBuildFile; fileRef = CEF1F9DE2C57BC4200D0D5D2 /* ButtonAuthExample.swift */; };
		CEF1F9EE2C57D14A00D0D5D2 /* BadgeExample.swift in Sources */ = {isa = PBXBuildFile; fileRef = CEF1F9ED2C57D14A00D0D5D2 /* BadgeExample.swift */; };
		CEF1F9F02C57D65C00D0D5D2 /* BannerViewExample.swift in Sources */ = {isa = PBXBuildFile; fileRef = CEF1F9EF2C57D65C00D0D5D2 /* BannerViewExample.swift */; };
		CEF1F9F22C57D66500D0D5D2 /* ButtonViewExample.swift in Sources */ = {isa = PBXBuildFile; fileRef = CEF1F9F12C57D66500D0D5D2 /* ButtonViewExample.swift */; };
		CEF1F9F42C57D70D00D0D5D2 /* ButtonIconExample.swift in Sources */ = {isa = PBXBuildFile; fileRef = CEF1F9F32C57D70D00D0D5D2 /* ButtonIconExample.swift */; };
		CEF1F9F62C57D74900D0D5D2 /* CardViewExample.swift in Sources */ = {isa = PBXBuildFile; fileRef = CEF1F9F52C57D74900D0D5D2 /* CardViewExample.swift */; };
		CEF1F9F82C57D75000D0D5D2 /* CheckboxViewExample.swift in Sources */ = {isa = PBXBuildFile; fileRef = CEF1F9F72C57D75000D0D5D2 /* CheckboxViewExample.swift */; };
		CEF1F9FA2C57D75900D0D5D2 /* ChipsViewExample.swift in Sources */ = {isa = PBXBuildFile; fileRef = CEF1F9F92C57D75900D0D5D2 /* ChipsViewExample.swift */; };
		CEF1F9FC2C57D76200D0D5D2 /* DividerViewExample.swift in Sources */ = {isa = PBXBuildFile; fileRef = CEF1F9FB2C57D76200D0D5D2 /* DividerViewExample.swift */; };
		CEF1F9FE2C57D77000D0D5D2 /* InputTextareaViewExample.swift in Sources */ = {isa = PBXBuildFile; fileRef = CEF1F9FD2C57D77000D0D5D2 /* InputTextareaViewExample.swift */; };
		CEF1FA002C57D77700D0D5D2 /* InputViewExample.swift in Sources */ = {isa = PBXBuildFile; fileRef = CEF1F9FF2C57D77700D0D5D2 /* InputViewExample.swift */; };
		CEF1FA022C57D78000D0D5D2 /* InputPhoneNumberViewExample.swift in Sources */ = {isa = PBXBuildFile; fileRef = CEF1FA012C57D78000D0D5D2 /* InputPhoneNumberViewExample.swift */; };
		CEF1FA042C57D78700D0D5D2 /* InputAmountViewExample.swift in Sources */ = {isa = PBXBuildFile; fileRef = CEF1FA032C57D78700D0D5D2 /* InputAmountViewExample.swift */; };
		CEF1FA062C57D78F00D0D5D2 /* InputSelectViewExample.swift in Sources */ = {isa = PBXBuildFile; fileRef = CEF1FA052C57D78F00D0D5D2 /* InputSelectViewExample.swift */; };
		CEF1FA082C57D79B00D0D5D2 /* InputOTPViewExample.swift in Sources */ = {isa = PBXBuildFile; fileRef = CEF1FA072C57D79B00D0D5D2 /* InputOTPViewExample.swift */; };
		CEF1FA0A2C57D7A400D0D5D2 /* InputOTPItemExample.swift in Sources */ = {isa = PBXBuildFile; fileRef = CEF1FA092C57D7A400D0D5D2 /* InputOTPItemExample.swift */; };
		CEF1FA0C2C57D7AA00D0D5D2 /* ImageViewExample.swift in Sources */ = {isa = PBXBuildFile; fileRef = CEF1FA0B2C57D7AA00D0D5D2 /* ImageViewExample.swift */; };
		CEF1FA0F2C57D88C00D0D5D2 /* HintViewExample.swift in Sources */ = {isa = PBXBuildFile; fileRef = CEF1FA0E2C57D88C00D0D5D2 /* HintViewExample.swift */; };
		CEF1FA112C57D89400D0D5D2 /* LabelViewExample.swift in Sources */ = {isa = PBXBuildFile; fileRef = CEF1FA102C57D89400D0D5D2 /* LabelViewExample.swift */; };
		CEF1FA132C57D8A100D0D5D2 /* NavigationBarExample.swift in Sources */ = {isa = PBXBuildFile; fileRef = CEF1FA122C57D8A100D0D5D2 /* NavigationBarExample.swift */; };
		CEF1FA152C57D8AA00D0D5D2 /* PageControlExample.swift in Sources */ = {isa = PBXBuildFile; fileRef = CEF1FA142C57D8AA00D0D5D2 /* PageControlExample.swift */; };
		CEF1FA172C57D8BB00D0D5D2 /* ButtonPayExample.swift in Sources */ = {isa = PBXBuildFile; fileRef = CEF1FA162C57D8BB00D0D5D2 /* ButtonPayExample.swift */; };
		CEF1FA192C57D8C200D0D5D2 /* RadioViewExample.swift in Sources */ = {isa = PBXBuildFile; fileRef = CEF1FA182C57D8C200D0D5D2 /* RadioViewExample.swift */; };
		CEF1FA212C57D8ED00D0D5D2 /* StepperViewExample.swift in Sources */ = {isa = PBXBuildFile; fileRef = CEF1FA202C57D8ED00D0D5D2 /* StepperViewExample.swift */; };
		CEF1FA232C57D8F400D0D5D2 /* TabsViewExample.swift in Sources */ = {isa = PBXBuildFile; fileRef = CEF1FA222C57D8F400D0D5D2 /* TabsViewExample.swift */; };
		CEF1FA252C57D8F900D0D5D2 /* TileViewExample.swift in Sources */ = {isa = PBXBuildFile; fileRef = CEF1FA242C57D8F900D0D5D2 /* TileViewExample.swift */; };
		CEF1FA272C57D90000D0D5D2 /* TitleViewExample.swift in Sources */ = {isa = PBXBuildFile; fileRef = CEF1FA262C57D90000D0D5D2 /* TitleViewExample.swift */; };
		CEF1FA292C57D90600D0D5D2 /* ToggleViewExample.swift in Sources */ = {isa = PBXBuildFile; fileRef = CEF1FA282C57D90600D0D5D2 /* ToggleViewExample.swift */; };
		CEF1FA2D2C57D9A500D0D5D2 /* GibddFineCellsExample.swift in Sources */ = {isa = PBXBuildFile; fileRef = CEF1FA2C2C57D9A500D0D5D2 /* GibddFineCellsExample.swift */; };
		CEF1FA302C57D9D700D0D5D2 /* RowCellExample.swift in Sources */ = {isa = PBXBuildFile; fileRef = CEF1FA2F2C57D9D700D0D5D2 /* RowCellExample.swift */; };
		CEF1FA322C57D9DE00D0D5D2 /* RowViewExample.swift in Sources */ = {isa = PBXBuildFile; fileRef = CEF1FA312C57D9DE00D0D5D2 /* RowViewExample.swift */; };
		CEF2DE6E2C4130840065C1BD /* InputSelectCellBuilder.swift in Sources */ = {isa = PBXBuildFile; fileRef = CEF2DE6D2C4130840065C1BD /* InputSelectCellBuilder.swift */; };
		CEF2DE712C4150130065C1BD /* InputCellBuilder.swift in Sources */ = {isa = PBXBuildFile; fileRef = CEF2DE702C4150130065C1BD /* InputCellBuilder.swift */; };
		CEF8CD762C622F55009B8409 /* ButtonPayCellBuilder.swift in Sources */ = {isa = PBXBuildFile; fileRef = CEF8CD752C622F55009B8409 /* ButtonPayCellBuilder.swift */; };
/* End PBXBuildFile section */

/* Begin PBXFileReference section */
		3477B6992C734EB400C6C059 /* ChipsViewUpdater.swift */ = {isa = PBXFileReference; lastKnownFileType = sourcecode.swift; path = ChipsViewUpdater.swift; sourceTree = "<group>"; };
		348C53892C73BC9C00ACEA5C /* BadgeSectionModelService.swift */ = {isa = PBXFileReference; lastKnownFileType = sourcecode.swift; path = BadgeSectionModelService.swift; sourceTree = "<group>"; };
		348C538B2C73BCF900ACEA5C /* ChipsCreationService.swift */ = {isa = PBXFileReference; lastKnownFileType = sourcecode.swift; path = ChipsCreationService.swift; sourceTree = "<group>"; };
		348C53902C74AA3F00ACEA5C /* DividerModuleFeature.swift */ = {isa = PBXFileReference; lastKnownFileType = sourcecode.swift; path = DividerModuleFeature.swift; sourceTree = "<group>"; };
		348C53922C7621BE00ACEA5C /* SegmentControlModuleFeature.swift */ = {isa = PBXFileReference; lastKnownFileType = sourcecode.swift; path = SegmentControlModuleFeature.swift; sourceTree = "<group>"; };
		348C53952C774FC000ACEA5C /* SegmentItemFeature.swift */ = {isa = PBXFileReference; lastKnownFileType = sourcecode.swift; path = SegmentItemFeature.swift; sourceTree = "<group>"; };
		34C3999D2C5B85D400C98DBC /* BadgeModuleFeature.swift */ = {isa = PBXFileReference; lastKnownFileType = sourcecode.swift; path = BadgeModuleFeature.swift; sourceTree = "<group>"; };
		34C3BB9E2C78CBB700FE2A2B /* ios-architecture-table */ = {isa = PBXFileReference; lastKnownFileType = wrapper; name = "ios-architecture-table"; path = "../ios-architecture-table"; sourceTree = "<group>"; };
		8889557F29140FFC00A46293 /* OrnamentApp.app */ = {isa = PBXFileReference; explicitFileType = wrapper.application; includeInIndex = 0; path = OrnamentApp.app; sourceTree = BUILT_PRODUCTS_DIR; };
		8889558229140FFC00A46293 /* AppDelegate.swift */ = {isa = PBXFileReference; lastKnownFileType = sourcecode.swift; path = AppDelegate.swift; sourceTree = "<group>"; };
		8889558B29140FFE00A46293 /* Assets.xcassets */ = {isa = PBXFileReference; lastKnownFileType = folder.assetcatalog; path = Assets.xcassets; sourceTree = "<group>"; };
		8889558E29140FFE00A46293 /* Base */ = {isa = PBXFileReference; lastKnownFileType = file.storyboard; name = Base; path = Base.lproj/LaunchScreen.storyboard; sourceTree = "<group>"; };
		8889559029140FFE00A46293 /* Info.plist */ = {isa = PBXFileReference; lastKnownFileType = text.plist.xml; path = Info.plist; sourceTree = "<group>"; };
		888955B62914108700A46293 /* SceneDelegate.swift */ = {isa = PBXFileReference; fileEncoding = 4; lastKnownFileType = sourcecode.swift; path = SceneDelegate.swift; sourceTree = "<group>"; };
		CE1170A72C636CB60032D933 /* CardCellBuilder.swift */ = {isa = PBXFileReference; lastKnownFileType = sourcecode.swift; path = CardCellBuilder.swift; sourceTree = "<group>"; };
		CE15ECBB2C57A75A00F148B7 /* TitleCellBuilder.swift */ = {isa = PBXFileReference; lastKnownFileType = sourcecode.swift; path = TitleCellBuilder.swift; sourceTree = "<group>"; };
		CE2130B62C60C90000AB69BE /* SnackBarCellBuilder.swift */ = {isa = PBXFileReference; lastKnownFileType = sourcecode.swift; path = SnackBarCellBuilder.swift; sourceTree = "<group>"; };
		CE254A5A2C5CDAC20083EF57 /* BannerCellBuilder.swift */ = {isa = PBXFileReference; lastKnownFileType = sourcecode.swift; path = BannerCellBuilder.swift; sourceTree = "<group>"; };
		CE28279D2C3BDB2600156F14 /* CommonDetailFeature.swift */ = {isa = PBXFileReference; lastKnownFileType = sourcecode.swift; path = CommonDetailFeature.swift; sourceTree = "<group>"; };
		CE2827A02C3BDB6900156F14 /* CellBuilder.swift */ = {isa = PBXFileReference; lastKnownFileType = sourcecode.swift; path = CellBuilder.swift; sourceTree = "<group>"; };
		CE2827A32C3BDE6600156F14 /* ChipsViewSectionHelper.swift */ = {isa = PBXFileReference; lastKnownFileType = sourcecode.swift; path = ChipsViewSectionHelper.swift; sourceTree = "<group>"; };
		CE2827AF2C3C1ECD00156F14 /* CheckboxCellBuilder.swift */ = {isa = PBXFileReference; lastKnownFileType = sourcecode.swift; path = CheckboxCellBuilder.swift; sourceTree = "<group>"; };
		CE3D0CD12C5B648900A9A5C1 /* RadioModuleBuilder.swift */ = {isa = PBXFileReference; lastKnownFileType = sourcecode.swift; path = RadioModuleBuilder.swift; sourceTree = "<group>"; };
		CE3D0CD72C5CC90C00A9A5C1 /* StepperModuleBuilder.swift */ = {isa = PBXFileReference; lastKnownFileType = sourcecode.swift; path = StepperModuleBuilder.swift; sourceTree = "<group>"; };
		CE3D0CDD2C622EDC00A9A5C1 /* ButtonModuleBuilder.swift */ = {isa = PBXFileReference; lastKnownFileType = sourcecode.swift; path = ButtonModuleBuilder.swift; sourceTree = "<group>"; };
		CE4A7C092C3E8ABF00AA7EB4 /* DividerCellBuilder.swift */ = {isa = PBXFileReference; lastKnownFileType = sourcecode.swift; path = DividerCellBuilder.swift; sourceTree = "<group>"; };
		CE4A7C0E2C3E8FC300AA7EB4 /* Constants.swift */ = {isa = PBXFileReference; lastKnownFileType = sourcecode.swift; path = Constants.swift; sourceTree = "<group>"; };
		CE4A7C112C3E9E5900AA7EB4 /* ToggleCellBuilder.swift */ = {isa = PBXFileReference; lastKnownFileType = sourcecode.swift; path = ToggleCellBuilder.swift; sourceTree = "<group>"; };
		CE4A7C142C3EBBEE00AA7EB4 /* InputAmountCellBuilder.swift */ = {isa = PBXFileReference; lastKnownFileType = sourcecode.swift; path = InputAmountCellBuilder.swift; sourceTree = "<group>"; };
		CE51C8D72C593FE20069123F /* TileModuleBuilder.swift */ = {isa = PBXFileReference; lastKnownFileType = sourcecode.swift; path = TileModuleBuilder.swift; sourceTree = "<group>"; };
		CE5AE5232C53866300DD7BC4 /* NavigationBarCellBuilder.swift */ = {isa = PBXFileReference; lastKnownFileType = sourcecode.swift; path = NavigationBarCellBuilder.swift; sourceTree = "<group>"; };
		CE5AE5252C53BF6300DD7BC4 /* NavigationBarFeature.swift */ = {isa = PBXFileReference; lastKnownFileType = sourcecode.swift; path = NavigationBarFeature.swift; sourceTree = "<group>"; };
		CE6439F22C58FAEE002491EA /* SnackBarExample.swift */ = {isa = PBXFileReference; lastKnownFileType = sourcecode.swift; path = SnackBarExample.swift; sourceTree = "<group>"; };
		CE694C362C3D56090064C0C0 /* ChipsCellBuilder.swift */ = {isa = PBXFileReference; lastKnownFileType = sourcecode.swift; path = ChipsCellBuilder.swift; sourceTree = "<group>"; };
		CE8994662C6B44B20019D130 /* HintViewBuilder.swift */ = {isa = PBXFileReference; lastKnownFileType = sourcecode.swift; path = HintViewBuilder.swift; sourceTree = "<group>"; };
		CE9E8C592C6B4D3B0034A37E /* LabelCellBuilder.swift */ = {isa = PBXFileReference; lastKnownFileType = sourcecode.swift; path = LabelCellBuilder.swift; sourceTree = "<group>"; };
		CEA335FF2C36A66200880A1F /* CheckboxViewUpdater.swift */ = {isa = PBXFileReference; lastKnownFileType = sourcecode.swift; path = CheckboxViewUpdater.swift; sourceTree = "<group>"; };
		CEA336042C36B1A400880A1F /* Components.swift */ = {isa = PBXFileReference; lastKnownFileType = sourcecode.swift; path = Components.swift; sourceTree = "<group>"; };
		CEA3360B2C36C0BE00880A1F /* MainCoordinator.swift */ = {isa = PBXFileReference; lastKnownFileType = sourcecode.swift; path = MainCoordinator.swift; sourceTree = "<group>"; };
		CEA3360D2C36C0E100880A1F /* ComponentsShowcaseCoordinator.swift */ = {isa = PBXFileReference; lastKnownFileType = sourcecode.swift; path = ComponentsShowcaseCoordinator.swift; sourceTree = "<group>"; };
		CEA336122C36C45F00880A1F /* ActivityIndicatorCellBuilder.swift */ = {isa = PBXFileReference; lastKnownFileType = sourcecode.swift; path = ActivityIndicatorCellBuilder.swift; sourceTree = "<group>"; };
		CEA336152C36D11000880A1F /* TableHeaderView.swift */ = {isa = PBXFileReference; lastKnownFileType = sourcecode.swift; path = TableHeaderView.swift; sourceTree = "<group>"; };
		CEA4E2282C37CF700069707C /* ButtonAuthCellBuilder.swift */ = {isa = PBXFileReference; lastKnownFileType = sourcecode.swift; path = ButtonAuthCellBuilder.swift; sourceTree = "<group>"; };
		CEA4E22C2C37DFCE0069707C /* GenericTableViewSectionModel+Extensions.swift */ = {isa = PBXFileReference; lastKnownFileType = sourcecode.swift; path = "GenericTableViewSectionModel+Extensions.swift"; sourceTree = "<group>"; };
		CEC824B72C4E90F200891643 /* ButtonIconModuleBuilder.swift */ = {isa = PBXFileReference; lastKnownFileType = sourcecode.swift; path = ButtonIconModuleBuilder.swift; sourceTree = "<group>"; };
		CEC824C12C512D4B00891643 /* ImageModuleBuilder.swift */ = {isa = PBXFileReference; lastKnownFileType = sourcecode.swift; path = ImageModuleBuilder.swift; sourceTree = "<group>"; };
		CEE15C4C2C3FD76C008E6D8C /* InputOTPCellBuilder.swift */ = {isa = PBXFileReference; lastKnownFileType = sourcecode.swift; path = InputOTPCellBuilder.swift; sourceTree = "<group>"; };
		CEE15C4F2C400F66008E6D8C /* InputPhoneNumberCellBuilder.swift */ = {isa = PBXFileReference; lastKnownFileType = sourcecode.swift; path = InputPhoneNumberCellBuilder.swift; sourceTree = "<group>"; };
		CEEB5E612C356801000E0215 /* ComponentsShowcaseFeature.swift */ = {isa = PBXFileReference; lastKnownFileType = sourcecode.swift; path = ComponentsShowcaseFeature.swift; sourceTree = "<group>"; };
		CEEB5E632C35681A000E0215 /* ComponentsShowcaseCellBuilder.swift */ = {isa = PBXFileReference; lastKnownFileType = sourcecode.swift; path = ComponentsShowcaseCellBuilder.swift; sourceTree = "<group>"; };
		CEEB5E702C3596E6000E0215 /* Components+Reusable.swift */ = {isa = PBXFileReference; lastKnownFileType = sourcecode.swift; path = "Components+Reusable.swift"; sourceTree = "<group>"; };
		CEEB5E732C35A9A1000E0215 /* TableComponentViewCell.swift */ = {isa = PBXFileReference; lastKnownFileType = sourcecode.swift; path = TableComponentViewCell.swift; sourceTree = "<group>"; };
		CEF1F9DC2C57BC3000D0D5D2 /* ActivityIndicatorExample.swift */ = {isa = PBXFileReference; fileEncoding = 4; lastKnownFileType = sourcecode.swift; path = ActivityIndicatorExample.swift; sourceTree = "<group>"; };
		CEF1F9DE2C57BC4200D0D5D2 /* ButtonAuthExample.swift */ = {isa = PBXFileReference; fileEncoding = 4; lastKnownFileType = sourcecode.swift; path = ButtonAuthExample.swift; sourceTree = "<group>"; };
		CEF1F9ED2C57D14A00D0D5D2 /* BadgeExample.swift */ = {isa = PBXFileReference; lastKnownFileType = sourcecode.swift; path = BadgeExample.swift; sourceTree = "<group>"; };
		CEF1F9EF2C57D65C00D0D5D2 /* BannerViewExample.swift */ = {isa = PBXFileReference; fileEncoding = 4; lastKnownFileType = sourcecode.swift; path = BannerViewExample.swift; sourceTree = "<group>"; };
		CEF1F9F12C57D66500D0D5D2 /* ButtonViewExample.swift */ = {isa = PBXFileReference; fileEncoding = 4; lastKnownFileType = sourcecode.swift; path = ButtonViewExample.swift; sourceTree = "<group>"; };
		CEF1F9F32C57D70D00D0D5D2 /* ButtonIconExample.swift */ = {isa = PBXFileReference; lastKnownFileType = sourcecode.swift; path = ButtonIconExample.swift; sourceTree = "<group>"; };
		CEF1F9F52C57D74900D0D5D2 /* CardViewExample.swift */ = {isa = PBXFileReference; fileEncoding = 4; lastKnownFileType = sourcecode.swift; path = CardViewExample.swift; sourceTree = "<group>"; };
		CEF1F9F72C57D75000D0D5D2 /* CheckboxViewExample.swift */ = {isa = PBXFileReference; fileEncoding = 4; lastKnownFileType = sourcecode.swift; path = CheckboxViewExample.swift; sourceTree = "<group>"; };
		CEF1F9F92C57D75900D0D5D2 /* ChipsViewExample.swift */ = {isa = PBXFileReference; fileEncoding = 4; lastKnownFileType = sourcecode.swift; path = ChipsViewExample.swift; sourceTree = "<group>"; };
		CEF1F9FB2C57D76200D0D5D2 /* DividerViewExample.swift */ = {isa = PBXFileReference; fileEncoding = 4; lastKnownFileType = sourcecode.swift; path = DividerViewExample.swift; sourceTree = "<group>"; };
		CEF1F9FD2C57D77000D0D5D2 /* InputTextareaViewExample.swift */ = {isa = PBXFileReference; fileEncoding = 4; lastKnownFileType = sourcecode.swift; path = InputTextareaViewExample.swift; sourceTree = "<group>"; };
		CEF1F9FF2C57D77700D0D5D2 /* InputViewExample.swift */ = {isa = PBXFileReference; fileEncoding = 4; lastKnownFileType = sourcecode.swift; path = InputViewExample.swift; sourceTree = "<group>"; };
		CEF1FA012C57D78000D0D5D2 /* InputPhoneNumberViewExample.swift */ = {isa = PBXFileReference; fileEncoding = 4; lastKnownFileType = sourcecode.swift; path = InputPhoneNumberViewExample.swift; sourceTree = "<group>"; };
		CEF1FA032C57D78700D0D5D2 /* InputAmountViewExample.swift */ = {isa = PBXFileReference; fileEncoding = 4; lastKnownFileType = sourcecode.swift; path = InputAmountViewExample.swift; sourceTree = "<group>"; };
		CEF1FA052C57D78F00D0D5D2 /* InputSelectViewExample.swift */ = {isa = PBXFileReference; fileEncoding = 4; lastKnownFileType = sourcecode.swift; path = InputSelectViewExample.swift; sourceTree = "<group>"; };
		CEF1FA072C57D79B00D0D5D2 /* InputOTPViewExample.swift */ = {isa = PBXFileReference; fileEncoding = 4; lastKnownFileType = sourcecode.swift; path = InputOTPViewExample.swift; sourceTree = "<group>"; };
		CEF1FA092C57D7A400D0D5D2 /* InputOTPItemExample.swift */ = {isa = PBXFileReference; fileEncoding = 4; lastKnownFileType = sourcecode.swift; path = InputOTPItemExample.swift; sourceTree = "<group>"; };
		CEF1FA0B2C57D7AA00D0D5D2 /* ImageViewExample.swift */ = {isa = PBXFileReference; fileEncoding = 4; lastKnownFileType = sourcecode.swift; path = ImageViewExample.swift; sourceTree = "<group>"; };
		CEF1FA0E2C57D88C00D0D5D2 /* HintViewExample.swift */ = {isa = PBXFileReference; fileEncoding = 4; lastKnownFileType = sourcecode.swift; path = HintViewExample.swift; sourceTree = "<group>"; };
		CEF1FA102C57D89400D0D5D2 /* LabelViewExample.swift */ = {isa = PBXFileReference; fileEncoding = 4; lastKnownFileType = sourcecode.swift; path = LabelViewExample.swift; sourceTree = "<group>"; };
		CEF1FA122C57D8A100D0D5D2 /* NavigationBarExample.swift */ = {isa = PBXFileReference; fileEncoding = 4; lastKnownFileType = sourcecode.swift; path = NavigationBarExample.swift; sourceTree = "<group>"; };
		CEF1FA142C57D8AA00D0D5D2 /* PageControlExample.swift */ = {isa = PBXFileReference; fileEncoding = 4; lastKnownFileType = sourcecode.swift; path = PageControlExample.swift; sourceTree = "<group>"; };
		CEF1FA162C57D8BB00D0D5D2 /* ButtonPayExample.swift */ = {isa = PBXFileReference; fileEncoding = 4; lastKnownFileType = sourcecode.swift; path = ButtonPayExample.swift; sourceTree = "<group>"; };
		CEF1FA182C57D8C200D0D5D2 /* RadioViewExample.swift */ = {isa = PBXFileReference; fileEncoding = 4; lastKnownFileType = sourcecode.swift; path = RadioViewExample.swift; sourceTree = "<group>"; };
		CEF1FA202C57D8ED00D0D5D2 /* StepperViewExample.swift */ = {isa = PBXFileReference; fileEncoding = 4; lastKnownFileType = sourcecode.swift; path = StepperViewExample.swift; sourceTree = "<group>"; };
		CEF1FA222C57D8F400D0D5D2 /* TabsViewExample.swift */ = {isa = PBXFileReference; fileEncoding = 4; lastKnownFileType = sourcecode.swift; path = TabsViewExample.swift; sourceTree = "<group>"; };
		CEF1FA242C57D8F900D0D5D2 /* TileViewExample.swift */ = {isa = PBXFileReference; fileEncoding = 4; lastKnownFileType = sourcecode.swift; path = TileViewExample.swift; sourceTree = "<group>"; };
		CEF1FA262C57D90000D0D5D2 /* TitleViewExample.swift */ = {isa = PBXFileReference; fileEncoding = 4; lastKnownFileType = sourcecode.swift; path = TitleViewExample.swift; sourceTree = "<group>"; };
		CEF1FA282C57D90600D0D5D2 /* ToggleViewExample.swift */ = {isa = PBXFileReference; fileEncoding = 4; lastKnownFileType = sourcecode.swift; path = ToggleViewExample.swift; sourceTree = "<group>"; };
		CEF1FA2C2C57D9A500D0D5D2 /* GibddFineCellsExample.swift */ = {isa = PBXFileReference; fileEncoding = 4; lastKnownFileType = sourcecode.swift; path = GibddFineCellsExample.swift; sourceTree = "<group>"; };
		CEF1FA2F2C57D9D700D0D5D2 /* RowCellExample.swift */ = {isa = PBXFileReference; fileEncoding = 4; lastKnownFileType = sourcecode.swift; path = RowCellExample.swift; sourceTree = "<group>"; };
		CEF1FA312C57D9DE00D0D5D2 /* RowViewExample.swift */ = {isa = PBXFileReference; fileEncoding = 4; lastKnownFileType = sourcecode.swift; path = RowViewExample.swift; sourceTree = "<group>"; };
		CEF2DE6D2C4130840065C1BD /* InputSelectCellBuilder.swift */ = {isa = PBXFileReference; lastKnownFileType = sourcecode.swift; path = InputSelectCellBuilder.swift; sourceTree = "<group>"; };
		CEF2DE702C4150130065C1BD /* InputCellBuilder.swift */ = {isa = PBXFileReference; lastKnownFileType = sourcecode.swift; path = InputCellBuilder.swift; sourceTree = "<group>"; };
		CEF8CD752C622F55009B8409 /* ButtonPayCellBuilder.swift */ = {isa = PBXFileReference; lastKnownFileType = sourcecode.swift; path = ButtonPayCellBuilder.swift; sourceTree = "<group>"; };
/* End PBXFileReference section */

/* Begin PBXFrameworksBuildPhase section */
		8889557C29140FFC00A46293 /* Frameworks */ = {
			isa = PBXFrameworksBuildPhase;
			buildActionMask = 2147483647;
			files = (
				CE32AC4B2C6CD561006969F2 /* Services in Frameworks */,
				CEEB5E672C3568B0000E0215 /* Extensions in Frameworks */,
				CEEB5E5B2C356246000E0215 /* ArchitectureTableView in Frameworks */,
				CEA336112C36C17100880A1F /* Router in Frameworks */,
			);
			runOnlyForDeploymentPostprocessing = 0;
		};
/* End PBXFrameworksBuildPhase section */

/* Begin PBXGroup section */
		348C53942C774B8F00ACEA5C /* SegmentItemModule */ = {
			isa = PBXGroup;
			children = (
				348C53952C774FC000ACEA5C /* SegmentItemFeature.swift */,
			);
			path = SegmentItemModule;
			sourceTree = "<group>";
		};
		34FC046F2C400565005DB295 /* BadgeModule */ = {
			isa = PBXGroup;
			children = (
				CEF1F9ED2C57D14A00D0D5D2 /* BadgeExample.swift */,
				34C3999D2C5B85D400C98DBC /* BadgeModuleFeature.swift */,
				348C53892C73BC9C00ACEA5C /* BadgeSectionModelService.swift */,
			);
			path = BadgeModule;
			sourceTree = "<group>";
		};
		8889557629140FFC00A46293 = {
			isa = PBXGroup;
			children = (
				34C3BB9E2C78CBB700FE2A2B /* ios-architecture-table */,
				8889558129140FFC00A46293 /* OrnamentApp */,
				8889558029140FFC00A46293 /* Products */,
				888955B82914112F00A46293 /* Frameworks */,
			);
			sourceTree = "<group>";
		};
		8889558029140FFC00A46293 /* Products */ = {
			isa = PBXGroup;
			children = (
				8889557F29140FFC00A46293 /* OrnamentApp.app */,
			);
			name = Products;
			sourceTree = "<group>";
		};
		8889558129140FFC00A46293 /* OrnamentApp */ = {
			isa = PBXGroup;
			children = (
				CE98EE772C6A4C7000B78577 /* Cells */,
				CE2827A22C3BDE5400156F14 /* Helpers */,
				CE28279F2C3BDB5A00156F14 /* Protocols */,
				CEA336142C36D10600880A1F /* Views */,
				CEA336032C36B18800880A1F /* Enums */,
				CEA335FE2C36A65100880A1F /* ViewUpdaters */,
				CEEB5E6F2C3596D1000E0215 /* Extensions */,
				CEEB5E5F2C356788000E0215 /* Modules */,
				8889558229140FFC00A46293 /* AppDelegate.swift */,
				888955B62914108700A46293 /* SceneDelegate.swift */,
				8889558B29140FFE00A46293 /* Assets.xcassets */,
				8889558D29140FFE00A46293 /* LaunchScreen.storyboard */,
				8889559029140FFE00A46293 /* Info.plist */,
			);
			path = OrnamentApp;
			sourceTree = "<group>";
		};
		888955B82914112F00A46293 /* Frameworks */ = {
			isa = PBXGroup;
			children = (
			);
			name = Frameworks;
			sourceTree = "<group>";
		};
		CE15ECBA2C57A74400F148B7 /* TitleModule */ = {
			isa = PBXGroup;
			children = (
				CE15ECBB2C57A75A00F148B7 /* TitleCellBuilder.swift */,
				CEF1FA262C57D90000D0D5D2 /* TitleViewExample.swift */,
			);
			path = TitleModule;
			sourceTree = "<group>";
		};
		CE28279F2C3BDB5A00156F14 /* Protocols */ = {
			isa = PBXGroup;
			children = (
				CE2827A02C3BDB6900156F14 /* CellBuilder.swift */,
			);
			path = Protocols;
			sourceTree = "<group>";
		};
		CE2827A22C3BDE5400156F14 /* Helpers */ = {
			isa = PBXGroup;
			children = (
				CE2827A32C3BDE6600156F14 /* ChipsViewSectionHelper.swift */,
			);
			path = Helpers;
			sourceTree = "<group>";
		};
		CE2827AE2C3C1EBA00156F14 /* CheckboxModule */ = {
			isa = PBXGroup;
			children = (
				CE2827AF2C3C1ECD00156F14 /* CheckboxCellBuilder.swift */,
				CEF1F9F72C57D75000D0D5D2 /* CheckboxViewExample.swift */,
			);
			path = CheckboxModule;
			sourceTree = "<group>";
		};
		CE4A7C082C3E8AAA00AA7EB4 /* DividerModule */ = {
			isa = PBXGroup;
			children = (
				CE4A7C092C3E8ABF00AA7EB4 /* DividerCellBuilder.swift */,
				CEF1F9FB2C57D76200D0D5D2 /* DividerViewExample.swift */,
				348C53902C74AA3F00ACEA5C /* DividerModuleFeature.swift */,
			);
			path = DividerModule;
			sourceTree = "<group>";
		};
		CE4A7C102C3E9E4100AA7EB4 /* ToggleModule */ = {
			isa = PBXGroup;
			children = (
				CE4A7C112C3E9E5900AA7EB4 /* ToggleCellBuilder.swift */,
				CEF1FA282C57D90600D0D5D2 /* ToggleViewExample.swift */,
			);
			path = ToggleModule;
			sourceTree = "<group>";
		};
		CE4A7C132C3EBBD300AA7EB4 /* InputAmountModule */ = {
			isa = PBXGroup;
			children = (
				CE4A7C142C3EBBEE00AA7EB4 /* InputAmountCellBuilder.swift */,
				CEF1FA032C57D78700D0D5D2 /* InputAmountViewExample.swift */,
			);
			path = InputAmountModule;
			sourceTree = "<group>";
		};
		CE5AE5222C5385AD00DD7BC4 /* NavigationBarModule */ = {
			isa = PBXGroup;
			children = (
				CE5AE5232C53866300DD7BC4 /* NavigationBarCellBuilder.swift */,
				CE5AE5252C53BF6300DD7BC4 /* NavigationBarFeature.swift */,
				CEF1FA122C57D8A100D0D5D2 /* NavigationBarExample.swift */,
			);
			path = NavigationBarModule;
			sourceTree = "<group>";
		};
		CE6439F12C58FAD8002491EA /* SnackBarModule */ = {
			isa = PBXGroup;
			children = (
				CE2130B62C60C90000AB69BE /* SnackBarCellBuilder.swift */,
				CE6439F22C58FAEE002491EA /* SnackBarExample.swift */,
			);
			path = SnackBarModule;
			sourceTree = "<group>";
		};
		CE694C352C3D4E2A0064C0C0 /* ChipsModule */ = {
			isa = PBXGroup;
			children = (
				CE694C362C3D56090064C0C0 /* ChipsCellBuilder.swift */,
				CEF1F9F92C57D75900D0D5D2 /* ChipsViewExample.swift */,
			);
			path = ChipsModule;
			sourceTree = "<group>";
		};
		CE8994652C6B44370019D130 /* HintModule */ = {
			isa = PBXGroup;
			children = (
				CE8994662C6B44B20019D130 /* HintViewBuilder.swift */,
			);
			path = HintModule;
			sourceTree = "<group>";
		};
		CE98EE772C6A4C7000B78577 /* Cells */ = {
			isa = PBXGroup;
			children = (
				CEEB5E732C35A9A1000E0215 /* TableComponentViewCell.swift */,
			);
			path = Cells;
			sourceTree = "<group>";
		};
		CEA335FE2C36A65100880A1F /* ViewUpdaters */ = {
			isa = PBXGroup;
			children = (
				CEA335FF2C36A66200880A1F /* CheckboxViewUpdater.swift */,
				3477B6992C734EB400C6C059 /* ChipsViewUpdater.swift */,
			);
			path = ViewUpdaters;
			sourceTree = "<group>";
		};
		CEA336032C36B18800880A1F /* Enums */ = {
			isa = PBXGroup;
			children = (
				CEA336042C36B1A400880A1F /* Components.swift */,
				CE4A7C0E2C3E8FC300AA7EB4 /* Constants.swift */,
			);
			path = Enums;
			sourceTree = "<group>";
		};
		CEA336072C36B94D00880A1F /* ActivityIndicatorModule */ = {
			isa = PBXGroup;
			children = (
				CEA336122C36C45F00880A1F /* ActivityIndicatorCellBuilder.swift */,
				CEF1F9DC2C57BC3000D0D5D2 /* ActivityIndicatorExample.swift */,
			);
			path = ActivityIndicatorModule;
			sourceTree = "<group>";
		};
		CEA336142C36D10600880A1F /* Views */ = {
			isa = PBXGroup;
			children = (
				CEA336152C36D11000880A1F /* TableHeaderView.swift */,
			);
			path = Views;
			sourceTree = "<group>";
		};
		CEA4E2272C37CF530069707C /* ButtonAuthModule */ = {
			isa = PBXGroup;
			children = (
				CEA4E2282C37CF700069707C /* ButtonAuthCellBuilder.swift */,
				CEF1F9DE2C57BC4200D0D5D2 /* ButtonAuthExample.swift */,
			);
			path = ButtonAuthModule;
			sourceTree = "<group>";
		};
		CEC824B62C4E90BE00891643 /* ButtonIconModuleBuilder */ = {
			isa = PBXGroup;
			children = (
				CEC824B72C4E90F200891643 /* ButtonIconModuleBuilder.swift */,
				CEF1F9F32C57D70D00D0D5D2 /* ButtonIconExample.swift */,
			);
			path = ButtonIconModuleBuilder;
			sourceTree = "<group>";
		};
		CEC824C02C512D4000891643 /* ImageModule */ = {
			isa = PBXGroup;
			children = (
				CEC824C12C512D4B00891643 /* ImageModuleBuilder.swift */,
				CEF1FA0B2C57D7AA00D0D5D2 /* ImageViewExample.swift */,
			);
			path = ImageModule;
			sourceTree = "<group>";
		};
		CEE15C4B2C3FD759008E6D8C /* InputOTPModule */ = {
			isa = PBXGroup;
			children = (
				CEE15C4C2C3FD76C008E6D8C /* InputOTPCellBuilder.swift */,
				CEF1FA072C57D79B00D0D5D2 /* InputOTPViewExample.swift */,
				CEF1FA092C57D7A400D0D5D2 /* InputOTPItemExample.swift */,
			);
			path = InputOTPModule;
			sourceTree = "<group>";
		};
		CEE15C4E2C400F48008E6D8C /* InputPhoneNumber */ = {
			isa = PBXGroup;
			children = (
				CEE15C4F2C400F66008E6D8C /* InputPhoneNumberCellBuilder.swift */,
				CEF1FA012C57D78000D0D5D2 /* InputPhoneNumberViewExample.swift */,
			);
			path = InputPhoneNumber;
			sourceTree = "<group>";
		};
		CEEB5E5F2C356788000E0215 /* Modules */ = {
			isa = PBXGroup;
			children = (
				348C53942C774B8F00ACEA5C /* SegmentItemModule */,
				CEF1FA2A2C57D97D00D0D5D2 /* AuxiliaryModules */,
				CEA336072C36B94D00880A1F /* ActivityIndicatorModule */,
				CEA4E2272C37CF530069707C /* ButtonAuthModule */,
				34FC046F2C400565005DB295 /* BadgeModule */,
				CEF1F9E02C57BC5A00D0D5D2 /* BannerModule */,
				CEF1F9E12C57BC6A00D0D5D2 /* ButtonModule */,
				CEC824B62C4E90BE00891643 /* ButtonIconModuleBuilder */,
				CEF1F9E62C57D01A00D0D5D2 /* ButtonPayModule */,
				CEF1F9E22C57BC7900D0D5D2 /* CardModule */,
				CE2827AE2C3C1EBA00156F14 /* CheckboxModule */,
				CE694C352C3D4E2A0064C0C0 /* ChipsModule */,
				CE4A7C082C3E8AAA00AA7EB4 /* DividerModule */,
				CE8994652C6B44370019D130 /* HintModule */,
				CEF1F9E32C57CCD300D0D5D2 /* InputTextAreaModule */,
				CEF2DE6F2C414FD00065C1BD /* InputModule */,
				CEE15C4E2C400F48008E6D8C /* InputPhoneNumber */,
				CE4A7C132C3EBBD300AA7EB4 /* InputAmountModule */,
				CEF2DE6C2C41306F0065C1BD /* InputSelectModule */,
				CEE15C4B2C3FD759008E6D8C /* InputOTPModule */,
				CEC824C02C512D4000891643 /* ImageModule */,
				CEF1F9E42C57CD1500D0D5D2 /* LabelModule */,
				CE5AE5222C5385AD00DD7BC4 /* NavigationBarModule */,
				CEF1F9E52C57CD2B00D0D5D2 /* PageControlModule */,
				CEF1F9E72C57D02F00D0D5D2 /* RadioModule */,
				CEF1F9E82C57D04200D0D5D2 /* SegmentControlModule */,
				CE6439F12C58FAD8002491EA /* SnackBarModule */,
				CEF1F9EA2C57D08300D0D5D2 /* StepperModule */,
				CEF1F9EB2C57D0A000D0D5D2 /* TabsModule */,
				CEF1F9EC2C57D0AC00D0D5D2 /* TileModule */,
				CE15ECBA2C57A74400F148B7 /* TitleModule */,
				CE4A7C102C3E9E4100AA7EB4 /* ToggleModule */,
				CEEB5E602C35678D000E0215 /* ComponentsShowcaseModule */,
				CEA3360B2C36C0BE00880A1F /* MainCoordinator.swift */,
				348C538B2C73BCF900ACEA5C /* ChipsCreationService.swift */,
				CE28279D2C3BDB2600156F14 /* CommonDetailFeature.swift */,
			);
			path = Modules;
			sourceTree = "<group>";
		};
		CEEB5E602C35678D000E0215 /* ComponentsShowcaseModule */ = {
			isa = PBXGroup;
			children = (
				CEEB5E612C356801000E0215 /* ComponentsShowcaseFeature.swift */,
				CEEB5E632C35681A000E0215 /* ComponentsShowcaseCellBuilder.swift */,
				CEA3360D2C36C0E100880A1F /* ComponentsShowcaseCoordinator.swift */,
			);
			path = ComponentsShowcaseModule;
			sourceTree = "<group>";
		};
		CEEB5E6F2C3596D1000E0215 /* Extensions */ = {
			isa = PBXGroup;
			children = (
				CEEB5E702C3596E6000E0215 /* Components+Reusable.swift */,
				CEA4E22C2C37DFCE0069707C /* GenericTableViewSectionModel+Extensions.swift */,
			);
			path = Extensions;
			sourceTree = "<group>";
		};
		CEF1F9E02C57BC5A00D0D5D2 /* BannerModule */ = {
			isa = PBXGroup;
			children = (
				CE254A5A2C5CDAC20083EF57 /* BannerCellBuilder.swift */,
				CEF1F9EF2C57D65C00D0D5D2 /* BannerViewExample.swift */,
			);
			path = BannerModule;
			sourceTree = "<group>";
		};
		CEF1F9E12C57BC6A00D0D5D2 /* ButtonModule */ = {
			isa = PBXGroup;
			children = (
				CEF1F9F12C57D66500D0D5D2 /* ButtonViewExample.swift */,
				CE3D0CDD2C622EDC00A9A5C1 /* ButtonModuleBuilder.swift */,
			);
			path = ButtonModule;
			sourceTree = "<group>";
		};
		CEF1F9E22C57BC7900D0D5D2 /* CardModule */ = {
			isa = PBXGroup;
			children = (
				CE1170A72C636CB60032D933 /* CardCellBuilder.swift */,
				CEF1F9F52C57D74900D0D5D2 /* CardViewExample.swift */,
			);
			path = CardModule;
			sourceTree = "<group>";
		};
		CEF1F9E32C57CCD300D0D5D2 /* InputTextAreaModule */ = {
			isa = PBXGroup;
			children = (
				CEF1F9FD2C57D77000D0D5D2 /* InputTextareaViewExample.swift */,
			);
			path = InputTextAreaModule;
			sourceTree = "<group>";
		};
		CEF1F9E42C57CD1500D0D5D2 /* LabelModule */ = {
			isa = PBXGroup;
			children = (
				CE9E8C592C6B4D3B0034A37E /* LabelCellBuilder.swift */,
				CEF1FA102C57D89400D0D5D2 /* LabelViewExample.swift */,
			);
			path = LabelModule;
			sourceTree = "<group>";
		};
		CEF1F9E52C57CD2B00D0D5D2 /* PageControlModule */ = {
			isa = PBXGroup;
			children = (
				CEF1FA142C57D8AA00D0D5D2 /* PageControlExample.swift */,
			);
			path = PageControlModule;
			sourceTree = "<group>";
		};
		CEF1F9E62C57D01A00D0D5D2 /* ButtonPayModule */ = {
			isa = PBXGroup;
			children = (
				CEF8CD752C622F55009B8409 /* ButtonPayCellBuilder.swift */,
				CEF1FA162C57D8BB00D0D5D2 /* ButtonPayExample.swift */,
			);
			path = ButtonPayModule;
			sourceTree = "<group>";
		};
		CEF1F9E72C57D02F00D0D5D2 /* RadioModule */ = {
			isa = PBXGroup;
			children = (
				CE3D0CD12C5B648900A9A5C1 /* RadioModuleBuilder.swift */,
				CEF1FA182C57D8C200D0D5D2 /* RadioViewExample.swift */,
			);
			path = RadioModule;
			sourceTree = "<group>";
		};
		CEF1F9E82C57D04200D0D5D2 /* SegmentControlModule */ = {
			isa = PBXGroup;
			children = (
				348C53922C7621BE00ACEA5C /* SegmentControlModuleFeature.swift */,
			);
			path = SegmentControlModule;
			sourceTree = "<group>";
		};
		CEF1F9EA2C57D08300D0D5D2 /* StepperModule */ = {
			isa = PBXGroup;
			children = (
				CEF1FA202C57D8ED00D0D5D2 /* StepperViewExample.swift */,
				CE3D0CD72C5CC90C00A9A5C1 /* StepperModuleBuilder.swift */,
			);
			path = StepperModule;
			sourceTree = "<group>";
		};
		CEF1F9EB2C57D0A000D0D5D2 /* TabsModule */ = {
			isa = PBXGroup;
			children = (
				CEF1FA222C57D8F400D0D5D2 /* TabsViewExample.swift */,
			);
			path = TabsModule;
			sourceTree = "<group>";
		};
		CEF1F9EC2C57D0AC00D0D5D2 /* TileModule */ = {
			isa = PBXGroup;
			children = (
				CE51C8D72C593FE20069123F /* TileModuleBuilder.swift */,
				CEF1FA242C57D8F900D0D5D2 /* TileViewExample.swift */,
			);
			path = TileModule;
			sourceTree = "<group>";
		};
		CEF1FA0D2C57D87E00D0D5D2 /* HintModule */ = {
			isa = PBXGroup;
			children = (
				CEF1FA0E2C57D88C00D0D5D2 /* HintViewExample.swift */,
			);
			path = HintModule;
			sourceTree = "<group>";
		};
		CEF1FA2A2C57D97D00D0D5D2 /* AuxiliaryModules */ = {
			isa = PBXGroup;
			children = (
				CEF1FA2E2C57D9CE00D0D5D2 /* RowModule */,
				CEF1FA2B2C57D98B00D0D5D2 /* GibddFineModule */,
				CEF1FA0D2C57D87E00D0D5D2 /* HintModule */,
			);
			path = AuxiliaryModules;
			sourceTree = "<group>";
		};
		CEF1FA2B2C57D98B00D0D5D2 /* GibddFineModule */ = {
			isa = PBXGroup;
			children = (
				CEF1FA2C2C57D9A500D0D5D2 /* GibddFineCellsExample.swift */,
			);
			path = GibddFineModule;
			sourceTree = "<group>";
		};
		CEF1FA2E2C57D9CE00D0D5D2 /* RowModule */ = {
			isa = PBXGroup;
			children = (
				CEF1FA312C57D9DE00D0D5D2 /* RowViewExample.swift */,
				CEF1FA2F2C57D9D700D0D5D2 /* RowCellExample.swift */,
			);
			path = RowModule;
			sourceTree = "<group>";
		};
		CEF2DE6C2C41306F0065C1BD /* InputSelectModule */ = {
			isa = PBXGroup;
			children = (
				CEF2DE6D2C4130840065C1BD /* InputSelectCellBuilder.swift */,
				CEF1FA052C57D78F00D0D5D2 /* InputSelectViewExample.swift */,
			);
			path = InputSelectModule;
			sourceTree = "<group>";
		};
		CEF2DE6F2C414FD00065C1BD /* InputModule */ = {
			isa = PBXGroup;
			children = (
				CEF2DE702C4150130065C1BD /* InputCellBuilder.swift */,
				CEF1F9FF2C57D77700D0D5D2 /* InputViewExample.swift */,
			);
			path = InputModule;
			sourceTree = "<group>";
		};
/* End PBXGroup section */

/* Begin PBXNativeTarget section */
		8889557E29140FFC00A46293 /* OrnamentApp */ = {
			isa = PBXNativeTarget;
			buildConfigurationList = 8889559329140FFE00A46293 /* Build configuration list for PBXNativeTarget "OrnamentApp" */;
			buildPhases = (
				8889557B29140FFC00A46293 /* Sources */,
				8889557C29140FFC00A46293 /* Frameworks */,
				8889557D29140FFC00A46293 /* Resources */,
			);
			buildRules = (
			);
			dependencies = (
			);
			name = OrnamentApp;
			packageProductDependencies = (
				CEEB5E5A2C356246000E0215 /* ArchitectureTableView */,
				CEEB5E662C3568B0000E0215 /* Extensions */,
				CEA336102C36C17100880A1F /* Router */,
				CE32AC4A2C6CD561006969F2 /* Services */,
			);
			productName = OrnamentApp;
			productReference = 8889557F29140FFC00A46293 /* OrnamentApp.app */;
			productType = "com.apple.product-type.application";
		};
/* End PBXNativeTarget section */

/* Begin PBXProject section */
		8889557729140FFC00A46293 /* Project object */ = {
			isa = PBXProject;
			attributes = {
				BuildIndependentTargetsInParallel = 1;
				LastSwiftUpdateCheck = 1400;
				LastUpgradeCheck = 1400;
				TargetAttributes = {
					8889557E29140FFC00A46293 = {
						CreatedOnToolsVersion = 14.0.1;
					};
				};
			};
			buildConfigurationList = 8889557A29140FFC00A46293 /* Build configuration list for PBXProject "OrnamentApp" */;
			compatibilityVersion = "Xcode 14.0";
			developmentRegion = en;
			hasScannedForEncodings = 0;
			knownRegions = (
				en,
				Base,
			);
			mainGroup = 8889557629140FFC00A46293;
			packageReferences = (
				CEEB5E592C356246000E0215 /* XCRemoteSwiftPackageReference "ios-architecture-table" */,
				CEEB5E652C3568B0000E0215 /* XCRemoteSwiftPackageReference "ios-extensions" */,
				CEA3360F2C36C17100880A1F /* XCRemoteSwiftPackageReference "ios-service-routing" */,
				CE32AC492C6CD561006969F2 /* XCRemoteSwiftPackageReference "ios-services" */,
			);
			productRefGroup = 8889558029140FFC00A46293 /* Products */;
			projectDirPath = "";
			projectRoot = "";
			targets = (
				8889557E29140FFC00A46293 /* OrnamentApp */,
			);
		};
/* End PBXProject section */

/* Begin PBXResourcesBuildPhase section */
		8889557D29140FFC00A46293 /* Resources */ = {
			isa = PBXResourcesBuildPhase;
			buildActionMask = 2147483647;
			files = (
				8889558F29140FFE00A46293 /* LaunchScreen.storyboard in Resources */,
				8889558C29140FFE00A46293 /* Assets.xcassets in Resources */,
			);
			runOnlyForDeploymentPostprocessing = 0;
		};
/* End PBXResourcesBuildPhase section */

/* Begin PBXSourcesBuildPhase section */
		8889557B29140FFC00A46293 /* Sources */ = {
			isa = PBXSourcesBuildPhase;
			buildActionMask = 2147483647;
			files = (
				CEF1FA212C57D8ED00D0D5D2 /* StepperViewExample.swift in Sources */,
				CEF1FA132C57D8A100D0D5D2 /* NavigationBarExample.swift in Sources */,
				CEF1FA112C57D89400D0D5D2 /* LabelViewExample.swift in Sources */,
				CE51C8D82C593FE20069123F /* TileModuleBuilder.swift in Sources */,
				CEF1FA252C57D8F900D0D5D2 /* TileViewExample.swift in Sources */,
				CEE15C502C400F66008E6D8C /* InputPhoneNumberCellBuilder.swift in Sources */,
				CEA336132C36C45F00880A1F /* ActivityIndicatorCellBuilder.swift in Sources */,
				CEF1FA2D2C57D9A500D0D5D2 /* GibddFineCellsExample.swift in Sources */,
				CE4A7C0F2C3E8FC300AA7EB4 /* Constants.swift in Sources */,
				CEF1FA152C57D8AA00D0D5D2 /* PageControlExample.swift in Sources */,
				CEC824B82C4E90F200891643 /* ButtonIconModuleBuilder.swift in Sources */,
				CE254A5B2C5CDAC20083EF57 /* BannerCellBuilder.swift in Sources */,
				CEA3360E2C36C0E100880A1F /* ComponentsShowcaseCoordinator.swift in Sources */,
				CEF1FA192C57D8C200D0D5D2 /* RadioViewExample.swift in Sources */,
				CEF1F9DD2C57BC3000D0D5D2 /* ActivityIndicatorExample.swift in Sources */,
				CE5AE5262C53BF6300DD7BC4 /* NavigationBarFeature.swift in Sources */,
				CEF1F9EE2C57D14A00D0D5D2 /* BadgeExample.swift in Sources */,
				CEF1FA022C57D78000D0D5D2 /* InputPhoneNumberViewExample.swift in Sources */,
				CE6439F32C58FAEE002491EA /* SnackBarExample.swift in Sources */,
				CE2130B72C60C90000AB69BE /* SnackBarCellBuilder.swift in Sources */,
				CEF2DE712C4150130065C1BD /* InputCellBuilder.swift in Sources */,
				3477B69A2C734EB400C6C059 /* ChipsViewUpdater.swift in Sources */,
				CEF1F9F82C57D75000D0D5D2 /* CheckboxViewExample.swift in Sources */,
				CE694C372C3D56090064C0C0 /* ChipsCellBuilder.swift in Sources */,
				34C3999E2C5B85D400C98DBC /* BadgeModuleFeature.swift in Sources */,
				CEEB5E642C35681A000E0215 /* ComponentsShowcaseCellBuilder.swift in Sources */,
				CEF1FA322C57D9DE00D0D5D2 /* RowViewExample.swift in Sources */,
				CEF1FA172C57D8BB00D0D5D2 /* ButtonPayExample.swift in Sources */,
				CE4A7C0A2C3E8ABF00AA7EB4 /* DividerCellBuilder.swift in Sources */,
				CEF1FA0F2C57D88C00D0D5D2 /* HintViewExample.swift in Sources */,
				CEF1FA0C2C57D7AA00D0D5D2 /* ImageViewExample.swift in Sources */,
				CEA336002C36A66200880A1F /* CheckboxViewUpdater.swift in Sources */,
				348C53932C7621BE00ACEA5C /* SegmentControlModuleFeature.swift in Sources */,
				CEF1FA272C57D90000D0D5D2 /* TitleViewExample.swift in Sources */,
				CE1170A82C636CB60032D933 /* CardCellBuilder.swift in Sources */,
				CE2827B02C3C1ECD00156F14 /* CheckboxCellBuilder.swift in Sources */,
				CEEB5E742C35A9A1000E0215 /* TableComponentViewCell.swift in Sources */,
				CE4A7C122C3E9E5900AA7EB4 /* ToggleCellBuilder.swift in Sources */,
				CEA3360C2C36C0BE00880A1F /* MainCoordinator.swift in Sources */,
				CEEB5E622C356802000E0215 /* ComponentsShowcaseFeature.swift in Sources */,
				CE2827A12C3BDB6900156F14 /* CellBuilder.swift in Sources */,
				CEF1F9DF2C57BC4200D0D5D2 /* ButtonAuthExample.swift in Sources */,
				CEA4E2292C37CF700069707C /* ButtonAuthCellBuilder.swift in Sources */,
				CEF2DE6E2C4130840065C1BD /* InputSelectCellBuilder.swift in Sources */,
				CEF1F9FC2C57D76200D0D5D2 /* DividerViewExample.swift in Sources */,
				CE3D0CD82C5CC90C00A9A5C1 /* StepperModuleBuilder.swift in Sources */,
				CE15ECBC2C57A75A00F148B7 /* TitleCellBuilder.swift in Sources */,
				348C538A2C73BC9C00ACEA5C /* BadgeSectionModelService.swift in Sources */,
				CEA4E22D2C37DFCE0069707C /* GenericTableViewSectionModel+Extensions.swift in Sources */,
				CEF1F9FE2C57D77000D0D5D2 /* InputTextareaViewExample.swift in Sources */,
				CE28279E2C3BDB2600156F14 /* CommonDetailFeature.swift in Sources */,
				CE5AE5242C53866300DD7BC4 /* NavigationBarCellBuilder.swift in Sources */,
				8889558329140FFC00A46293 /* AppDelegate.swift in Sources */,
				CEF1F9F62C57D74900D0D5D2 /* CardViewExample.swift in Sources */,
				CEF1FA232C57D8F400D0D5D2 /* TabsViewExample.swift in Sources */,
				CEF1FA042C57D78700D0D5D2 /* InputAmountViewExample.swift in Sources */,
				348C538C2C73BCF900ACEA5C /* ChipsCreationService.swift in Sources */,
				CE3D0CDE2C622EDC00A9A5C1 /* ButtonModuleBuilder.swift in Sources */,
				CEF1FA002C57D77700D0D5D2 /* InputViewExample.swift in Sources */,
				CE4A7C152C3EBBEE00AA7EB4 /* InputAmountCellBuilder.swift in Sources */,
				CEF1FA302C57D9D700D0D5D2 /* RowCellExample.swift in Sources */,
				CE3D0CD22C5B648A00A9A5C1 /* RadioModuleBuilder.swift in Sources */,
				CEF1FA062C57D78F00D0D5D2 /* InputSelectViewExample.swift in Sources */,
				CE9E8C5A2C6B4D3B0034A37E /* LabelCellBuilder.swift in Sources */,
				888955B72914108700A46293 /* SceneDelegate.swift in Sources */,
				CEA336052C36B1A400880A1F /* Components.swift in Sources */,
				CEF1F9F22C57D66500D0D5D2 /* ButtonViewExample.swift in Sources */,
				348C53962C774FC000ACEA5C /* SegmentItemFeature.swift in Sources */,
				CEF1F9FA2C57D75900D0D5D2 /* ChipsViewExample.swift in Sources */,
				CEE15C4D2C3FD76C008E6D8C /* InputOTPCellBuilder.swift in Sources */,
				CEA336162C36D11000880A1F /* TableHeaderView.swift in Sources */,
				CEF1FA292C57D90600D0D5D2 /* ToggleViewExample.swift in Sources */,
				CEF1F9F42C57D70D00D0D5D2 /* ButtonIconExample.swift in Sources */,
				CEF1F9F02C57D65C00D0D5D2 /* BannerViewExample.swift in Sources */,
				CE8994672C6B44B20019D130 /* HintViewBuilder.swift in Sources */,
				348C53912C74AA3F00ACEA5C /* DividerModuleFeature.swift in Sources */,
				CEF1FA082C57D79B00D0D5D2 /* InputOTPViewExample.swift in Sources */,
				CEF1FA0A2C57D7A400D0D5D2 /* InputOTPItemExample.swift in Sources */,
				CEF8CD762C622F55009B8409 /* ButtonPayCellBuilder.swift in Sources */,
				CE2827A42C3BDE6600156F14 /* ChipsViewSectionHelper.swift in Sources */,
				CEEB5E712C3596E6000E0215 /* Components+Reusable.swift in Sources */,
				CEC824C22C512D4B00891643 /* ImageModuleBuilder.swift in Sources */,
			);
			runOnlyForDeploymentPostprocessing = 0;
		};
/* End PBXSourcesBuildPhase section */

/* Begin PBXVariantGroup section */
		8889558D29140FFE00A46293 /* LaunchScreen.storyboard */ = {
			isa = PBXVariantGroup;
			children = (
				8889558E29140FFE00A46293 /* Base */,
			);
			name = LaunchScreen.storyboard;
			sourceTree = "<group>";
		};
/* End PBXVariantGroup section */

/* Begin XCBuildConfiguration section */
		8889559129140FFE00A46293 /* Debug */ = {
			isa = XCBuildConfiguration;
			buildSettings = {
				ALWAYS_SEARCH_USER_PATHS = NO;
				CLANG_ANALYZER_LOCALIZABILITY_NONLOCALIZED = YES;
				CLANG_ANALYZER_NONNULL = YES;
				CLANG_ANALYZER_NUMBER_OBJECT_CONVERSION = YES_AGGRESSIVE;
				CLANG_CXX_LANGUAGE_STANDARD = "gnu++20";
				CLANG_ENABLE_MODULES = YES;
				CLANG_ENABLE_OBJC_ARC = YES;
				CLANG_ENABLE_OBJC_WEAK = YES;
				CLANG_WARN_BLOCK_CAPTURE_AUTORELEASING = YES;
				CLANG_WARN_BOOL_CONVERSION = YES;
				CLANG_WARN_COMMA = YES;
				CLANG_WARN_CONSTANT_CONVERSION = YES;
				CLANG_WARN_DEPRECATED_OBJC_IMPLEMENTATIONS = YES;
				CLANG_WARN_DIRECT_OBJC_ISA_USAGE = YES_ERROR;
				CLANG_WARN_DOCUMENTATION_COMMENTS = YES;
				CLANG_WARN_EMPTY_BODY = YES;
				CLANG_WARN_ENUM_CONVERSION = YES;
				CLANG_WARN_INFINITE_RECURSION = YES;
				CLANG_WARN_INT_CONVERSION = YES;
				CLANG_WARN_NON_LITERAL_NULL_CONVERSION = YES;
				CLANG_WARN_OBJC_IMPLICIT_RETAIN_SELF = YES;
				CLANG_WARN_OBJC_LITERAL_CONVERSION = YES;
				CLANG_WARN_OBJC_ROOT_CLASS = YES_ERROR;
				CLANG_WARN_QUOTED_INCLUDE_IN_FRAMEWORK_HEADER = YES;
				CLANG_WARN_RANGE_LOOP_ANALYSIS = YES;
				CLANG_WARN_STRICT_PROTOTYPES = YES;
				CLANG_WARN_SUSPICIOUS_MOVE = YES;
				CLANG_WARN_UNGUARDED_AVAILABILITY = YES_AGGRESSIVE;
				CLANG_WARN_UNREACHABLE_CODE = YES;
				CLANG_WARN__DUPLICATE_METHOD_MATCH = YES;
				COPY_PHASE_STRIP = NO;
				DEBUG_INFORMATION_FORMAT = dwarf;
				ENABLE_STRICT_OBJC_MSGSEND = YES;
				ENABLE_TESTABILITY = YES;
				GCC_C_LANGUAGE_STANDARD = gnu11;
				GCC_DYNAMIC_NO_PIC = NO;
				GCC_NO_COMMON_BLOCKS = YES;
				GCC_OPTIMIZATION_LEVEL = 0;
				GCC_PREPROCESSOR_DEFINITIONS = (
					"DEBUG=1",
					"$(inherited)",
				);
				GCC_WARN_64_TO_32_BIT_CONVERSION = YES;
				GCC_WARN_ABOUT_RETURN_TYPE = YES_ERROR;
				GCC_WARN_UNDECLARED_SELECTOR = YES;
				GCC_WARN_UNINITIALIZED_AUTOS = YES_AGGRESSIVE;
				GCC_WARN_UNUSED_FUNCTION = YES;
				GCC_WARN_UNUSED_VARIABLE = YES;
				IPHONEOS_DEPLOYMENT_TARGET = 15.0;
				MTL_ENABLE_DEBUG_INFO = INCLUDE_SOURCE;
				MTL_FAST_MATH = YES;
				ONLY_ACTIVE_ARCH = YES;
				SDKROOT = iphoneos;
				SWIFT_ACTIVE_COMPILATION_CONDITIONS = DEBUG;
				SWIFT_OPTIMIZATION_LEVEL = "-Onone";
			};
			name = Debug;
		};
		8889559229140FFE00A46293 /* Release */ = {
			isa = XCBuildConfiguration;
			buildSettings = {
				ALWAYS_SEARCH_USER_PATHS = NO;
				CLANG_ANALYZER_LOCALIZABILITY_NONLOCALIZED = YES;
				CLANG_ANALYZER_NONNULL = YES;
				CLANG_ANALYZER_NUMBER_OBJECT_CONVERSION = YES_AGGRESSIVE;
				CLANG_CXX_LANGUAGE_STANDARD = "gnu++20";
				CLANG_ENABLE_MODULES = YES;
				CLANG_ENABLE_OBJC_ARC = YES;
				CLANG_ENABLE_OBJC_WEAK = YES;
				CLANG_WARN_BLOCK_CAPTURE_AUTORELEASING = YES;
				CLANG_WARN_BOOL_CONVERSION = YES;
				CLANG_WARN_COMMA = YES;
				CLANG_WARN_CONSTANT_CONVERSION = YES;
				CLANG_WARN_DEPRECATED_OBJC_IMPLEMENTATIONS = YES;
				CLANG_WARN_DIRECT_OBJC_ISA_USAGE = YES_ERROR;
				CLANG_WARN_DOCUMENTATION_COMMENTS = YES;
				CLANG_WARN_EMPTY_BODY = YES;
				CLANG_WARN_ENUM_CONVERSION = YES;
				CLANG_WARN_INFINITE_RECURSION = YES;
				CLANG_WARN_INT_CONVERSION = YES;
				CLANG_WARN_NON_LITERAL_NULL_CONVERSION = YES;
				CLANG_WARN_OBJC_IMPLICIT_RETAIN_SELF = YES;
				CLANG_WARN_OBJC_LITERAL_CONVERSION = YES;
				CLANG_WARN_OBJC_ROOT_CLASS = YES_ERROR;
				CLANG_WARN_QUOTED_INCLUDE_IN_FRAMEWORK_HEADER = YES;
				CLANG_WARN_RANGE_LOOP_ANALYSIS = YES;
				CLANG_WARN_STRICT_PROTOTYPES = YES;
				CLANG_WARN_SUSPICIOUS_MOVE = YES;
				CLANG_WARN_UNGUARDED_AVAILABILITY = YES_AGGRESSIVE;
				CLANG_WARN_UNREACHABLE_CODE = YES;
				CLANG_WARN__DUPLICATE_METHOD_MATCH = YES;
				COPY_PHASE_STRIP = NO;
				DEBUG_INFORMATION_FORMAT = "dwarf-with-dsym";
				ENABLE_NS_ASSERTIONS = NO;
				ENABLE_STRICT_OBJC_MSGSEND = YES;
				GCC_C_LANGUAGE_STANDARD = gnu11;
				GCC_NO_COMMON_BLOCKS = YES;
				GCC_WARN_64_TO_32_BIT_CONVERSION = YES;
				GCC_WARN_ABOUT_RETURN_TYPE = YES_ERROR;
				GCC_WARN_UNDECLARED_SELECTOR = YES;
				GCC_WARN_UNINITIALIZED_AUTOS = YES_AGGRESSIVE;
				GCC_WARN_UNUSED_FUNCTION = YES;
				GCC_WARN_UNUSED_VARIABLE = YES;
				IPHONEOS_DEPLOYMENT_TARGET = 15.0;
				MTL_ENABLE_DEBUG_INFO = NO;
				MTL_FAST_MATH = YES;
				SDKROOT = iphoneos;
				SWIFT_COMPILATION_MODE = wholemodule;
				SWIFT_OPTIMIZATION_LEVEL = "-O";
				VALIDATE_PRODUCT = YES;
			};
			name = Release;
		};
		8889559429140FFE00A46293 /* Debug */ = {
			isa = XCBuildConfiguration;
			buildSettings = {
				ASSETCATALOG_COMPILER_APPICON_NAME = AppIcon;
				ASSETCATALOG_COMPILER_GLOBAL_ACCENT_COLOR_NAME = AccentColor;
				CODE_SIGN_STYLE = Automatic;
				CURRENT_PROJECT_VERSION = 1;
				DEVELOPMENT_TEAM = KB3C698SC6;
				GENERATE_INFOPLIST_FILE = YES;
				INFOPLIST_FILE = OrnamentApp/Info.plist;
				INFOPLIST_KEY_UIApplicationSupportsIndirectInputEvents = YES;
				INFOPLIST_KEY_UILaunchStoryboardName = LaunchScreen;
				INFOPLIST_KEY_UISupportedInterfaceOrientations = UIInterfaceOrientationPortrait;
				INFOPLIST_KEY_UISupportedInterfaceOrientations_iPad = "UIInterfaceOrientationLandscapeLeft UIInterfaceOrientationLandscapeRight UIInterfaceOrientationPortrait UIInterfaceOrientationPortraitUpsideDown";
				IPHONEOS_DEPLOYMENT_TARGET = 15.0;
				LD_RUNPATH_SEARCH_PATHS = (
					"$(inherited)",
					"@executable_path/Frameworks",
				);
				MARKETING_VERSION = 1.0;
				PRODUCT_BUNDLE_IDENTIFIER = ru.abb.OrnamentApp;
				PRODUCT_NAME = "$(TARGET_NAME)";
				SUPPORTED_PLATFORMS = "iphoneos iphonesimulator";
				SUPPORTS_MACCATALYST = NO;
				SUPPORTS_MAC_DESIGNED_FOR_IPHONE_IPAD = NO;
				SWIFT_EMIT_LOC_STRINGS = YES;
				SWIFT_VERSION = 5.0;
				TARGETED_DEVICE_FAMILY = 1;
			};
			name = Debug;
		};
		8889559529140FFE00A46293 /* Release */ = {
			isa = XCBuildConfiguration;
			buildSettings = {
				ASSETCATALOG_COMPILER_APPICON_NAME = AppIcon;
				ASSETCATALOG_COMPILER_GLOBAL_ACCENT_COLOR_NAME = AccentColor;
				CODE_SIGN_STYLE = Automatic;
				CURRENT_PROJECT_VERSION = 1;
				DEVELOPMENT_TEAM = KB3C698SC6;
				GENERATE_INFOPLIST_FILE = YES;
				INFOPLIST_FILE = OrnamentApp/Info.plist;
				INFOPLIST_KEY_UIApplicationSupportsIndirectInputEvents = YES;
				INFOPLIST_KEY_UILaunchStoryboardName = LaunchScreen;
				INFOPLIST_KEY_UISupportedInterfaceOrientations = UIInterfaceOrientationPortrait;
				INFOPLIST_KEY_UISupportedInterfaceOrientations_iPad = "UIInterfaceOrientationLandscapeLeft UIInterfaceOrientationLandscapeRight UIInterfaceOrientationPortrait UIInterfaceOrientationPortraitUpsideDown";
				IPHONEOS_DEPLOYMENT_TARGET = 15.0;
				LD_RUNPATH_SEARCH_PATHS = (
					"$(inherited)",
					"@executable_path/Frameworks",
				);
				MARKETING_VERSION = 1.0;
				PRODUCT_BUNDLE_IDENTIFIER = ru.abb.OrnamentApp;
				PRODUCT_NAME = "$(TARGET_NAME)";
				SUPPORTED_PLATFORMS = "iphoneos iphonesimulator";
				SUPPORTS_MACCATALYST = NO;
				SUPPORTS_MAC_DESIGNED_FOR_IPHONE_IPAD = NO;
				SWIFT_EMIT_LOC_STRINGS = YES;
				SWIFT_VERSION = 5.0;
				TARGETED_DEVICE_FAMILY = 1;
			};
			name = Release;
		};
/* End XCBuildConfiguration section */

/* Begin XCConfigurationList section */
		8889557A29140FFC00A46293 /* Build configuration list for PBXProject "OrnamentApp" */ = {
			isa = XCConfigurationList;
			buildConfigurations = (
				8889559129140FFE00A46293 /* Debug */,
				8889559229140FFE00A46293 /* Release */,
			);
			defaultConfigurationIsVisible = 0;
			defaultConfigurationName = Release;
		};
		8889559329140FFE00A46293 /* Build configuration list for PBXNativeTarget "OrnamentApp" */ = {
			isa = XCConfigurationList;
			buildConfigurations = (
				8889559429140FFE00A46293 /* Debug */,
				8889559529140FFE00A46293 /* Release */,
			);
			defaultConfigurationIsVisible = 0;
			defaultConfigurationName = Release;
		};
/* End XCConfigurationList section */

/* Begin XCRemoteSwiftPackageReference section */
		CE32AC492C6CD561006969F2 /* XCRemoteSwiftPackageReference "ios-services" */ = {
			isa = XCRemoteSwiftPackageReference;
			repositoryURL = "https://gitlab.akbars.tech/abo/ios-services";
			requirement = {
				kind = upToNextMajorVersion;
				minimumVersion = 0.3.0;
			};
		};
		CEA3360F2C36C17100880A1F /* XCRemoteSwiftPackageReference "ios-service-routing" */ = {
			isa = XCRemoteSwiftPackageReference;
			repositoryURL = "https://gitlab.akbars.tech/abo/ios-service-routing";
			requirement = {
				kind = upToNextMajorVersion;
				minimumVersion = 0.0.2;
			};
		};
		CEEB5E592C356246000E0215 /* XCRemoteSwiftPackageReference "ios-architecture-table" */ = {
			isa = XCRemoteSwiftPackageReference;
			repositoryURL = "https://gitlab.akbars.tech/abo/ios-architecture-table";
			requirement = {
				kind = upToNextMajorVersion;
				minimumVersion = 21.0.0;
			};
		};
		CEEB5E652C3568B0000E0215 /* XCRemoteSwiftPackageReference "ios-extensions" */ = {
			isa = XCRemoteSwiftPackageReference;
			repositoryURL = "https://gitlab.akbars.tech/abo/ios-extensions";
			requirement = {
				kind = upToNextMajorVersion;
				minimumVersion = 0.1.0;
			};
		};
/* End XCRemoteSwiftPackageReference section */

/* Begin XCSwiftPackageProductDependency section */
		CE32AC4A2C6CD561006969F2 /* Services */ = {
			isa = XCSwiftPackageProductDependency;
			package = CE32AC492C6CD561006969F2 /* XCRemoteSwiftPackageReference "ios-services" */;
			productName = Services;
		};
		CEA336102C36C17100880A1F /* Router */ = {
			isa = XCSwiftPackageProductDependency;
			package = CEA3360F2C36C17100880A1F /* XCRemoteSwiftPackageReference "ios-service-routing" */;
			productName = Router;
		};
		CEEB5E5A2C356246000E0215 /* ArchitectureTableView */ = {
			isa = XCSwiftPackageProductDependency;
			package = CEEB5E592C356246000E0215 /* XCRemoteSwiftPackageReference "ios-architecture-table" */;
			productName = ArchitectureTableView;
		};
		CEEB5E662C3568B0000E0215 /* Extensions */ = {
			isa = XCSwiftPackageProductDependency;
			package = CEEB5E652C3568B0000E0215 /* XCRemoteSwiftPackageReference "ios-extensions" */;
			productName = Extensions;
		};
/* End XCSwiftPackageProductDependency section */
	};
	rootObject = 8889557729140FFC00A46293 /* Project object */;
}
