// !$*UTF8*$!
{
	archiveVersion = 1;
	classes = {
	};
	objectVersion = 56;
	objects = {

/* Begin PBXBuildFile section */
		348C538C2C73BCF900ACEA5C /* ChipsCreationService.swift in Sources */ = {isa = PBXBuildFile; fileRef = 348C538B2C73BCF900ACEA5C /* ChipsCreationService.swift */; };
		348C53912C74AA3F00ACEA5C /* DividerModuleFeature.swift in Sources */ = {isa = PBXBuildFile; fileRef = 348C53902C74AA3F00ACEA5C /* DividerModuleFeature.swift */; };
		348C53932C7621BE00ACEA5C /* SegmentControlModuleFeature.swift in Sources */ = {isa = PBXBuildFile; fileRef = 348C53922C7621BE00ACEA5C /* SegmentControlModuleFeature.swift */; };
		348C53962C774FC000ACEA5C /* SegmentItemModuleFeature.swift in Sources */ = {isa = PBXBuildFile; fileRef = 348C53952C774FC000ACEA5C /* SegmentItemModuleFeature.swift */; };
		34C3999E2C5B85D400C98DBC /* BadgeModuleFeature.swift in Sources */ = {isa = PBXBuildFile; fileRef = 34C3999D2C5B85D400C98DBC /* BadgeModuleFeature.swift */; };
		8889558329140FFC00A46293 /* AppDelegate.swift in Sources */ = {isa = PBXBuildFile; fileRef = 8889558229140FFC00A46293 /* AppDelegate.swift */; };
		8889558C29140FFE00A46293 /* Assets.xcassets in Resources */ = {isa = PBXBuildFile; fileRef = 8889558B29140FFE00A46293 /* Assets.xcassets */; };
		8889558F29140FFE00A46293 /* LaunchScreen.storyboard in Resources */ = {isa = PBXBuildFile; fileRef = 8889558D29140FFE00A46293 /* LaunchScreen.storyboard */; };
		888955B72914108700A46293 /* SceneDelegate.swift in Sources */ = {isa = PBXBuildFile; fileRef = 888955B62914108700A46293 /* SceneDelegate.swift */; };
		CE0F19522CFF3E73003A77DC /* StepperItemModule.swift in Sources */ = {isa = PBXBuildFile; fileRef = CE0F19512CFF3E6E003A77DC /* StepperItemModule.swift */; };
		CE0F19542CFF542B003A77DC /* StepperModuleFeature.swift in Sources */ = {isa = PBXBuildFile; fileRef = CE0F19532CFF5426003A77DC /* StepperModuleFeature.swift */; };
		CE18EE3D2D01AB2200D12F1C /* TileModuleFeature.swift in Sources */ = {isa = PBXBuildFile; fileRef = CE18EE3C2D01AB1E00D12F1C /* TileModuleFeature.swift */; };
		CE23F6B42C749CE1004D6CE6 /* HintModuleFeature.swift in Sources */ = {isa = PBXBuildFile; fileRef = CE23F6B32C749CE1004D6CE6 /* HintModuleFeature.swift */; };
		CE254A5B2C5CDAC20083EF57 /* BannerModuleFeature.swift in Sources */ = {isa = PBXBuildFile; fileRef = CE254A5A2C5CDAC20083EF57 /* BannerModuleFeature.swift */; };
		CE2C64E72CF0933E002A78CF /* CardModuleFeature.swift in Sources */ = {isa = PBXBuildFile; fileRef = CE2C64E62CF09334002A78CF /* CardModuleFeature.swift */; };
		CE3200C62D06F85100B526A1 /* InputOTPModuleFeature.swift in Sources */ = {isa = PBXBuildFile; fileRef = CE3200C52D06F84900B526A1 /* InputOTPModuleFeature.swift */; };
		CE32AC4B2C6CD561006969F2 /* Services in Frameworks */ = {isa = PBXBuildFile; productRef = CE32AC4A2C6CD561006969F2 /* Services */; };
		CE32FFFF2D06DF9000B526A1 /* InputOTPItemModuleFeature.swift in Sources */ = {isa = PBXBuildFile; fileRef = CE32FFFE2D06DF8600B526A1 /* InputOTPItemModuleFeature.swift */; };
		CE3381812CEB83A100FABBC5 /* NavigationBarModuleFeature.swift in Sources */ = {isa = PBXBuildFile; fileRef = CE3381802CEB839A00FABBC5 /* NavigationBarModuleFeature.swift */; };
		CE4D2E6C2CEF5DA7000E7486 /* ButtonModuleFeature.swift in Sources */ = {isa = PBXBuildFile; fileRef = CE4D2E6B2CEF5DA0000E7486 /* ButtonModuleFeature.swift */; };
		CE4D2E702CEF75F7000E7486 /* ButtonIconModuleFeature.swift in Sources */ = {isa = PBXBuildFile; fileRef = CE4D2E6F2CEF75F0000E7486 /* ButtonIconModuleFeature.swift */; };
		CE585B0F2D0883ED000BC559 /* InputSelectModuleFeature.swift in Sources */ = {isa = PBXBuildFile; fileRef = CE585B0E2D0883E5000BC559 /* InputSelectModuleFeature.swift */; };
		CE6692C82CF8B2F200B68634 /* CheckboxModuleFeature.swift in Sources */ = {isa = PBXBuildFile; fileRef = CE6692C72CF8B2E500B68634 /* CheckboxModuleFeature.swift */; };
		CE694C372C3D56090064C0C0 /* ChipsModuleFeature.swift in Sources */ = {isa = PBXBuildFile; fileRef = CE694C362C3D56090064C0C0 /* ChipsModuleFeature.swift */; };
		CE8687AF2CFDAB2E00182C47 /* ToggleModuleFeature.swift in Sources */ = {isa = PBXBuildFile; fileRef = CE8687AE2CFDAB2A00182C47 /* ToggleModuleFeature.swift */; };
		CE9121D42C73CA7400ACDB72 /* InputAmountModuleFeature.swift in Sources */ = {isa = PBXBuildFile; fileRef = CE9121D32C73CA7400ACDB72 /* InputAmountModuleFeature.swift */; };
		CE9EE9792CF4579C00A5E596 /* ImageModuleFeature.swift in Sources */ = {isa = PBXBuildFile; fileRef = CE9EE9782CF4579500A5E596 /* ImageModuleFeature.swift */; };
		CE9EE97B2CF47C7B00A5E596 /* InputModuleFeature.swift in Sources */ = {isa = PBXBuildFile; fileRef = CE9EE97A2CF47C7600A5E596 /* InputModuleFeature.swift */; };
		CE9EE97E2CF4A3FA00A5E596 /* InputPINItemModuleFeature.swift in Sources */ = {isa = PBXBuildFile; fileRef = CE9EE97D2CF4A3E400A5E596 /* InputPINItemModuleFeature.swift */; };
		CE9EE9802CF4B5E600A5E596 /* InputPINModuleFeature.swift in Sources */ = {isa = PBXBuildFile; fileRef = CE9EE97F2CF4B5E000A5E596 /* InputPINModuleFeature.swift */; };
		CE9EE9822CF4BB2B00A5E596 /* InputSearchModuleFeature.swift in Sources */ = {isa = PBXBuildFile; fileRef = CE9EE9812CF4BB2400A5E596 /* InputSearchModuleFeature.swift */; };
		CE9EE9842CF4C06400A5E596 /* LabelModuleFeature.swift in Sources */ = {isa = PBXBuildFile; fileRef = CE9EE9832CF4C05E00A5E596 /* LabelModuleFeature.swift */; };
		CEA336052C36B1A400880A1F /* Components.swift in Sources */ = {isa = PBXBuildFile; fileRef = CEA336042C36B1A400880A1F /* Components.swift */; };
		CEA3360C2C36C0BE00880A1F /* MainCoordinator.swift in Sources */ = {isa = PBXBuildFile; fileRef = CEA3360B2C36C0BE00880A1F /* MainCoordinator.swift */; };
		CEA3360E2C36C0E100880A1F /* ComponentsShowcaseCoordinator.swift in Sources */ = {isa = PBXBuildFile; fileRef = CEA3360D2C36C0E100880A1F /* ComponentsShowcaseCoordinator.swift */; };
		CEA336112C36C17100880A1F /* Router in Frameworks */ = {isa = PBXBuildFile; productRef = CEA336102C36C17100880A1F /* Router */; };
		CEA4E2292C37CF700069707C /* ButtonAuthModuleFeature.swift in Sources */ = {isa = PBXBuildFile; fileRef = CEA4E2282C37CF700069707C /* ButtonAuthModuleFeature.swift */; };
		CEB9EE2F2CE76F72008B67ED /* BaseModuleFeature.swift in Sources */ = {isa = PBXBuildFile; fileRef = CEB9EE2E2CE76F70008B67ED /* BaseModuleFeature.swift */; };
		CEB9EE322CE782DB008B67ED /* LoaderModuleFeature.swift in Sources */ = {isa = PBXBuildFile; fileRef = CEB9EE312CE782D4008B67ED /* LoaderModuleFeature.swift */; };
		CEC5F8502CF9B10F004C0B8A /* RadioModuleFeature.swift in Sources */ = {isa = PBXBuildFile; fileRef = CEC5F84F2CF9B10A004C0B8A /* RadioModuleFeature.swift */; };
		CEC5F8542CF9E5FB004C0B8A /* InputTextAreaModuleFeature.swift in Sources */ = {isa = PBXBuildFile; fileRef = CEC5F8532CF9E5F1004C0B8A /* InputTextAreaModuleFeature.swift */; };
		CED4CA9C2CE625A2009019A8 /* ModuleFlow.swift in Sources */ = {isa = PBXBuildFile; fileRef = CED4CA9B2CE62593009019A8 /* ModuleFlow.swift */; };
		CEDF50FE2CF86E8100160278 /* TitleModuleFeature.swift in Sources */ = {isa = PBXBuildFile; fileRef = CEDF50FD2CF86E7700160278 /* TitleModuleFeature.swift */; };
		CEE02DC22D03214900C0AF86 /* SnackBarModuleFeature.swift in Sources */ = {isa = PBXBuildFile; fileRef = CEE02DC12D03214300C0AF86 /* SnackBarModuleFeature.swift */; };
		CEEB5E5B2C356246000E0215 /* ArchitectureTableView in Frameworks */ = {isa = PBXBuildFile; productRef = CEEB5E5A2C356246000E0215 /* ArchitectureTableView */; };
		CEEB5E622C356802000E0215 /* ComponentsShowcaseFeature.swift in Sources */ = {isa = PBXBuildFile; fileRef = CEEB5E612C356801000E0215 /* ComponentsShowcaseFeature.swift */; };
		CEEB5E672C3568B0000E0215 /* Extensions in Frameworks */ = {isa = PBXBuildFile; productRef = CEEB5E662C3568B0000E0215 /* Extensions */; };
		CEF1FA2D2C57D9A500D0D5D2 /* GibddFineCellsExample.swift in Sources */ = {isa = PBXBuildFile; fileRef = CEF1FA2C2C57D9A500D0D5D2 /* GibddFineCellsExample.swift */; };
		CEF1FA302C57D9D700D0D5D2 /* RowCellExample.swift in Sources */ = {isa = PBXBuildFile; fileRef = CEF1FA2F2C57D9D700D0D5D2 /* RowCellExample.swift */; };
		CEF1FA322C57D9DE00D0D5D2 /* RowViewExample.swift in Sources */ = {isa = PBXBuildFile; fileRef = CEF1FA312C57D9DE00D0D5D2 /* RowViewExample.swift */; };
		CEF8CD762C622F55009B8409 /* ButtonPayModuleFeature.swift in Sources */ = {isa = PBXBuildFile; fileRef = CEF8CD752C622F55009B8409 /* ButtonPayModuleFeature.swift */; };
		D8A9B7EB2D00ADE600F1423B /* StoriesModuleFeature.swift in Sources */ = {isa = PBXBuildFile; fileRef = D8A9B7EA2D00ADE600F1423B /* StoriesModuleFeature.swift */; };
/* End PBXBuildFile section */

/* Begin PBXFileReference section */
		348C538B2C73BCF900ACEA5C /* ChipsCreationService.swift */ = {isa = PBXFileReference; lastKnownFileType = sourcecode.swift; path = ChipsCreationService.swift; sourceTree = "<group>"; };
		348C53902C74AA3F00ACEA5C /* DividerModuleFeature.swift */ = {isa = PBXFileReference; lastKnownFileType = sourcecode.swift; path = DividerModuleFeature.swift; sourceTree = "<group>"; };
		348C53922C7621BE00ACEA5C /* SegmentControlModuleFeature.swift */ = {isa = PBXFileReference; lastKnownFileType = sourcecode.swift; path = SegmentControlModuleFeature.swift; sourceTree = "<group>"; };
		348C53952C774FC000ACEA5C /* SegmentItemModuleFeature.swift */ = {isa = PBXFileReference; lastKnownFileType = sourcecode.swift; path = SegmentItemModuleFeature.swift; sourceTree = "<group>"; };
		34C3999D2C5B85D400C98DBC /* BadgeModuleFeature.swift */ = {isa = PBXFileReference; lastKnownFileType = sourcecode.swift; path = BadgeModuleFeature.swift; sourceTree = "<group>"; };
		8889557F29140FFC00A46293 /* OrnamentApp.app */ = {isa = PBXFileReference; explicitFileType = wrapper.application; includeInIndex = 0; path = OrnamentApp.app; sourceTree = BUILT_PRODUCTS_DIR; };
		8889558229140FFC00A46293 /* AppDelegate.swift */ = {isa = PBXFileReference; lastKnownFileType = sourcecode.swift; path = AppDelegate.swift; sourceTree = "<group>"; };
		8889558B29140FFE00A46293 /* Assets.xcassets */ = {isa = PBXFileReference; lastKnownFileType = folder.assetcatalog; path = Assets.xcassets; sourceTree = "<group>"; };
		8889558E29140FFE00A46293 /* Base */ = {isa = PBXFileReference; lastKnownFileType = file.storyboard; name = Base; path = Base.lproj/LaunchScreen.storyboard; sourceTree = "<group>"; };
		8889559029140FFE00A46293 /* Info.plist */ = {isa = PBXFileReference; lastKnownFileType = text.plist.xml; path = Info.plist; sourceTree = "<group>"; };
		888955B62914108700A46293 /* SceneDelegate.swift */ = {isa = PBXFileReference; fileEncoding = 4; lastKnownFileType = sourcecode.swift; path = SceneDelegate.swift; sourceTree = "<group>"; };
		CE0F19512CFF3E6E003A77DC /* StepperItemModule.swift */ = {isa = PBXFileReference; lastKnownFileType = sourcecode.swift; path = StepperItemModule.swift; sourceTree = "<group>"; };
		CE0F19532CFF5426003A77DC /* StepperModuleFeature.swift */ = {isa = PBXFileReference; lastKnownFileType = sourcecode.swift; path = StepperModuleFeature.swift; sourceTree = "<group>"; };
		CE18EE3C2D01AB1E00D12F1C /* TileModuleFeature.swift */ = {isa = PBXFileReference; lastKnownFileType = sourcecode.swift; path = TileModuleFeature.swift; sourceTree = "<group>"; };
		CE23F6B32C749CE1004D6CE6 /* HintModuleFeature.swift */ = {isa = PBXFileReference; lastKnownFileType = sourcecode.swift; path = HintModuleFeature.swift; sourceTree = "<group>"; };
		CE254A5A2C5CDAC20083EF57 /* BannerModuleFeature.swift */ = {isa = PBXFileReference; lastKnownFileType = sourcecode.swift; path = BannerModuleFeature.swift; sourceTree = "<group>"; };
		CE2C64E62CF09334002A78CF /* CardModuleFeature.swift */ = {isa = PBXFileReference; lastKnownFileType = sourcecode.swift; path = CardModuleFeature.swift; sourceTree = "<group>"; };
		CE3200C52D06F84900B526A1 /* InputOTPModuleFeature.swift */ = {isa = PBXFileReference; lastKnownFileType = sourcecode.swift; path = InputOTPModuleFeature.swift; sourceTree = "<group>"; };
		CE32FFFE2D06DF8600B526A1 /* InputOTPItemModuleFeature.swift */ = {isa = PBXFileReference; lastKnownFileType = sourcecode.swift; path = InputOTPItemModuleFeature.swift; sourceTree = "<group>"; };
		CE3381802CEB839A00FABBC5 /* NavigationBarModuleFeature.swift */ = {isa = PBXFileReference; lastKnownFileType = sourcecode.swift; path = NavigationBarModuleFeature.swift; sourceTree = "<group>"; };
		CE4D2E6B2CEF5DA0000E7486 /* ButtonModuleFeature.swift */ = {isa = PBXFileReference; lastKnownFileType = sourcecode.swift; path = ButtonModuleFeature.swift; sourceTree = "<group>"; };
		CE4D2E6F2CEF75F0000E7486 /* ButtonIconModuleFeature.swift */ = {isa = PBXFileReference; lastKnownFileType = sourcecode.swift; path = ButtonIconModuleFeature.swift; sourceTree = "<group>"; };
		CE585B0E2D0883E5000BC559 /* InputSelectModuleFeature.swift */ = {isa = PBXFileReference; lastKnownFileType = sourcecode.swift; path = InputSelectModuleFeature.swift; sourceTree = "<group>"; };
		CE6692C72CF8B2E500B68634 /* CheckboxModuleFeature.swift */ = {isa = PBXFileReference; lastKnownFileType = sourcecode.swift; path = CheckboxModuleFeature.swift; sourceTree = "<group>"; };
		CE694C362C3D56090064C0C0 /* ChipsModuleFeature.swift */ = {isa = PBXFileReference; lastKnownFileType = sourcecode.swift; path = ChipsModuleFeature.swift; sourceTree = "<group>"; };
		CE8687AE2CFDAB2A00182C47 /* ToggleModuleFeature.swift */ = {isa = PBXFileReference; lastKnownFileType = sourcecode.swift; path = ToggleModuleFeature.swift; sourceTree = "<group>"; };
		CE9121D32C73CA7400ACDB72 /* InputAmountModuleFeature.swift */ = {isa = PBXFileReference; lastKnownFileType = sourcecode.swift; path = InputAmountModuleFeature.swift; sourceTree = "<group>"; };
		CE9EE9782CF4579500A5E596 /* ImageModuleFeature.swift */ = {isa = PBXFileReference; lastKnownFileType = sourcecode.swift; path = ImageModuleFeature.swift; sourceTree = "<group>"; };
		CE9EE97A2CF47C7600A5E596 /* InputModuleFeature.swift */ = {isa = PBXFileReference; lastKnownFileType = sourcecode.swift; path = InputModuleFeature.swift; sourceTree = "<group>"; };
		CE9EE97D2CF4A3E400A5E596 /* InputPINItemModuleFeature.swift */ = {isa = PBXFileReference; lastKnownFileType = sourcecode.swift; path = InputPINItemModuleFeature.swift; sourceTree = "<group>"; };
		CE9EE97F2CF4B5E000A5E596 /* InputPINModuleFeature.swift */ = {isa = PBXFileReference; lastKnownFileType = sourcecode.swift; path = InputPINModuleFeature.swift; sourceTree = "<group>"; };
		CE9EE9812CF4BB2400A5E596 /* InputSearchModuleFeature.swift */ = {isa = PBXFileReference; lastKnownFileType = sourcecode.swift; path = InputSearchModuleFeature.swift; sourceTree = "<group>"; };
		CE9EE9832CF4C05E00A5E596 /* LabelModuleFeature.swift */ = {isa = PBXFileReference; lastKnownFileType = sourcecode.swift; path = LabelModuleFeature.swift; sourceTree = "<group>"; };
		CEA336042C36B1A400880A1F /* Components.swift */ = {isa = PBXFileReference; lastKnownFileType = sourcecode.swift; path = Components.swift; sourceTree = "<group>"; };
		CEA3360B2C36C0BE00880A1F /* MainCoordinator.swift */ = {isa = PBXFileReference; lastKnownFileType = sourcecode.swift; path = MainCoordinator.swift; sourceTree = "<group>"; };
		CEA3360D2C36C0E100880A1F /* ComponentsShowcaseCoordinator.swift */ = {isa = PBXFileReference; lastKnownFileType = sourcecode.swift; path = ComponentsShowcaseCoordinator.swift; sourceTree = "<group>"; };
		CEA4E2282C37CF700069707C /* ButtonAuthModuleFeature.swift */ = {isa = PBXFileReference; lastKnownFileType = sourcecode.swift; path = ButtonAuthModuleFeature.swift; sourceTree = "<group>"; };
		CEB9EE2E2CE76F70008B67ED /* BaseModuleFeature.swift */ = {isa = PBXFileReference; lastKnownFileType = sourcecode.swift; path = BaseModuleFeature.swift; sourceTree = "<group>"; };
		CEB9EE312CE782D4008B67ED /* LoaderModuleFeature.swift */ = {isa = PBXFileReference; lastKnownFileType = sourcecode.swift; path = LoaderModuleFeature.swift; sourceTree = "<group>"; };
		CEC5F84F2CF9B10A004C0B8A /* RadioModuleFeature.swift */ = {isa = PBXFileReference; lastKnownFileType = sourcecode.swift; path = RadioModuleFeature.swift; sourceTree = "<group>"; };
		CEC5F8532CF9E5F1004C0B8A /* InputTextAreaModuleFeature.swift */ = {isa = PBXFileReference; lastKnownFileType = sourcecode.swift; path = InputTextAreaModuleFeature.swift; sourceTree = "<group>"; };
		CED4CA9B2CE62593009019A8 /* ModuleFlow.swift */ = {isa = PBXFileReference; lastKnownFileType = sourcecode.swift; path = ModuleFlow.swift; sourceTree = "<group>"; };
		CEDF50FD2CF86E7700160278 /* TitleModuleFeature.swift */ = {isa = PBXFileReference; lastKnownFileType = sourcecode.swift; path = TitleModuleFeature.swift; sourceTree = "<group>"; };
		CEE02DC12D03214300C0AF86 /* SnackBarModuleFeature.swift */ = {isa = PBXFileReference; lastKnownFileType = sourcecode.swift; path = SnackBarModuleFeature.swift; sourceTree = "<group>"; };
		CEEB5E612C356801000E0215 /* ComponentsShowcaseFeature.swift */ = {isa = PBXFileReference; lastKnownFileType = sourcecode.swift; path = ComponentsShowcaseFeature.swift; sourceTree = "<group>"; };
		CEF1FA2C2C57D9A500D0D5D2 /* GibddFineCellsExample.swift */ = {isa = PBXFileReference; fileEncoding = 4; lastKnownFileType = sourcecode.swift; path = GibddFineCellsExample.swift; sourceTree = "<group>"; };
		CEF1FA2F2C57D9D700D0D5D2 /* RowCellExample.swift */ = {isa = PBXFileReference; fileEncoding = 4; lastKnownFileType = sourcecode.swift; path = RowCellExample.swift; sourceTree = "<group>"; };
		CEF1FA312C57D9DE00D0D5D2 /* RowViewExample.swift */ = {isa = PBXFileReference; fileEncoding = 4; lastKnownFileType = sourcecode.swift; path = RowViewExample.swift; sourceTree = "<group>"; };
		CEF8CD752C622F55009B8409 /* ButtonPayModuleFeature.swift */ = {isa = PBXFileReference; lastKnownFileType = sourcecode.swift; path = ButtonPayModuleFeature.swift; sourceTree = "<group>"; };
		D8A9B7EA2D00ADE600F1423B /* StoriesModuleFeature.swift */ = {isa = PBXFileReference; lastKnownFileType = sourcecode.swift; path = StoriesModuleFeature.swift; sourceTree = "<group>"; };
/* End PBXFileReference section */

/* Begin PBXFrameworksBuildPhase section */
		8889557C29140FFC00A46293 /* Frameworks */ = {
			isa = PBXFrameworksBuildPhase;
			buildActionMask = 2147483647;
			files = (
				CE32AC4B2C6CD561006969F2 /* Services in Frameworks */,
				CEEB5E672C3568B0000E0215 /* Extensions in Frameworks */,
				CEEB5E5B2C356246000E0215 /* ArchitectureTableView in Frameworks */,
				CEA336112C36C17100880A1F /* Router in Frameworks */,
			);
			runOnlyForDeploymentPostprocessing = 0;
		};
/* End PBXFrameworksBuildPhase section */

/* Begin PBXGroup section */
		348C53942C774B8F00ACEA5C /* SegmentItemModule */ = {
			isa = PBXGroup;
			children = (
				348C53952C774FC000ACEA5C /* SegmentItemModuleFeature.swift */,
			);
			path = SegmentItemModule;
			sourceTree = "<group>";
		};
		34FC046F2C400565005DB295 /* BadgeModule */ = {
			isa = PBXGroup;
			children = (
				34C3999D2C5B85D400C98DBC /* BadgeModuleFeature.swift */,
			);
			path = BadgeModule;
			sourceTree = "<group>";
		};
		8889557629140FFC00A46293 = {
			isa = PBXGroup;
			children = (
				8889558129140FFC00A46293 /* OrnamentApp */,
				8889558029140FFC00A46293 /* Products */,
				888955B82914112F00A46293 /* Frameworks */,
			);
			sourceTree = "<group>";
		};
		8889558029140FFC00A46293 /* Products */ = {
			isa = PBXGroup;
			children = (
				8889557F29140FFC00A46293 /* OrnamentApp.app */,
			);
			name = Products;
			sourceTree = "<group>";
		};
		8889558129140FFC00A46293 /* OrnamentApp */ = {
			isa = PBXGroup;
			children = (
				CEB9EE2D2CE76E81008B67ED /* Services */,
				CEA336032C36B18800880A1F /* Enums */,
				CEEB5E5F2C356788000E0215 /* Modules */,
				8889558229140FFC00A46293 /* AppDelegate.swift */,
				888955B62914108700A46293 /* SceneDelegate.swift */,
				8889558B29140FFE00A46293 /* Assets.xcassets */,
				8889558D29140FFE00A46293 /* LaunchScreen.storyboard */,
				8889559029140FFE00A46293 /* Info.plist */,
			);
			path = OrnamentApp;
			sourceTree = "<group>";
		};
		888955B82914112F00A46293 /* Frameworks */ = {
			isa = PBXGroup;
			children = (
			);
			name = Frameworks;
			sourceTree = "<group>";
		};
		CE0F194E2CFF3D65003A77DC /* StepperModule */ = {
			isa = PBXGroup;
			children = (
				CE0F19532CFF5426003A77DC /* StepperModuleFeature.swift */,
			);
			path = StepperModule;
			sourceTree = "<group>";
		};
		CE0F19502CFF3D8C003A77DC /* StepperItemModule */ = {
			isa = PBXGroup;
			children = (
				CE0F19512CFF3E6E003A77DC /* StepperItemModule.swift */,
			);
			path = StepperItemModule;
			sourceTree = "<group>";
		};
		CE15ECBA2C57A74400F148B7 /* TitleModule */ = {
			isa = PBXGroup;
			children = (
				CEDF50FD2CF86E7700160278 /* TitleModuleFeature.swift */,
			);
			path = TitleModule;
			sourceTree = "<group>";
		};
		CE18EE3B2D01AB1100D12F1C /* TileModule */ = {
			isa = PBXGroup;
			children = (
				CE18EE3C2D01AB1E00D12F1C /* TileModuleFeature.swift */,
			);
			path = TileModule;
			sourceTree = "<group>";
		};
		CE32FFFC2D06DF5200B526A1 /* InputOTPModule */ = {
			isa = PBXGroup;
			children = (
				CE3200C52D06F84900B526A1 /* InputOTPModuleFeature.swift */,
			);
			path = InputOTPModule;
			sourceTree = "<group>";
		};
		CE32FFFD2D06DF5D00B526A1 /* InputOTPItemModule */ = {
			isa = PBXGroup;
			children = (
				CE32FFFE2D06DF8600B526A1 /* InputOTPItemModuleFeature.swift */,
			);
			path = InputOTPItemModule;
			sourceTree = "<group>";
		};
		CE3381792CEB4FE500FABBC5 /* InputTextAreaModule */ = {
			isa = PBXGroup;
			children = (
				CEC5F8532CF9E5F1004C0B8A /* InputTextAreaModuleFeature.swift */,
			);
			path = InputTextAreaModule;
			sourceTree = "<group>";
		};
		CE33817A2CEB4FFE00FABBC5 /* InputSearchModule */ = {
			isa = PBXGroup;
			children = (
				CE9EE9812CF4BB2400A5E596 /* InputSearchModuleFeature.swift */,
			);
			path = InputSearchModule;
			sourceTree = "<group>";
		};
		CE33817B2CEB502800FABBC5 /* InputAddCardModule */ = {
			isa = PBXGroup;
			children = (
			);
			path = InputAddCardModule;
			sourceTree = "<group>";
		};
		CE33817C2CEB503800FABBC5 /* InputPINModule */ = {
			isa = PBXGroup;
			children = (
				CE9EE97F2CF4B5E000A5E596 /* InputPINModuleFeature.swift */,
			);
			path = InputPINModule;
			sourceTree = "<group>";
		};
		CE33817D2CEB504D00FABBC5 /* PageControlModule */ = {
			isa = PBXGroup;
			children = (
			);
			path = PageControlModule;
			sourceTree = "<group>";
		};
		CE33817E2CEB506500FABBC5 /* StoriesModule */ = {
			isa = PBXGroup;
			children = (
				D8A9B7EA2D00ADE600F1423B /* StoriesModuleFeature.swift */,
			);
			path = StoriesModule;
			sourceTree = "<group>";
		};
		CE33817F2CEB507300FABBC5 /* TabsModule */ = {
			isa = PBXGroup;
			children = (
			);
			path = TabsModule;
			sourceTree = "<group>";
		};
		CE4A7C082C3E8AAA00AA7EB4 /* DividerModule */ = {
			isa = PBXGroup;
			children = (
				348C53902C74AA3F00ACEA5C /* DividerModuleFeature.swift */,
			);
			path = DividerModule;
			sourceTree = "<group>";
		};
		CE4A7C132C3EBBD300AA7EB4 /* InputAmountModule */ = {
			isa = PBXGroup;
			children = (
				CE9121D32C73CA7400ACDB72 /* InputAmountModuleFeature.swift */,
			);
			path = InputAmountModule;
			sourceTree = "<group>";
		};
		CE585B0D2D0883CD000BC559 /* InputSelectModule */ = {
			isa = PBXGroup;
			children = (
				CE585B0E2D0883E5000BC559 /* InputSelectModuleFeature.swift */,
			);
			path = InputSelectModule;
			sourceTree = "<group>";
		};
		CE5AE5222C5385AD00DD7BC4 /* NavigationBarModule */ = {
			isa = PBXGroup;
			children = (
				CE3381802CEB839A00FABBC5 /* NavigationBarModuleFeature.swift */,
			);
			path = NavigationBarModule;
			sourceTree = "<group>";
		};
		CE6692C62CF8B2CF00B68634 /* CheckboxModule */ = {
			isa = PBXGroup;
			children = (
				CE6692C72CF8B2E500B68634 /* CheckboxModuleFeature.swift */,
			);
			path = CheckboxModule;
			sourceTree = "<group>";
		};
		CE694C352C3D4E2A0064C0C0 /* ChipsModule */ = {
			isa = PBXGroup;
			children = (
				CE694C362C3D56090064C0C0 /* ChipsModuleFeature.swift */,
			);
			path = ChipsModule;
			sourceTree = "<group>";
		};
		CE8687AD2CFDAB1A00182C47 /* ToggleModule */ = {
			isa = PBXGroup;
			children = (
				CE8687AE2CFDAB2A00182C47 /* ToggleModuleFeature.swift */,
			);
			path = ToggleModule;
			sourceTree = "<group>";
		};
		CE8994652C6B44370019D130 /* HintModule */ = {
			isa = PBXGroup;
			children = (
				CE23F6B32C749CE1004D6CE6 /* HintModuleFeature.swift */,
			);
			path = HintModule;
			sourceTree = "<group>";
		};
		CE9EE97C2CF49E1500A5E596 /* InputPINItemModule */ = {
			isa = PBXGroup;
			children = (
				CE9EE97D2CF4A3E400A5E596 /* InputPINItemModuleFeature.swift */,
			);
			path = InputPINItemModule;
			sourceTree = "<group>";
		};
		CEA336032C36B18800880A1F /* Enums */ = {
			isa = PBXGroup;
			children = (
				CEA336042C36B1A400880A1F /* Components.swift */,
			);
			path = Enums;
			sourceTree = "<group>";
		};
		CEA4E2272C37CF530069707C /* ButtonAuthModule */ = {
			isa = PBXGroup;
			children = (
				CEA4E2282C37CF700069707C /* ButtonAuthModuleFeature.swift */,
			);
			path = ButtonAuthModule;
			sourceTree = "<group>";
		};
		CEB9EE2D2CE76E81008B67ED /* Services */ = {
			isa = PBXGroup;
			children = (
				348C538B2C73BCF900ACEA5C /* ChipsCreationService.swift */,
			);
			path = Services;
			sourceTree = "<group>";
		};
		CEB9EE302CE782C3008B67ED /* LoaderModule */ = {
			isa = PBXGroup;
			children = (
				CEB9EE312CE782D4008B67ED /* LoaderModuleFeature.swift */,
			);
			path = LoaderModule;
			sourceTree = "<group>";
		};
		CEC5F84E2CF9B0FD004C0B8A /* RadioModule */ = {
			isa = PBXGroup;
			children = (
				CEC5F84F2CF9B10A004C0B8A /* RadioModuleFeature.swift */,
			);
			path = RadioModule;
			sourceTree = "<group>";
		};
		CEC824B62C4E90BE00891643 /* ButtonIconModule */ = {
			isa = PBXGroup;
			children = (
				CE4D2E6F2CEF75F0000E7486 /* ButtonIconModuleFeature.swift */,
			);
			path = ButtonIconModule;
			sourceTree = "<group>";
		};
		CEC824C02C512D4000891643 /* ImageModule */ = {
			isa = PBXGroup;
			children = (
				CE9EE9782CF4579500A5E596 /* ImageModuleFeature.swift */,
			);
			path = ImageModule;
			sourceTree = "<group>";
		};
		CEE02DC02D03213600C0AF86 /* SnackBarModule */ = {
			isa = PBXGroup;
			children = (
				CEE02DC12D03214300C0AF86 /* SnackBarModuleFeature.swift */,
			);
			path = SnackBarModule;
			sourceTree = "<group>";
		};
		CEE15C4E2C400F48008E6D8C /* InputContryCodeModule */ = {
			isa = PBXGroup;
			children = (
			);
			path = InputContryCodeModule;
			sourceTree = "<group>";
		};
		CEEB5E5F2C356788000E0215 /* Modules */ = {
			isa = PBXGroup;
			children = (
				CEF1FA2A2C57D97D00D0D5D2 /* AuxiliaryModules */,
				34FC046F2C400565005DB295 /* BadgeModule */,
				CEF1F9E02C57BC5A00D0D5D2 /* BannerModule */,
				CEF1F9E12C57BC6A00D0D5D2 /* ButtonModule */,
				CEC824B62C4E90BE00891643 /* ButtonIconModule */,
				CEF1F9E62C57D01A00D0D5D2 /* ButtonPayModule */,
				CEA4E2272C37CF530069707C /* ButtonAuthModule */,
				CEF1F9E22C57BC7900D0D5D2 /* CardModule */,
				CE6692C62CF8B2CF00B68634 /* CheckboxModule */,
				CE694C352C3D4E2A0064C0C0 /* ChipsModule */,
				CE4A7C082C3E8AAA00AA7EB4 /* DividerModule */,
				CE8994652C6B44370019D130 /* HintModule */,
				CEF1F9E42C57CD1500D0D5D2 /* LabelModule */,
				CEF2DE6F2C414FD00065C1BD /* InputModule */,
				CE3381792CEB4FE500FABBC5 /* InputTextAreaModule */,
				CE33817A2CEB4FFE00FABBC5 /* InputSearchModule */,
				CEE15C4E2C400F48008E6D8C /* InputContryCodeModule */,
				CE4A7C132C3EBBD300AA7EB4 /* InputAmountModule */,
				CE585B0D2D0883CD000BC559 /* InputSelectModule */,
				CE32FFFC2D06DF5200B526A1 /* InputOTPModule */,
				CE32FFFD2D06DF5D00B526A1 /* InputOTPItemModule */,
				CE33817B2CEB502800FABBC5 /* InputAddCardModule */,
				CE33817C2CEB503800FABBC5 /* InputPINModule */,
				CE9EE97C2CF49E1500A5E596 /* InputPINItemModule */,
				CEC824C02C512D4000891643 /* ImageModule */,
				CEB9EE302CE782C3008B67ED /* LoaderModule */,
				CE5AE5222C5385AD00DD7BC4 /* NavigationBarModule */,
				CE33817D2CEB504D00FABBC5 /* PageControlModule */,
				CEC5F84E2CF9B0FD004C0B8A /* RadioModule */,
				CEF1F9E82C57D04200D0D5D2 /* SegmentControlModule */,
				348C53942C774B8F00ACEA5C /* SegmentItemModule */,
				CEE02DC02D03213600C0AF86 /* SnackBarModule */,
				CE0F194E2CFF3D65003A77DC /* StepperModule */,
				CE0F19502CFF3D8C003A77DC /* StepperItemModule */,
				CE33817E2CEB506500FABBC5 /* StoriesModule */,
				CE33817F2CEB507300FABBC5 /* TabsModule */,
				CE18EE3B2D01AB1100D12F1C /* TileModule */,
				CE15ECBA2C57A74400F148B7 /* TitleModule */,
				CE8687AD2CFDAB1A00182C47 /* ToggleModule */,
				CEEB5E602C35678D000E0215 /* ComponentsShowcaseModule */,
				CEB9EE2E2CE76F70008B67ED /* BaseModuleFeature.swift */,
				CED4CA9B2CE62593009019A8 /* ModuleFlow.swift */,
				CEA3360B2C36C0BE00880A1F /* MainCoordinator.swift */,
			);
			path = Modules;
			sourceTree = "<group>";
		};
		CEEB5E602C35678D000E0215 /* ComponentsShowcaseModule */ = {
			isa = PBXGroup;
			children = (
				CEEB5E612C356801000E0215 /* ComponentsShowcaseFeature.swift */,
				CEA3360D2C36C0E100880A1F /* ComponentsShowcaseCoordinator.swift */,
			);
			path = ComponentsShowcaseModule;
			sourceTree = "<group>";
		};
		CEF1F9E02C57BC5A00D0D5D2 /* BannerModule */ = {
			isa = PBXGroup;
			children = (
				CE254A5A2C5CDAC20083EF57 /* BannerModuleFeature.swift */,
			);
			path = BannerModule;
			sourceTree = "<group>";
		};
		CEF1F9E12C57BC6A00D0D5D2 /* ButtonModule */ = {
			isa = PBXGroup;
			children = (
				CE4D2E6B2CEF5DA0000E7486 /* ButtonModuleFeature.swift */,
			);
			path = ButtonModule;
			sourceTree = "<group>";
		};
		CEF1F9E22C57BC7900D0D5D2 /* CardModule */ = {
			isa = PBXGroup;
			children = (
				CE2C64E62CF09334002A78CF /* CardModuleFeature.swift */,
			);
			path = CardModule;
			sourceTree = "<group>";
		};
		CEF1F9E42C57CD1500D0D5D2 /* LabelModule */ = {
			isa = PBXGroup;
			children = (
				CE9EE9832CF4C05E00A5E596 /* LabelModuleFeature.swift */,
			);
			path = LabelModule;
			sourceTree = "<group>";
		};
		CEF1F9E62C57D01A00D0D5D2 /* ButtonPayModule */ = {
			isa = PBXGroup;
			children = (
				CEF8CD752C622F55009B8409 /* ButtonPayModuleFeature.swift */,
			);
			path = ButtonPayModule;
			sourceTree = "<group>";
		};
		CEF1F9E82C57D04200D0D5D2 /* SegmentControlModule */ = {
			isa = PBXGroup;
			children = (
				348C53922C7621BE00ACEA5C /* SegmentControlModuleFeature.swift */,
			);
			path = SegmentControlModule;
			sourceTree = "<group>";
		};
		CEF1FA2A2C57D97D00D0D5D2 /* AuxiliaryModules */ = {
			isa = PBXGroup;
			children = (
				CEF1FA2E2C57D9CE00D0D5D2 /* RowModule */,
				CEF1FA2B2C57D98B00D0D5D2 /* GibddFineModule */,
			);
			path = AuxiliaryModules;
			sourceTree = "<group>";
		};
		CEF1FA2B2C57D98B00D0D5D2 /* GibddFineModule */ = {
			isa = PBXGroup;
			children = (
				CEF1FA2C2C57D9A500D0D5D2 /* GibddFineCellsExample.swift */,
			);
			path = GibddFineModule;
			sourceTree = "<group>";
		};
		CEF1FA2E2C57D9CE00D0D5D2 /* RowModule */ = {
			isa = PBXGroup;
			children = (
				CEF1FA312C57D9DE00D0D5D2 /* RowViewExample.swift */,
				CEF1FA2F2C57D9D700D0D5D2 /* RowCellExample.swift */,
			);
			path = RowModule;
			sourceTree = "<group>";
		};
		CEF2DE6F2C414FD00065C1BD /* InputModule */ = {
			isa = PBXGroup;
			children = (
				CE9EE97A2CF47C7600A5E596 /* InputModuleFeature.swift */,
			);
			path = InputModule;
			sourceTree = "<group>";
		};
/* End PBXGroup section */

/* Begin PBXNativeTarget section */
		8889557E29140FFC00A46293 /* OrnamentApp */ = {
			isa = PBXNativeTarget;
			buildConfigurationList = 8889559329140FFE00A46293 /* Build configuration list for PBXNativeTarget "OrnamentApp" */;
			buildPhases = (
				8889557B29140FFC00A46293 /* Sources */,
				8889557C29140FFC00A46293 /* Frameworks */,
				8889557D29140FFC00A46293 /* Resources */,
			);
			buildRules = (
			);
			dependencies = (
			);
			name = OrnamentApp;
			packageProductDependencies = (
				CEEB5E5A2C356246000E0215 /* ArchitectureTableView */,
				CEEB5E662C3568B0000E0215 /* Extensions */,
				CEA336102C36C17100880A1F /* Router */,
				CE32AC4A2C6CD561006969F2 /* Services */,
			);
			productName = OrnamentApp;
			productReference = 8889557F29140FFC00A46293 /* OrnamentApp.app */;
			productType = "com.apple.product-type.application";
		};
/* End PBXNativeTarget section */

/* Begin PBXProject section */
		8889557729140FFC00A46293 /* Project object */ = {
			isa = PBXProject;
			attributes = {
				BuildIndependentTargetsInParallel = 1;
				LastSwiftUpdateCheck = 1400;
				LastUpgradeCheck = 1400;
				TargetAttributes = {
					8889557E29140FFC00A46293 = {
						CreatedOnToolsVersion = 14.0.1;
					};
				};
			};
			buildConfigurationList = 8889557A29140FFC00A46293 /* Build configuration list for PBXProject "OrnamentApp" */;
			compatibilityVersion = "Xcode 14.0";
			developmentRegion = en;
			hasScannedForEncodings = 0;
			knownRegions = (
				en,
				Base,
			);
			mainGroup = 8889557629140FFC00A46293;
			packageReferences = (
				CEEB5E592C356246000E0215 /* XCRemoteSwiftPackageReference "ios-architecture-table" */,
				CEEB5E652C3568B0000E0215 /* XCRemoteSwiftPackageReference "ios-extensions" */,
				CEA3360F2C36C17100880A1F /* XCRemoteSwiftPackageReference "ios-service-routing" */,
				CE32AC492C6CD561006969F2 /* XCRemoteSwiftPackageReference "ios-services" */,
			);
			productRefGroup = 8889558029140FFC00A46293 /* Products */;
			projectDirPath = "";
			projectRoot = "";
			targets = (
				8889557E29140FFC00A46293 /* OrnamentApp */,
			);
		};
/* End PBXProject section */

/* Begin PBXResourcesBuildPhase section */
		8889557D29140FFC00A46293 /* Resources */ = {
			isa = PBXResourcesBuildPhase;
			buildActionMask = 2147483647;
			files = (
				8889558F29140FFE00A46293 /* LaunchScreen.storyboard in Resources */,
				8889558C29140FFE00A46293 /* Assets.xcassets in Resources */,
			);
			runOnlyForDeploymentPostprocessing = 0;
		};
/* End PBXResourcesBuildPhase section */

/* Begin PBXSourcesBuildPhase section */
		8889557B29140FFC00A46293 /* Sources */ = {
			isa = PBXSourcesBuildPhase;
			buildActionMask = 2147483647;
			files = (
				CEF1FA2D2C57D9A500D0D5D2 /* GibddFineCellsExample.swift in Sources */,
				CE254A5B2C5CDAC20083EF57 /* BannerModuleFeature.swift in Sources */,
				CEA3360E2C36C0E100880A1F /* ComponentsShowcaseCoordinator.swift in Sources */,
				CEB9EE2F2CE76F72008B67ED /* BaseModuleFeature.swift in Sources */,
				CE9EE97E2CF4A3FA00A5E596 /* InputPINItemModuleFeature.swift in Sources */,
				CED4CA9C2CE625A2009019A8 /* ModuleFlow.swift in Sources */,
				CEB9EE322CE782DB008B67ED /* LoaderModuleFeature.swift in Sources */,
				CE9121D42C73CA7400ACDB72 /* InputAmountModuleFeature.swift in Sources */,
				CE23F6B42C749CE1004D6CE6 /* HintModuleFeature.swift in Sources */,
				CEE02DC22D03214900C0AF86 /* SnackBarModuleFeature.swift in Sources */,
				CE6692C82CF8B2F200B68634 /* CheckboxModuleFeature.swift in Sources */,
				CE694C372C3D56090064C0C0 /* ChipsModuleFeature.swift in Sources */,
				34C3999E2C5B85D400C98DBC /* BadgeModuleFeature.swift in Sources */,
				CEF1FA322C57D9DE00D0D5D2 /* RowViewExample.swift in Sources */,
				D8A9B7EB2D00ADE600F1423B /* StoriesModuleFeature.swift in Sources */,
				CE2C64E72CF0933E002A78CF /* CardModuleFeature.swift in Sources */,
				348C53932C7621BE00ACEA5C /* SegmentControlModuleFeature.swift in Sources */,
				CEA3360C2C36C0BE00880A1F /* MainCoordinator.swift in Sources */,
				CEDF50FE2CF86E8100160278 /* TitleModuleFeature.swift in Sources */,
				CEEB5E622C356802000E0215 /* ComponentsShowcaseFeature.swift in Sources */,
				CEA4E2292C37CF700069707C /* ButtonAuthModuleFeature.swift in Sources */,
				CE9EE9822CF4BB2B00A5E596 /* InputSearchModuleFeature.swift in Sources */,
				8889558329140FFC00A46293 /* AppDelegate.swift in Sources */,
				348C538C2C73BCF900ACEA5C /* ChipsCreationService.swift in Sources */,
				CE0F19522CFF3E73003A77DC /* StepperItemModule.swift in Sources */,
				CE3200C62D06F85100B526A1 /* InputOTPModuleFeature.swift in Sources */,
				CEF1FA302C57D9D700D0D5D2 /* RowCellExample.swift in Sources */,
				CE9EE97B2CF47C7B00A5E596 /* InputModuleFeature.swift in Sources */,
				CE8687AF2CFDAB2E00182C47 /* ToggleModuleFeature.swift in Sources */,
				CE3381812CEB83A100FABBC5 /* NavigationBarModuleFeature.swift in Sources */,
				CE9EE9792CF4579C00A5E596 /* ImageModuleFeature.swift in Sources */,
				CE9EE9842CF4C06400A5E596 /* LabelModuleFeature.swift in Sources */,
				CE4D2E6C2CEF5DA7000E7486 /* ButtonModuleFeature.swift in Sources */,
				CE585B0F2D0883ED000BC559 /* InputSelectModuleFeature.swift in Sources */,
				CEC5F8502CF9B10F004C0B8A /* RadioModuleFeature.swift in Sources */,
				CE9EE9802CF4B5E600A5E596 /* InputPINModuleFeature.swift in Sources */,
				888955B72914108700A46293 /* SceneDelegate.swift in Sources */,
				CE4D2E702CEF75F7000E7486 /* ButtonIconModuleFeature.swift in Sources */,
				CE0F19542CFF542B003A77DC /* StepperModuleFeature.swift in Sources */,
				CE18EE3D2D01AB2200D12F1C /* TileModuleFeature.swift in Sources */,
				CEA336052C36B1A400880A1F /* Components.swift in Sources */,
				CEC5F8542CF9E5FB004C0B8A /* InputTextAreaModuleFeature.swift in Sources */,
				348C53962C774FC000ACEA5C /* SegmentItemModuleFeature.swift in Sources */,
				348C53912C74AA3F00ACEA5C /* DividerModuleFeature.swift in Sources */,
				CE32FFFF2D06DF9000B526A1 /* InputOTPItemModuleFeature.swift in Sources */,
				CEF8CD762C622F55009B8409 /* ButtonPayModuleFeature.swift in Sources */,
			);
			runOnlyForDeploymentPostprocessing = 0;
		};
/* End PBXSourcesBuildPhase section */

/* Begin PBXVariantGroup section */
		8889558D29140FFE00A46293 /* LaunchScreen.storyboard */ = {
			isa = PBXVariantGroup;
			children = (
				8889558E29140FFE00A46293 /* Base */,
			);
			name = LaunchScreen.storyboard;
			sourceTree = "<group>";
		};
/* End PBXVariantGroup section */

/* Begin XCBuildConfiguration section */
		8889559129140FFE00A46293 /* Debug */ = {
			isa = XCBuildConfiguration;
			buildSettings = {
				ALWAYS_SEARCH_USER_PATHS = NO;
				CLANG_ANALYZER_LOCALIZABILITY_NONLOCALIZED = YES;
				CLANG_ANALYZER_NONNULL = YES;
				CLANG_ANALYZER_NUMBER_OBJECT_CONVERSION = YES_AGGRESSIVE;
				CLANG_CXX_LANGUAGE_STANDARD = "gnu++20";
				CLANG_ENABLE_MODULES = YES;
				CLANG_ENABLE_OBJC_ARC = YES;
				CLANG_ENABLE_OBJC_WEAK = YES;
				CLANG_WARN_BLOCK_CAPTURE_AUTORELEASING = YES;
				CLANG_WARN_BOOL_CONVERSION = YES;
				CLANG_WARN_COMMA = YES;
				CLANG_WARN_CONSTANT_CONVERSION = YES;
				CLANG_WARN_DEPRECATED_OBJC_IMPLEMENTATIONS = YES;
				CLANG_WARN_DIRECT_OBJC_ISA_USAGE = YES_ERROR;
				CLANG_WARN_DOCUMENTATION_COMMENTS = YES;
				CLANG_WARN_EMPTY_BODY = YES;
				CLANG_WARN_ENUM_CONVERSION = YES;
				CLANG_WARN_INFINITE_RECURSION = YES;
				CLANG_WARN_INT_CONVERSION = YES;
				CLANG_WARN_NON_LITERAL_NULL_CONVERSION = YES;
				CLANG_WARN_OBJC_IMPLICIT_RETAIN_SELF = YES;
				CLANG_WARN_OBJC_LITERAL_CONVERSION = YES;
				CLANG_WARN_OBJC_ROOT_CLASS = YES_ERROR;
				CLANG_WARN_QUOTED_INCLUDE_IN_FRAMEWORK_HEADER = YES;
				CLANG_WARN_RANGE_LOOP_ANALYSIS = YES;
				CLANG_WARN_STRICT_PROTOTYPES = YES;
				CLANG_WARN_SUSPICIOUS_MOVE = YES;
				CLANG_WARN_UNGUARDED_AVAILABILITY = YES_AGGRESSIVE;
				CLANG_WARN_UNREACHABLE_CODE = YES;
				CLANG_WARN__DUPLICATE_METHOD_MATCH = YES;
				COPY_PHASE_STRIP = NO;
				DEBUG_INFORMATION_FORMAT = dwarf;
				ENABLE_STRICT_OBJC_MSGSEND = YES;
				ENABLE_TESTABILITY = YES;
				GCC_C_LANGUAGE_STANDARD = gnu11;
				GCC_DYNAMIC_NO_PIC = NO;
				GCC_NO_COMMON_BLOCKS = YES;
				GCC_OPTIMIZATION_LEVEL = 0;
				GCC_PREPROCESSOR_DEFINITIONS = (
					"DEBUG=1",
					"$(inherited)",
				);
				GCC_WARN_64_TO_32_BIT_CONVERSION = YES;
				GCC_WARN_ABOUT_RETURN_TYPE = YES_ERROR;
				GCC_WARN_UNDECLARED_SELECTOR = YES;
				GCC_WARN_UNINITIALIZED_AUTOS = YES_AGGRESSIVE;
				GCC_WARN_UNUSED_FUNCTION = YES;
				GCC_WARN_UNUSED_VARIABLE = YES;
				IPHONEOS_DEPLOYMENT_TARGET = 15.0;
				MTL_ENABLE_DEBUG_INFO = INCLUDE_SOURCE;
				MTL_FAST_MATH = YES;
				ONLY_ACTIVE_ARCH = YES;
				SDKROOT = iphoneos;
				SWIFT_ACTIVE_COMPILATION_CONDITIONS = DEBUG;
				SWIFT_OPTIMIZATION_LEVEL = "-Onone";
			};
			name = Debug;
		};
		8889559229140FFE00A46293 /* Release */ = {
			isa = XCBuildConfiguration;
			buildSettings = {
				ALWAYS_SEARCH_USER_PATHS = NO;
				CLANG_ANALYZER_LOCALIZABILITY_NONLOCALIZED = YES;
				CLANG_ANALYZER_NONNULL = YES;
				CLANG_ANALYZER_NUMBER_OBJECT_CONVERSION = YES_AGGRESSIVE;
				CLANG_CXX_LANGUAGE_STANDARD = "gnu++20";
				CLANG_ENABLE_MODULES = YES;
				CLANG_ENABLE_OBJC_ARC = YES;
				CLANG_ENABLE_OBJC_WEAK = YES;
				CLANG_WARN_BLOCK_CAPTURE_AUTORELEASING = YES;
				CLANG_WARN_BOOL_CONVERSION = YES;
				CLANG_WARN_COMMA = YES;
				CLANG_WARN_CONSTANT_CONVERSION = YES;
				CLANG_WARN_DEPRECATED_OBJC_IMPLEMENTATIONS = YES;
				CLANG_WARN_DIRECT_OBJC_ISA_USAGE = YES_ERROR;
				CLANG_WARN_DOCUMENTATION_COMMENTS = YES;
				CLANG_WARN_EMPTY_BODY = YES;
				CLANG_WARN_ENUM_CONVERSION = YES;
				CLANG_WARN_INFINITE_RECURSION = YES;
				CLANG_WARN_INT_CONVERSION = YES;
				CLANG_WARN_NON_LITERAL_NULL_CONVERSION = YES;
				CLANG_WARN_OBJC_IMPLICIT_RETAIN_SELF = YES;
				CLANG_WARN_OBJC_LITERAL_CONVERSION = YES;
				CLANG_WARN_OBJC_ROOT_CLASS = YES_ERROR;
				CLANG_WARN_QUOTED_INCLUDE_IN_FRAMEWORK_HEADER = YES;
				CLANG_WARN_RANGE_LOOP_ANALYSIS = YES;
				CLANG_WARN_STRICT_PROTOTYPES = YES;
				CLANG_WARN_SUSPICIOUS_MOVE = YES;
				CLANG_WARN_UNGUARDED_AVAILABILITY = YES_AGGRESSIVE;
				CLANG_WARN_UNREACHABLE_CODE = YES;
				CLANG_WARN__DUPLICATE_METHOD_MATCH = YES;
				COPY_PHASE_STRIP = NO;
				DEBUG_INFORMATION_FORMAT = "dwarf-with-dsym";
				ENABLE_NS_ASSERTIONS = NO;
				ENABLE_STRICT_OBJC_MSGSEND = YES;
				GCC_C_LANGUAGE_STANDARD = gnu11;
				GCC_NO_COMMON_BLOCKS = YES;
				GCC_WARN_64_TO_32_BIT_CONVERSION = YES;
				GCC_WARN_ABOUT_RETURN_TYPE = YES_ERROR;
				GCC_WARN_UNDECLARED_SELECTOR = YES;
				GCC_WARN_UNINITIALIZED_AUTOS = YES_AGGRESSIVE;
				GCC_WARN_UNUSED_FUNCTION = YES;
				GCC_WARN_UNUSED_VARIABLE = YES;
				IPHONEOS_DEPLOYMENT_TARGET = 15.0;
				MTL_ENABLE_DEBUG_INFO = NO;
				MTL_FAST_MATH = YES;
				SDKROOT = iphoneos;
				SWIFT_COMPILATION_MODE = wholemodule;
				SWIFT_OPTIMIZATION_LEVEL = "-O";
				VALIDATE_PRODUCT = YES;
			};
			name = Release;
		};
		8889559429140FFE00A46293 /* Debug */ = {
			isa = XCBuildConfiguration;
			buildSettings = {
				ASSETCATALOG_COMPILER_APPICON_NAME = AppIcon;
				ASSETCATALOG_COMPILER_GLOBAL_ACCENT_COLOR_NAME = AccentColor;
				CODE_SIGN_STYLE = Automatic;
				CURRENT_PROJECT_VERSION = 1;
				DEVELOPMENT_TEAM = KB3C698SC6;
				GENERATE_INFOPLIST_FILE = YES;
				INFOPLIST_FILE = OrnamentApp/Info.plist;
				INFOPLIST_KEY_UIApplicationSupportsIndirectInputEvents = YES;
				INFOPLIST_KEY_UILaunchStoryboardName = LaunchScreen;
				INFOPLIST_KEY_UISupportedInterfaceOrientations = UIInterfaceOrientationPortrait;
				INFOPLIST_KEY_UISupportedInterfaceOrientations_iPad = "UIInterfaceOrientationLandscapeLeft UIInterfaceOrientationLandscapeRight UIInterfaceOrientationPortrait UIInterfaceOrientationPortraitUpsideDown";
				IPHONEOS_DEPLOYMENT_TARGET = 15.0;
				LD_RUNPATH_SEARCH_PATHS = (
					"$(inherited)",
					"@executable_path/Frameworks",
				);
				MARKETING_VERSION = 1.0;
				PRODUCT_BUNDLE_IDENTIFIER = ru.abb.OrnamentApp;
				PRODUCT_NAME = "$(TARGET_NAME)";
				SUPPORTED_PLATFORMS = "iphoneos iphonesimulator";
				SUPPORTS_MACCATALYST = NO;
				SUPPORTS_MAC_DESIGNED_FOR_IPHONE_IPAD = NO;
				SWIFT_EMIT_LOC_STRINGS = YES;
				SWIFT_VERSION = 5.0;
				TARGETED_DEVICE_FAMILY = 1;
			};
			name = Debug;
		};
		8889559529140FFE00A46293 /* Release */ = {
			isa = XCBuildConfiguration;
			buildSettings = {
				ASSETCATALOG_COMPILER_APPICON_NAME = AppIcon;
				ASSETCATALOG_COMPILER_GLOBAL_ACCENT_COLOR_NAME = AccentColor;
				CODE_SIGN_STYLE = Automatic;
				CURRENT_PROJECT_VERSION = 1;
				DEVELOPMENT_TEAM = KB3C698SC6;
				GENERATE_INFOPLIST_FILE = YES;
				INFOPLIST_FILE = OrnamentApp/Info.plist;
				INFOPLIST_KEY_UIApplicationSupportsIndirectInputEvents = YES;
				INFOPLIST_KEY_UILaunchStoryboardName = LaunchScreen;
				INFOPLIST_KEY_UISupportedInterfaceOrientations = UIInterfaceOrientationPortrait;
				INFOPLIST_KEY_UISupportedInterfaceOrientations_iPad = "UIInterfaceOrientationLandscapeLeft UIInterfaceOrientationLandscapeRight UIInterfaceOrientationPortrait UIInterfaceOrientationPortraitUpsideDown";
				IPHONEOS_DEPLOYMENT_TARGET = 15.0;
				LD_RUNPATH_SEARCH_PATHS = (
					"$(inherited)",
					"@executable_path/Frameworks",
				);
				MARKETING_VERSION = 1.0;
				PRODUCT_BUNDLE_IDENTIFIER = ru.abb.OrnamentApp;
				PRODUCT_NAME = "$(TARGET_NAME)";
				SUPPORTED_PLATFORMS = "iphoneos iphonesimulator";
				SUPPORTS_MACCATALYST = NO;
				SUPPORTS_MAC_DESIGNED_FOR_IPHONE_IPAD = NO;
				SWIFT_EMIT_LOC_STRINGS = YES;
				SWIFT_VERSION = 5.0;
				TARGETED_DEVICE_FAMILY = 1;
			};
			name = Release;
		};
/* End XCBuildConfiguration section */

/* Begin XCConfigurationList section */
		8889557A29140FFC00A46293 /* Build configuration list for PBXProject "OrnamentApp" */ = {
			isa = XCConfigurationList;
			buildConfigurations = (
				8889559129140FFE00A46293 /* Debug */,
				8889559229140FFE00A46293 /* Release */,
			);
			defaultConfigurationIsVisible = 0;
			defaultConfigurationName = Release;
		};
		8889559329140FFE00A46293 /* Build configuration list for PBXNativeTarget "OrnamentApp" */ = {
			isa = XCConfigurationList;
			buildConfigurations = (
				8889559429140FFE00A46293 /* Debug */,
				8889559529140FFE00A46293 /* Release */,
			);
			defaultConfigurationIsVisible = 0;
			defaultConfigurationName = Release;
		};
/* End XCConfigurationList section */

/* Begin XCRemoteSwiftPackageReference section */
		CE32AC492C6CD561006969F2 /* XCRemoteSwiftPackageReference "ios-services" */ = {
			isa = XCRemoteSwiftPackageReference;
			repositoryURL = "https://gitlab.akbars.tech/abo/ios-services";
			requirement = {
				kind = upToNextMajorVersion;
				minimumVersion = 0.3.0;
			};
		};
		CEA3360F2C36C17100880A1F /* XCRemoteSwiftPackageReference "ios-service-routing" */ = {
			isa = XCRemoteSwiftPackageReference;
			repositoryURL = "https://gitlab.akbars.tech/abo/ios-service-routing";
			requirement = {
				kind = upToNextMajorVersion;
				minimumVersion = 0.0.2;
			};
		};
		CEEB5E592C356246000E0215 /* XCRemoteSwiftPackageReference "ios-architecture-table" */ = {
			isa = XCRemoteSwiftPackageReference;
			repositoryURL = "https://gitlab.akbars.tech/abo/ios-architecture-table";
			requirement = {
				kind = upToNextMajorVersion;
				minimumVersion = 24.0.0;
			};
		};
		CEEB5E652C3568B0000E0215 /* XCRemoteSwiftPackageReference "ios-extensions" */ = {
			isa = XCRemoteSwiftPackageReference;
			repositoryURL = "https://gitlab.akbars.tech/abo/ios-extensions";
			requirement = {
				kind = upToNextMajorVersion;
				minimumVersion = 0.2.0;
			};
		};
/* End XCRemoteSwiftPackageReference section */

/* Begin XCSwiftPackageProductDependency section */
		CE32AC4A2C6CD561006969F2 /* Services */ = {
			isa = XCSwiftPackageProductDependency;
			package = CE32AC492C6CD561006969F2 /* XCRemoteSwiftPackageReference "ios-services" */;
			productName = Services;
		};
		CEA336102C36C17100880A1F /* Router */ = {
			isa = XCSwiftPackageProductDependency;
			package = CEA3360F2C36C17100880A1F /* XCRemoteSwiftPackageReference "ios-service-routing" */;
			productName = Router;
		};
		CEEB5E5A2C356246000E0215 /* ArchitectureTableView */ = {
			isa = XCSwiftPackageProductDependency;
			package = CEEB5E592C356246000E0215 /* XCRemoteSwiftPackageReference "ios-architecture-table" */;
			productName = ArchitectureTableView;
		};
		CEEB5E662C3568B0000E0215 /* Extensions */ = {
			isa = XCSwiftPackageProductDependency;
			package = CEEB5E652C3568B0000E0215 /* XCRemoteSwiftPackageReference "ios-extensions" */;
			productName = Extensions;
		};
/* End XCSwiftPackageProductDependency section */
	};
	rootObject = 8889557729140FFC00A46293 /* Project object */;
}
