// !$*UTF8*$!
{
	archiveVersion = 1;
	classes = {
	};
	objectVersion = 56;
	objects = {

/* Begin PBXBuildFile section */
		886BE62A291959030085BDDD /* BorderLabeledInput.swift in Sources */ = {isa = PBXBuildFile; fileRef = 886BE629291959030085BDDD /* BorderLabeledInput.swift */; };
		8889557029140FB300A46293 /* Ornament.h in Headers */ = {isa = PBXBuildFile; fileRef = 8889556F29140FB300A46293 /* Ornament.h */; settings = {ATTRIBUTES = (Public, ); }; };
		888955A92914103700A46293 /* OnlyUppercasedTextFieldDelegate.swift in Sources */ = {isa = PBXBuildFile; fileRef = 888955982914103700A46293 /* OnlyUppercasedTextFieldDelegate.swift */; };
		888955AA2914103700A46293 /* SumInputTextFieldDelegate.swift in Sources */ = {isa = PBXBuildFile; fileRef = 888955992914103700A46293 /* SumInputTextFieldDelegate.swift */; };
		888955AB2914103700A46293 /* NumberInputTextFieldDelegate.swift in Sources */ = {isa = PBXBuildFile; fileRef = 8889559A2914103700A46293 /* NumberInputTextFieldDelegate.swift */; };
		888955AC2914103700A46293 /* AbbTypography.swift in Sources */ = {isa = PBXBuildFile; fileRef = 8889559C2914103700A46293 /* AbbTypography.swift */; };
		888955AD2914103700A46293 /* BorderedButton.swift in Sources */ = {isa = PBXBuildFile; fileRef = 8889559F2914103700A46293 /* BorderedButton.swift */; };
		888955AE2914103700A46293 /* FilledButton.swift in Sources */ = {isa = PBXBuildFile; fileRef = 888955A02914103700A46293 /* FilledButton.swift */; };
		888955AF2914103700A46293 /* FloatingTextField.swift in Sources */ = {isa = PBXBuildFile; fileRef = 888955A22914103700A46293 /* FloatingTextField.swift */; };
		888955B02914103700A46293 /* BorderRoundedTextField.swift in Sources */ = {isa = PBXBuildFile; fileRef = 888955A32914103700A46293 /* BorderRoundedTextField.swift */; };
		888955B12914103700A46293 /* TextFieldTableCell.swift in Sources */ = {isa = PBXBuildFile; fileRef = 888955A52914103700A46293 /* TextFieldTableCell.swift */; };
		888955B22914103700A46293 /* UIImage+Extension.swift in Sources */ = {isa = PBXBuildFile; fileRef = 888955A72914103700A46293 /* UIImage+Extension.swift */; };
		888955B32914103700A46293 /* UIColor+Extensions.swift in Sources */ = {isa = PBXBuildFile; fileRef = 888955A82914103700A46293 /* UIColor+Extensions.swift */; };
/* End PBXBuildFile section */

/* Begin PBXFileReference section */
		886BE629291959030085BDDD /* BorderLabeledInput.swift */ = {isa = PBXFileReference; lastKnownFileType = sourcecode.swift; path = BorderLabeledInput.swift; sourceTree = "<group>"; };
		8889556C29140FB300A46293 /* Ornament.framework */ = {isa = PBXFileReference; explicitFileType = wrapper.framework; includeInIndex = 0; path = Ornament.framework; sourceTree = BUILT_PRODUCTS_DIR; };
		8889556F29140FB300A46293 /* Ornament.h */ = {isa = PBXFileReference; lastKnownFileType = sourcecode.c.h; path = Ornament.h; sourceTree = "<group>"; };
		888955982914103700A46293 /* OnlyUppercasedTextFieldDelegate.swift */ = {isa = PBXFileReference; fileEncoding = 4; lastKnownFileType = sourcecode.swift; path = OnlyUppercasedTextFieldDelegate.swift; sourceTree = "<group>"; };
		888955992914103700A46293 /* SumInputTextFieldDelegate.swift */ = {isa = PBXFileReference; fileEncoding = 4; lastKnownFileType = sourcecode.swift; path = SumInputTextFieldDelegate.swift; sourceTree = "<group>"; };
		8889559A2914103700A46293 /* NumberInputTextFieldDelegate.swift */ = {isa = PBXFileReference; fileEncoding = 4; lastKnownFileType = sourcecode.swift; path = NumberInputTextFieldDelegate.swift; sourceTree = "<group>"; };
		8889559C2914103700A46293 /* AbbTypography.swift */ = {isa = PBXFileReference; fileEncoding = 4; lastKnownFileType = sourcecode.swift; path = AbbTypography.swift; sourceTree = "<group>"; };
		8889559F2914103700A46293 /* BorderedButton.swift */ = {isa = PBXFileReference; fileEncoding = 4; lastKnownFileType = sourcecode.swift; path = BorderedButton.swift; sourceTree = "<group>"; };
		888955A02914103700A46293 /* FilledButton.swift */ = {isa = PBXFileReference; fileEncoding = 4; lastKnownFileType = sourcecode.swift; path = FilledButton.swift; sourceTree = "<group>"; };
		888955A22914103700A46293 /* FloatingTextField.swift */ = {isa = PBXFileReference; fileEncoding = 4; lastKnownFileType = sourcecode.swift; path = FloatingTextField.swift; sourceTree = "<group>"; };
		888955A32914103700A46293 /* BorderRoundedTextField.swift */ = {isa = PBXFileReference; fileEncoding = 4; lastKnownFileType = sourcecode.swift; path = BorderRoundedTextField.swift; sourceTree = "<group>"; };
		888955A52914103700A46293 /* TextFieldTableCell.swift */ = {isa = PBXFileReference; fileEncoding = 4; lastKnownFileType = sourcecode.swift; path = TextFieldTableCell.swift; sourceTree = "<group>"; };
		888955A72914103700A46293 /* UIImage+Extension.swift */ = {isa = PBXFileReference; fileEncoding = 4; lastKnownFileType = sourcecode.swift; path = "UIImage+Extension.swift"; sourceTree = "<group>"; };
		888955A82914103700A46293 /* UIColor+Extensions.swift */ = {isa = PBXFileReference; fileEncoding = 4; lastKnownFileType = sourcecode.swift; path = "UIColor+Extensions.swift"; sourceTree = "<group>"; };
/* End PBXFileReference section */

/* Begin PBXFrameworksBuildPhase section */
		8889556929140FB300A46293 /* Frameworks */ = {
			isa = PBXFrameworksBuildPhase;
			buildActionMask = 2147483647;
			files = (
			);
			runOnlyForDeploymentPostprocessing = 0;
		};
/* End PBXFrameworksBuildPhase section */

/* Begin PBXGroup section */
		886BE628291958D10085BDDD /* Inputs */ = {
			isa = PBXGroup;
			children = (
				886BE629291959030085BDDD /* BorderLabeledInput.swift */,
			);
			path = Inputs;
			sourceTree = "<group>";
		};
		8889556229140FB300A46293 = {
			isa = PBXGroup;
			children = (
				8889556E29140FB300A46293 /* Ornament */,
				8889556D29140FB300A46293 /* Products */,
			);
			sourceTree = "<group>";
		};
		8889556D29140FB300A46293 /* Products */ = {
			isa = PBXGroup;
			children = (
				8889556C29140FB300A46293 /* Ornament.framework */,
			);
			name = Products;
			sourceTree = "<group>";
		};
		8889556E29140FB300A46293 /* Ornament */ = {
			isa = PBXGroup;
			children = (
				888955962914103700A46293 /* Delegates */,
				888955A62914103700A46293 /* Extensions */,
				8889559B2914103700A46293 /* Typography */,
				8889559D2914103700A46293 /* UIElements */,
				8889556F29140FB300A46293 /* Ornament.h */,
			);
			path = Ornament;
			sourceTree = "<group>";
		};
		888955962914103700A46293 /* Delegates */ = {
			isa = PBXGroup;
			children = (
				888955972914103700A46293 /* TextFieldDelegates */,
			);
			path = Delegates;
			sourceTree = "<group>";
		};
		888955972914103700A46293 /* TextFieldDelegates */ = {
			isa = PBXGroup;
			children = (
				888955982914103700A46293 /* OnlyUppercasedTextFieldDelegate.swift */,
				888955992914103700A46293 /* SumInputTextFieldDelegate.swift */,
				8889559A2914103700A46293 /* NumberInputTextFieldDelegate.swift */,
			);
			path = TextFieldDelegates;
			sourceTree = "<group>";
		};
		8889559B2914103700A46293 /* Typography */ = {
			isa = PBXGroup;
			children = (
				8889559C2914103700A46293 /* AbbTypography.swift */,
			);
			path = Typography;
			sourceTree = "<group>";
		};
		8889559D2914103700A46293 /* UIElements */ = {
			isa = PBXGroup;
			children = (
				886BE628291958D10085BDDD /* Inputs */,
				8889559E2914103700A46293 /* Buttons */,
				888955A12914103700A46293 /* TextFields */,
				888955A42914103700A46293 /* TableCells */,
			);
			path = UIElements;
			sourceTree = "<group>";
		};
		8889559E2914103700A46293 /* Buttons */ = {
			isa = PBXGroup;
			children = (
				8889559F2914103700A46293 /* BorderedButton.swift */,
				888955A02914103700A46293 /* FilledButton.swift */,
			);
			path = Buttons;
			sourceTree = "<group>";
		};
		888955A12914103700A46293 /* TextFields */ = {
			isa = PBXGroup;
			children = (
				888955A22914103700A46293 /* FloatingTextField.swift */,
				888955A32914103700A46293 /* BorderRoundedTextField.swift */,
			);
			path = TextFields;
			sourceTree = "<group>";
		};
		888955A42914103700A46293 /* TableCells */ = {
			isa = PBXGroup;
			children = (
				888955A52914103700A46293 /* TextFieldTableCell.swift */,
			);
			path = TableCells;
			sourceTree = "<group>";
		};
		888955A62914103700A46293 /* Extensions */ = {
			isa = PBXGroup;
			children = (
				888955A72914103700A46293 /* UIImage+Extension.swift */,
				888955A82914103700A46293 /* UIColor+Extensions.swift */,
			);
			path = Extensions;
			sourceTree = "<group>";
		};
/* End PBXGroup section */

/* Begin PBXHeadersBuildPhase section */
		8889556729140FB300A46293 /* Headers */ = {
			isa = PBXHeadersBuildPhase;
			buildActionMask = 2147483647;
			files = (
				8889557029140FB300A46293 /* Ornament.h in Headers */,
			);
			runOnlyForDeploymentPostprocessing = 0;
		};
/* End PBXHeadersBuildPhase section */

/* Begin PBXNativeTarget section */
		8889556B29140FB300A46293 /* Ornament */ = {
			isa = PBXNativeTarget;
			buildConfigurationList = 8889557329140FB300A46293 /* Build configuration list for PBXNativeTarget "Ornament" */;
			buildPhases = (
				8889556729140FB300A46293 /* Headers */,
				8889556829140FB300A46293 /* Sources */,
				8889556929140FB300A46293 /* Frameworks */,
				8889556A29140FB300A46293 /* Resources */,
			);
			buildRules = (
			);
			dependencies = (
			);
			name = Ornament;
			productName = Ornament;
			productReference = 8889556C29140FB300A46293 /* Ornament.framework */;
			productType = "com.apple.product-type.framework";
		};
/* End PBXNativeTarget section */

/* Begin PBXProject section */
		8889556329140FB300A46293 /* Project object */ = {
			isa = PBXProject;
			attributes = {
				BuildIndependentTargetsInParallel = 1;
				LastUpgradeCheck = 1400;
				TargetAttributes = {
					8889556B29140FB300A46293 = {
						CreatedOnToolsVersion = 14.0.1;
					};
				};
			};
			buildConfigurationList = 8889556629140FB300A46293 /* Build configuration list for PBXProject "Ornament" */;
			compatibilityVersion = "Xcode 14.0";
			developmentRegion = en;
			hasScannedForEncodings = 0;
			knownRegions = (
				en,
				Base,
			);
			mainGroup = 8889556229140FB300A46293;
			productRefGroup = 8889556D29140FB300A46293 /* Products */;
			projectDirPath = "";
			projectRoot = "";
			targets = (
				8889556B29140FB300A46293 /* Ornament */,
			);
		};
/* End PBXProject section */

/* Begin PBXResourcesBuildPhase section */
		8889556A29140FB300A46293 /* Resources */ = {
			isa = PBXResourcesBuildPhase;
			buildActionMask = 2147483647;
			files = (
			);
			runOnlyForDeploymentPostprocessing = 0;
		};
/* End PBXResourcesBuildPhase section */

/* Begin PBXSourcesBuildPhase section */
		8889556829140FB300A46293 /* Sources */ = {
			isa = PBXSourcesBuildPhase;
			buildActionMask = 2147483647;
			files = (
				888955AD2914103700A46293 /* BorderedButton.swift in Sources */,
				888955B12914103700A46293 /* TextFieldTableCell.swift in Sources */,
				888955AB2914103700A46293 /* NumberInputTextFieldDelegate.swift in Sources */,
				888955A92914103700A46293 /* OnlyUppercasedTextFieldDelegate.swift in Sources */,
				888955AC2914103700A46293 /* AbbTypography.swift in Sources */,
				888955AF2914103700A46293 /* FloatingTextField.swift in Sources */,
				888955AA2914103700A46293 /* SumInputTextFieldDelegate.swift in Sources */,
				888955B22914103700A46293 /* UIImage+Extension.swift in Sources */,
				886BE62A291959030085BDDD /* BorderLabeledInput.swift in Sources */,
				888955B32914103700A46293 /* UIColor+Extensions.swift in Sources */,
				888955AE2914103700A46293 /* FilledButton.swift in Sources */,
				888955B02914103700A46293 /* BorderRoundedTextField.swift in Sources */,
			);
			runOnlyForDeploymentPostprocessing = 0;
		};
/* End PBXSourcesBuildPhase section */

/* Begin XCBuildConfiguration section */
		8889557129140FB300A46293 /* Debug */ = {
			isa = XCBuildConfiguration;
			buildSettings = {
				ALWAYS_SEARCH_USER_PATHS = NO;
				CLANG_ANALYZER_NONNULL = YES;
				CLANG_ANALYZER_NUMBER_OBJECT_CONVERSION = YES_AGGRESSIVE;
				CLANG_CXX_LANGUAGE_STANDARD = "gnu++20";
				CLANG_ENABLE_MODULES = YES;
				CLANG_ENABLE_OBJC_ARC = YES;
				CLANG_ENABLE_OBJC_WEAK = YES;
				CLANG_WARN_BLOCK_CAPTURE_AUTORELEASING = YES;
				CLANG_WARN_BOOL_CONVERSION = YES;
				CLANG_WARN_COMMA = YES;
				CLANG_WARN_CONSTANT_CONVERSION = YES;
				CLANG_WARN_DEPRECATED_OBJC_IMPLEMENTATIONS = YES;
				CLANG_WARN_DIRECT_OBJC_ISA_USAGE = YES_ERROR;
				CLANG_WARN_DOCUMENTATION_COMMENTS = YES;
				CLANG_WARN_EMPTY_BODY = YES;
				CLANG_WARN_ENUM_CONVERSION = YES;
				CLANG_WARN_INFINITE_RECURSION = YES;
				CLANG_WARN_INT_CONVERSION = YES;
				CLANG_WARN_NON_LITERAL_NULL_CONVERSION = YES;
				CLANG_WARN_OBJC_IMPLICIT_RETAIN_SELF = YES;
				CLANG_WARN_OBJC_LITERAL_CONVERSION = YES;
				CLANG_WARN_OBJC_ROOT_CLASS = YES_ERROR;
				CLANG_WARN_QUOTED_INCLUDE_IN_FRAMEWORK_HEADER = YES;
				CLANG_WARN_RANGE_LOOP_ANALYSIS = YES;
				CLANG_WARN_STRICT_PROTOTYPES = YES;
				CLANG_WARN_SUSPICIOUS_MOVE = YES;
				CLANG_WARN_UNGUARDED_AVAILABILITY = YES_AGGRESSIVE;
				CLANG_WARN_UNREACHABLE_CODE = YES;
				CLANG_WARN__DUPLICATE_METHOD_MATCH = YES;
				COPY_PHASE_STRIP = NO;
				CURRENT_PROJECT_VERSION = 1;
				DEBUG_INFORMATION_FORMAT = dwarf;
				ENABLE_STRICT_OBJC_MSGSEND = YES;
				ENABLE_TESTABILITY = YES;
				GCC_C_LANGUAGE_STANDARD = gnu11;
				GCC_DYNAMIC_NO_PIC = NO;
				GCC_NO_COMMON_BLOCKS = YES;
				GCC_OPTIMIZATION_LEVEL = 0;
				GCC_PREPROCESSOR_DEFINITIONS = (
					"DEBUG=1",
					"$(inherited)",
				);
				GCC_WARN_64_TO_32_BIT_CONVERSION = YES;
				GCC_WARN_ABOUT_RETURN_TYPE = YES_ERROR;
				GCC_WARN_UNDECLARED_SELECTOR = YES;
				GCC_WARN_UNINITIALIZED_AUTOS = YES_AGGRESSIVE;
				GCC_WARN_UNUSED_FUNCTION = YES;
				GCC_WARN_UNUSED_VARIABLE = YES;
				IPHONEOS_DEPLOYMENT_TARGET = 12.0;
				MTL_ENABLE_DEBUG_INFO = INCLUDE_SOURCE;
				MTL_FAST_MATH = YES;
				ONLY_ACTIVE_ARCH = YES;
				SDKROOT = iphoneos;
				SWIFT_ACTIVE_COMPILATION_CONDITIONS = DEBUG;
				SWIFT_OPTIMIZATION_LEVEL = "-Onone";
				VERSIONING_SYSTEM = "apple-generic";
				VERSION_INFO_PREFIX = "";
			};
			name = Debug;
		};
		8889557229140FB300A46293 /* Release */ = {
			isa = XCBuildConfiguration;
			buildSettings = {
				ALWAYS_SEARCH_USER_PATHS = NO;
				CLANG_ANALYZER_NONNULL = YES;
				CLANG_ANALYZER_NUMBER_OBJECT_CONVERSION = YES_AGGRESSIVE;
				CLANG_CXX_LANGUAGE_STANDARD = "gnu++20";
				CLANG_ENABLE_MODULES = YES;
				CLANG_ENABLE_OBJC_ARC = YES;
				CLANG_ENABLE_OBJC_WEAK = YES;
				CLANG_WARN_BLOCK_CAPTURE_AUTORELEASING = YES;
				CLANG_WARN_BOOL_CONVERSION = YES;
				CLANG_WARN_COMMA = YES;
				CLANG_WARN_CONSTANT_CONVERSION = YES;
				CLANG_WARN_DEPRECATED_OBJC_IMPLEMENTATIONS = YES;
				CLANG_WARN_DIRECT_OBJC_ISA_USAGE = YES_ERROR;
				CLANG_WARN_DOCUMENTATION_COMMENTS = YES;
				CLANG_WARN_EMPTY_BODY = YES;
				CLANG_WARN_ENUM_CONVERSION = YES;
				CLANG_WARN_INFINITE_RECURSION = YES;
				CLANG_WARN_INT_CONVERSION = YES;
				CLANG_WARN_NON_LITERAL_NULL_CONVERSION = YES;
				CLANG_WARN_OBJC_IMPLICIT_RETAIN_SELF = YES;
				CLANG_WARN_OBJC_LITERAL_CONVERSION = YES;
				CLANG_WARN_OBJC_ROOT_CLASS = YES_ERROR;
				CLANG_WARN_QUOTED_INCLUDE_IN_FRAMEWORK_HEADER = YES;
				CLANG_WARN_RANGE_LOOP_ANALYSIS = YES;
				CLANG_WARN_STRICT_PROTOTYPES = YES;
				CLANG_WARN_SUSPICIOUS_MOVE = YES;
				CLANG_WARN_UNGUARDED_AVAILABILITY = YES_AGGRESSIVE;
				CLANG_WARN_UNREACHABLE_CODE = YES;
				CLANG_WARN__DUPLICATE_METHOD_MATCH = YES;
				COPY_PHASE_STRIP = NO;
				CURRENT_PROJECT_VERSION = 1;
				DEBUG_INFORMATION_FORMAT = "dwarf-with-dsym";
				ENABLE_NS_ASSERTIONS = NO;
				ENABLE_STRICT_OBJC_MSGSEND = YES;
				GCC_C_LANGUAGE_STANDARD = gnu11;
				GCC_NO_COMMON_BLOCKS = YES;
				GCC_WARN_64_TO_32_BIT_CONVERSION = YES;
				GCC_WARN_ABOUT_RETURN_TYPE = YES_ERROR;
				GCC_WARN_UNDECLARED_SELECTOR = YES;
				GCC_WARN_UNINITIALIZED_AUTOS = YES_AGGRESSIVE;
				GCC_WARN_UNUSED_FUNCTION = YES;
				GCC_WARN_UNUSED_VARIABLE = YES;
				IPHONEOS_DEPLOYMENT_TARGET = 12.0;
				MTL_ENABLE_DEBUG_INFO = NO;
				MTL_FAST_MATH = YES;
				SDKROOT = iphoneos;
				SWIFT_COMPILATION_MODE = wholemodule;
				SWIFT_OPTIMIZATION_LEVEL = "-O";
				VALIDATE_PRODUCT = YES;
				VERSIONING_SYSTEM = "apple-generic";
				VERSION_INFO_PREFIX = "";
			};
			name = Release;
		};
		8889557429140FB300A46293 /* Debug */ = {
			isa = XCBuildConfiguration;
			buildSettings = {
				CODE_SIGN_STYLE = Automatic;
				CURRENT_PROJECT_VERSION = 1;
				DEFINES_MODULE = YES;
				DYLIB_COMPATIBILITY_VERSION = 1;
				DYLIB_CURRENT_VERSION = 1;
				DYLIB_INSTALL_NAME_BASE = "@rpath";
				GENERATE_INFOPLIST_FILE = YES;
				INFOPLIST_KEY_NSHumanReadableCopyright = "";
				INSTALL_PATH = "$(LOCAL_LIBRARY_DIR)/Frameworks";
				IPHONEOS_DEPLOYMENT_TARGET = 12.0;
				LD_RUNPATH_SEARCH_PATHS = (
					"$(inherited)",
					"@executable_path/Frameworks",
					"@loader_path/Frameworks",
				);
				MARKETING_VERSION = 1.0;
				PRODUCT_BUNDLE_IDENTIFIER = ru.abb.Ornament;
				PRODUCT_NAME = "$(TARGET_NAME:c99extidentifier)";
				SKIP_INSTALL = YES;
				SUPPORTED_PLATFORMS = "iphoneos iphonesimulator";
				SUPPORTS_MACCATALYST = NO;
				SUPPORTS_MAC_DESIGNED_FOR_IPHONE_IPAD = NO;
				SWIFT_EMIT_LOC_STRINGS = YES;
				SWIFT_VERSION = 5.0;
				TARGETED_DEVICE_FAMILY = 1;
			};
			name = Debug;
		};
		8889557529140FB300A46293 /* Release */ = {
			isa = XCBuildConfiguration;
			buildSettings = {
				CODE_SIGN_STYLE = Automatic;
				CURRENT_PROJECT_VERSION = 1;
				DEFINES_MODULE = YES;
				DYLIB_COMPATIBILITY_VERSION = 1;
				DYLIB_CURRENT_VERSION = 1;
				DYLIB_INSTALL_NAME_BASE = "@rpath";
				GENERATE_INFOPLIST_FILE = YES;
				INFOPLIST_KEY_NSHumanReadableCopyright = "";
				INSTALL_PATH = "$(LOCAL_LIBRARY_DIR)/Frameworks";
				IPHONEOS_DEPLOYMENT_TARGET = 12.0;
				LD_RUNPATH_SEARCH_PATHS = (
					"$(inherited)",
					"@executable_path/Frameworks",
					"@loader_path/Frameworks",
				);
				MARKETING_VERSION = 1.0;
				PRODUCT_BUNDLE_IDENTIFIER = ru.abb.Ornament;
				PRODUCT_NAME = "$(TARGET_NAME:c99extidentifier)";
				SKIP_INSTALL = YES;
				SUPPORTED_PLATFORMS = "iphoneos iphonesimulator";
				SUPPORTS_MACCATALYST = NO;
				SUPPORTS_MAC_DESIGNED_FOR_IPHONE_IPAD = NO;
				SWIFT_EMIT_LOC_STRINGS = YES;
				SWIFT_VERSION = 5.0;
				TARGETED_DEVICE_FAMILY = 1;
			};
			name = Release;
		};
/* End XCBuildConfiguration section */

/* Begin XCConfigurationList section */
		8889556629140FB300A46293 /* Build configuration list for PBXProject "Ornament" */ = {
			isa = XCConfigurationList;
			buildConfigurations = (
				8889557129140FB300A46293 /* Debug */,
				8889557229140FB300A46293 /* Release */,
			);
			defaultConfigurationIsVisible = 0;
			defaultConfigurationName = Release;
		};
		8889557329140FB300A46293 /* Build configuration list for PBXNativeTarget "Ornament" */ = {
			isa = XCConfigurationList;
			buildConfigurations = (
				8889557429140FB300A46293 /* Debug */,
				8889557529140FB300A46293 /* Release */,
			);
			defaultConfigurationIsVisible = 0;
			defaultConfigurationName = Release;
		};
/* End XCConfigurationList section */
	};
	rootObject = 8889556329140FB300A46293 /* Project object */;
}
