{
  "originHash" : "2f7c3b11b63a7bdf94ba971be13908bf5dee3ea0f5c241d7745bf31692930c4b",
  "pins" : [
    {
      "identity" : "ios-architecture-table",
      "kind" : "remoteSourceControl",
      "location" : "https://gitlab.akbars.tech/abo/ios-architecture-table",
      "state" : {
        "revision" : "425222e0ac9691a227240241330f1303ebb8fffc",
        "version" : "8.0.0"
      }
    },
    {
      "identity" : "ios-extensions",
      "kind" : "remoteSourceControl",
      "location" : "https://gitlab.akbars.tech/abo/ios-extensions",
      "state" : {
        "revision" : "26c7831aecce1f61b3e5f3951f65c2c573f001a0",
        "version" : "0.1.0"
      }
    },
    {
      "identity" : "ios-resources-colors",
      "kind" : "remoteSourceControl",
      "location" : "https://gitlab.akbars.tech/abo/ios-resources-colors.git",
      "state" : {
        "revision" : "a34a2174602ca5eec5694ed62e4a0bd591f0bb6c",
        "version" : "0.1.0"
      }
    },
    {
      "identity" : "ios-resources-fonts",
      "kind" : "remoteSourceControl",
      "location" : "https://gitlab.akbars.tech/abo/ios-resources-fonts.git",
      "state" : {
        "revision" : "ba60010f93fa82ff25fa3509ed1a132833a1d590",
        "version" : "0.0.1"
      }
    },
    {
      "identity" : "ios-resources-icons",
      "kind" : "remoteSourceControl",
      "location" : "https://gitlab.akbars.tech/abo/ios-resources-icons.git",
      "state" : {
        "revision" : "897bdd766c4136e337ae2305525f91d81b70ec23",
        "version" : "0.0.3"
      }
    },
    {
      "identity" : "ios-resources-ui-components",
      "kind" : "remoteSourceControl",
      "location" : "https://gitlab.akbars.tech/abo/ios-resources-ui-components.git",
      "state" : {
        "revision" : "b9d40178673958efd520fddbdaadf673a2b828a7",
        "version" : "8.0.0"
      }
    },
    {
      "identity" : "ios-service-routing",
      "kind" : "remoteSourceControl",
      "location" : "https://gitlab.akbars.tech/abo/ios-service-routing",
      "state" : {
        "revision" : "fc67dbc0007ef7837ee170707fab177ff609f924",
        "version" : "0.0.2"
      }
    },
    {
      "identity" : "ios.architecture",
      "kind" : "remoteSourceControl",
      "location" : "https://gitlab.akbars.tech/abo/ios.architecture",
      "state" : {
        "revision" : "e204a8cc417d38e84d620dfdb5faf9e417385b3d",
        "version" : "2.0.0"
      }
    },
    {
      "identity" : "ios.designsystem",
      "kind" : "remoteSourceControl",
      "location" : "https://gitlab.akbars.tech/abo/ios.designsystem",
      "state" : {
        "revision" : "992239ed7a952f4f62fe2b1b69b97a6e518ac027",
        "version" : "8.0.0"
      }
    },
    {
      "identity" : "snapkit",
      "kind" : "remoteSourceControl",
      "location" : "https://github.com/SnapKit/SnapKit.git",
      "state" : {
        "revision" : "f222cbdf325885926566172f6f5f06af95473158",
        "version" : "5.6.0"
      }
    }
  ],
  "version" : 3
}
