{
  "originHash" : "1f4a6c11e6b2d88b2c9f28302c0b57150acfb591984365667add60b9667e7a53",
  "pins" : [
    {
      "identity" : "ios-architecture-table",
      "kind" : "remoteSourceControl",
      "location" : "https://gitlab.akbars.tech/abo/ios-architecture-table",
      "state" : {
        "revision" : "8fd3c3d66d048b329c8100ec9a06f7b121e2279e",
        "version" : "3.0.0"
      }
    },
    {
      "identity" : "ios-extensions",
      "kind" : "remoteSourceControl",
      "location" : "https://gitlab.akbars.tech/abo/ios-extensions",
      "state" : {
        "revision" : "26c7831aecce1f61b3e5f3951f65c2c573f001a0",
        "version" : "0.1.0"
      }
    },
    {
      "identity" : "ios-resources-colors",
      "kind" : "remoteSourceControl",
      "location" : "https://gitlab.akbars.tech/abo/ios-resources-colors.git",
      "state" : {
        "revision" : "a5575917f6db4ed88533fa8ed13ff2f36ba6a09c",
        "version" : "0.0.3"
      }
    },
    {
      "identity" : "ios-resources-fonts",
      "kind" : "remoteSourceControl",
      "location" : "https://gitlab.akbars.tech/abo/ios-resources-fonts.git",
      "state" : {
        "revision" : "ba60010f93fa82ff25fa3509ed1a132833a1d590",
        "version" : "0.0.1"
      }
    },
    {
      "identity" : "ios-resources-icons",
      "kind" : "remoteSourceControl",
      "location" : "https://gitlab.akbars.tech/abo/ios-resources-icons.git",
      "state" : {
        "revision" : "897bdd766c4136e337ae2305525f91d81b70ec23",
        "version" : "0.0.3"
      }
    },
    {
      "identity" : "ios-resources-ui-components",
      "kind" : "remoteSourceControl",
      "location" : "https://gitlab.akbars.tech/abo/ios-resources-ui-components.git",
      "state" : {
        "revision" : "7bcbc4e1342f38f4f23eec6e77005d7c96c2e733",
        "version" : "4.3.0"
      }
    },
    {
      "identity" : "ios-service-routing",
      "kind" : "remoteSourceControl",
      "location" : "https://gitlab.akbars.tech/abo/ios-service-routing",
      "state" : {
        "revision" : "fc67dbc0007ef7837ee170707fab177ff609f924",
        "version" : "0.0.2"
      }
    },
    {
      "identity" : "ios.architecture",
      "kind" : "remoteSourceControl",
      "location" : "https://gitlab.akbars.tech/abo/ios.architecture",
      "state" : {
        "revision" : "42393a7d964b318398492610181824a55b92e0f6",
        "version" : "1.0.0"
      }
    },
    {
      "identity" : "ios.designsystem",
      "kind" : "remoteSourceControl",
      "location" : "https://gitlab.akbars.tech/abo/ios.designsystem",
      "state" : {
        "revision" : "59a1c740c8faeeea6e682a3f961fb3bbe381b93e",
        "version" : "4.1.1"
      }
    },
    {
      "identity" : "snapkit",
      "kind" : "remoteSourceControl",
      "location" : "https://github.com/SnapKit/SnapKit.git",
      "state" : {
        "revision" : "f222cbdf325885926566172f6f5f06af95473158",
        "version" : "5.6.0"
      }
    }
  ],
  "version" : 3
}
