// !$*UTF8*$!
{
	archiveVersion = 1;
	classes = {
	};
	objectVersion = 56;
	objects = {

/* Begin PBXBuildFile section */
		34241B432A7AE46E00DCBBB4 /* MainCellModel.swift in Sources */ = {isa = PBXBuildFile; fileRef = 34241B3E2A7AE46E00DCBBB4 /* MainCellModel.swift */; };
		34BF7F232A7B9E7300F1A12F /* ios.designsystem in Frameworks */ = {isa = PBXBuildFile; productRef = 34BF7F222A7B9E7300F1A12F /* ios.designsystem */; };
		34D6C9BC2B31EA2900FA1A8D /* MainFeature.swift in Sources */ = {isa = PBXBuildFile; fileRef = 34D6C9B82B31EA2900FA1A8D /* MainFeature.swift */; };
		34D6C9BD2B31EA2900FA1A8D /* MainBuilder.swift in Sources */ = {isa = PBXBuildFile; fileRef = 34D6C9B92B31EA2900FA1A8D /* MainBuilder.swift */; };
		34D6C9BE2B31EA2900FA1A8D /* MainUpdater.swift in Sources */ = {isa = PBXBuildFile; fileRef = 34D6C9BA2B31EA2900FA1A8D /* MainUpdater.swift */; };
		34D6C9BF2B31EA2900FA1A8D /* MainViewController.swift in Sources */ = {isa = PBXBuildFile; fileRef = 34D6C9BB2B31EA2900FA1A8D /* MainViewController.swift */; };
		34D6C9CE2B31FC3D00FA1A8D /* MainCollectionView.swift in Sources */ = {isa = PBXBuildFile; fileRef = 34D6C9CB2B31FC3D00FA1A8D /* MainCollectionView.swift */; };
		34D6C9CF2B31FC3D00FA1A8D /* MainCollectionViewBuilder.swift in Sources */ = {isa = PBXBuildFile; fileRef = 34D6C9CC2B31FC3D00FA1A8D /* MainCollectionViewBuilder.swift */; };
		34D6C9D02B31FC3D00FA1A8D /* MainCollectionViewUpdater.swift in Sources */ = {isa = PBXBuildFile; fileRef = 34D6C9CD2B31FC3D00FA1A8D /* MainCollectionViewUpdater.swift */; };
		34D6C9D52B31FDA700FA1A8D /* MainCollectionCellView.swift in Sources */ = {isa = PBXBuildFile; fileRef = 34D6C9D22B31FDA700FA1A8D /* MainCollectionCellView.swift */; };
		34D6C9DA2B322B8C00FA1A8D /* MainScreenCoordinator.swift in Sources */ = {isa = PBXBuildFile; fileRef = 34D6C9D92B322B8C00FA1A8D /* MainScreenCoordinator.swift */; };
		34D6C9F12B3257F600FA1A8D /* SectionMessageBuilder.swift in Sources */ = {isa = PBXBuildFile; fileRef = 34D6C9E92B3257F600FA1A8D /* SectionMessageBuilder.swift */; };
		34D6C9F22B3257F600FA1A8D /* SectionMessageUpdater.swift in Sources */ = {isa = PBXBuildFile; fileRef = 34D6C9EA2B3257F600FA1A8D /* SectionMessageUpdater.swift */; };
		34D6C9F32B3257F600FA1A8D /* SectionMessageViewController.swift in Sources */ = {isa = PBXBuildFile; fileRef = 34D6C9EB2B3257F600FA1A8D /* SectionMessageViewController.swift */; };
		34D6C9F42B3257F600FA1A8D /* SectionMessageFeature.swift in Sources */ = {isa = PBXBuildFile; fileRef = 34D6C9EC2B3257F600FA1A8D /* SectionMessageFeature.swift */; };
		34D82FE72B338C2700E5DE4C /* CardFeature.swift in Sources */ = {isa = PBXBuildFile; fileRef = 34D82FE32B338C2700E5DE4C /* CardFeature.swift */; };
		34D82FE82B338C2700E5DE4C /* CardBuilder.swift in Sources */ = {isa = PBXBuildFile; fileRef = 34D82FE42B338C2700E5DE4C /* CardBuilder.swift */; };
		34D82FE92B338C2700E5DE4C /* CardUpdater.swift in Sources */ = {isa = PBXBuildFile; fileRef = 34D82FE52B338C2700E5DE4C /* CardUpdater.swift */; };
		34D82FEA2B338C2700E5DE4C /* CardViewController.swift in Sources */ = {isa = PBXBuildFile; fileRef = 34D82FE62B338C2700E5DE4C /* CardViewController.swift */; };
		34D82FEF2B338C4200E5DE4C /* TrueButtonView.swift in Sources */ = {isa = PBXBuildFile; fileRef = 34D82FEC2B338C4200E5DE4C /* TrueButtonView.swift */; };
		34D82FF02B338C4200E5DE4C /* TrueButtonViewBuilder.swift in Sources */ = {isa = PBXBuildFile; fileRef = 34D82FED2B338C4200E5DE4C /* TrueButtonViewBuilder.swift */; };
		34D82FF12B338C4200E5DE4C /* TrueButtonViewUpdater.swift in Sources */ = {isa = PBXBuildFile; fileRef = 34D82FEE2B338C4200E5DE4C /* TrueButtonViewUpdater.swift */; };
		8889558329140FFC00A46293 /* AppDelegate.swift in Sources */ = {isa = PBXBuildFile; fileRef = 8889558229140FFC00A46293 /* AppDelegate.swift */; };
		8889558C29140FFE00A46293 /* Assets.xcassets in Resources */ = {isa = PBXBuildFile; fileRef = 8889558B29140FFE00A46293 /* Assets.xcassets */; };
		8889558F29140FFE00A46293 /* LaunchScreen.storyboard in Resources */ = {isa = PBXBuildFile; fileRef = 8889558D29140FFE00A46293 /* LaunchScreen.storyboard */; };
		888955B72914108700A46293 /* SceneDelegate.swift in Sources */ = {isa = PBXBuildFile; fileRef = 888955B62914108700A46293 /* SceneDelegate.swift */; };
/* End PBXBuildFile section */

/* Begin PBXFileReference section */
		34241B3E2A7AE46E00DCBBB4 /* MainCellModel.swift */ = {isa = PBXFileReference; fileEncoding = 4; lastKnownFileType = sourcecode.swift; path = MainCellModel.swift; sourceTree = "<group>"; };
		34D6C9B32B3190FE00FA1A8D /* ios.designsystem */ = {isa = PBXFileReference; lastKnownFileType = wrapper; name = ios.designsystem; path = ../../ios.designsystem; sourceTree = "<group>"; };
		34D6C9B82B31EA2900FA1A8D /* MainFeature.swift */ = {isa = PBXFileReference; lastKnownFileType = sourcecode.swift; path = MainFeature.swift; sourceTree = "<group>"; };
		34D6C9B92B31EA2900FA1A8D /* MainBuilder.swift */ = {isa = PBXFileReference; lastKnownFileType = sourcecode.swift; path = MainBuilder.swift; sourceTree = "<group>"; };
		34D6C9BA2B31EA2900FA1A8D /* MainUpdater.swift */ = {isa = PBXFileReference; lastKnownFileType = sourcecode.swift; path = MainUpdater.swift; sourceTree = "<group>"; };
		34D6C9BB2B31EA2900FA1A8D /* MainViewController.swift */ = {isa = PBXFileReference; lastKnownFileType = sourcecode.swift; path = MainViewController.swift; sourceTree = "<group>"; };
		34D6C9C92B31F3AD00FA1A8D /* ios.architecture */ = {isa = PBXFileReference; lastKnownFileType = wrapper; name = ios.architecture; path = ../../ios.architecture; sourceTree = "<group>"; };
		34D6C9CB2B31FC3D00FA1A8D /* MainCollectionView.swift */ = {isa = PBXFileReference; lastKnownFileType = sourcecode.swift; path = MainCollectionView.swift; sourceTree = "<group>"; };
		34D6C9CC2B31FC3D00FA1A8D /* MainCollectionViewBuilder.swift */ = {isa = PBXFileReference; lastKnownFileType = sourcecode.swift; path = MainCollectionViewBuilder.swift; sourceTree = "<group>"; };
		34D6C9CD2B31FC3D00FA1A8D /* MainCollectionViewUpdater.swift */ = {isa = PBXFileReference; lastKnownFileType = sourcecode.swift; path = MainCollectionViewUpdater.swift; sourceTree = "<group>"; };
		34D6C9D22B31FDA700FA1A8D /* MainCollectionCellView.swift */ = {isa = PBXFileReference; lastKnownFileType = sourcecode.swift; path = MainCollectionCellView.swift; sourceTree = "<group>"; };
		34D6C9D92B322B8C00FA1A8D /* MainScreenCoordinator.swift */ = {isa = PBXFileReference; lastKnownFileType = sourcecode.swift; path = MainScreenCoordinator.swift; sourceTree = "<group>"; };
		34D6C9E92B3257F600FA1A8D /* SectionMessageBuilder.swift */ = {isa = PBXFileReference; fileEncoding = 4; lastKnownFileType = sourcecode.swift; path = SectionMessageBuilder.swift; sourceTree = "<group>"; };
		34D6C9EA2B3257F600FA1A8D /* SectionMessageUpdater.swift */ = {isa = PBXFileReference; fileEncoding = 4; lastKnownFileType = sourcecode.swift; path = SectionMessageUpdater.swift; sourceTree = "<group>"; };
		34D6C9EB2B3257F600FA1A8D /* SectionMessageViewController.swift */ = {isa = PBXFileReference; fileEncoding = 4; lastKnownFileType = sourcecode.swift; path = SectionMessageViewController.swift; sourceTree = "<group>"; };
		34D6C9EC2B3257F600FA1A8D /* SectionMessageFeature.swift */ = {isa = PBXFileReference; fileEncoding = 4; lastKnownFileType = sourcecode.swift; path = SectionMessageFeature.swift; sourceTree = "<group>"; };
		34D82FE32B338C2700E5DE4C /* CardFeature.swift */ = {isa = PBXFileReference; lastKnownFileType = sourcecode.swift; path = CardFeature.swift; sourceTree = "<group>"; };
		34D82FE42B338C2700E5DE4C /* CardBuilder.swift */ = {isa = PBXFileReference; lastKnownFileType = sourcecode.swift; path = CardBuilder.swift; sourceTree = "<group>"; };
		34D82FE52B338C2700E5DE4C /* CardUpdater.swift */ = {isa = PBXFileReference; lastKnownFileType = sourcecode.swift; path = CardUpdater.swift; sourceTree = "<group>"; };
		34D82FE62B338C2700E5DE4C /* CardViewController.swift */ = {isa = PBXFileReference; lastKnownFileType = sourcecode.swift; path = CardViewController.swift; sourceTree = "<group>"; };
		34D82FEC2B338C4200E5DE4C /* TrueButtonView.swift */ = {isa = PBXFileReference; lastKnownFileType = sourcecode.swift; path = TrueButtonView.swift; sourceTree = "<group>"; };
		34D82FED2B338C4200E5DE4C /* TrueButtonViewBuilder.swift */ = {isa = PBXFileReference; lastKnownFileType = sourcecode.swift; path = TrueButtonViewBuilder.swift; sourceTree = "<group>"; };
		34D82FEE2B338C4200E5DE4C /* TrueButtonViewUpdater.swift */ = {isa = PBXFileReference; lastKnownFileType = sourcecode.swift; path = TrueButtonViewUpdater.swift; sourceTree = "<group>"; };
		8889557F29140FFC00A46293 /* OrnamentApp.app */ = {isa = PBXFileReference; explicitFileType = wrapper.application; includeInIndex = 0; path = OrnamentApp.app; sourceTree = BUILT_PRODUCTS_DIR; };
		8889558229140FFC00A46293 /* AppDelegate.swift */ = {isa = PBXFileReference; lastKnownFileType = sourcecode.swift; path = AppDelegate.swift; sourceTree = "<group>"; };
		8889558B29140FFE00A46293 /* Assets.xcassets */ = {isa = PBXFileReference; lastKnownFileType = folder.assetcatalog; path = Assets.xcassets; sourceTree = "<group>"; };
		8889558E29140FFE00A46293 /* Base */ = {isa = PBXFileReference; lastKnownFileType = file.storyboard; name = Base; path = Base.lproj/LaunchScreen.storyboard; sourceTree = "<group>"; };
		8889559029140FFE00A46293 /* Info.plist */ = {isa = PBXFileReference; lastKnownFileType = text.plist.xml; path = Info.plist; sourceTree = "<group>"; };
		888955B62914108700A46293 /* SceneDelegate.swift */ = {isa = PBXFileReference; fileEncoding = 4; lastKnownFileType = sourcecode.swift; path = SceneDelegate.swift; sourceTree = "<group>"; };
/* End PBXFileReference section */

/* Begin PBXFrameworksBuildPhase section */
		8889557C29140FFC00A46293 /* Frameworks */ = {
			isa = PBXFrameworksBuildPhase;
			buildActionMask = 2147483647;
			files = (
				34BF7F232A7B9E7300F1A12F /* ios.designsystem in Frameworks */,
			);
			runOnlyForDeploymentPostprocessing = 0;
		};
/* End PBXFrameworksBuildPhase section */

/* Begin PBXGroup section */
		34241B302A7AE34000DCBBB4 /* Main */ = {
			isa = PBXGroup;
			children = (
				34D6C9B82B31EA2900FA1A8D /* MainFeature.swift */,
				34D6C9B92B31EA2900FA1A8D /* MainBuilder.swift */,
				34D6C9BA2B31EA2900FA1A8D /* MainUpdater.swift */,
				34D6C9BB2B31EA2900FA1A8D /* MainViewController.swift */,
				34D6C9D92B322B8C00FA1A8D /* MainScreenCoordinator.swift */,
			);
			path = Main;
			sourceTree = "<group>";
		};
		34241B312A7AE34F00DCBBB4 /* CollectionView */ = {
			isa = PBXGroup;
			children = (
				34D6C9D12B31FD8F00FA1A8D /* MainCollectionCell */,
				34241B3E2A7AE46E00DCBBB4 /* MainCellModel.swift */,
				34D6C9CB2B31FC3D00FA1A8D /* MainCollectionView.swift */,
				34D6C9CC2B31FC3D00FA1A8D /* MainCollectionViewBuilder.swift */,
				34D6C9CD2B31FC3D00FA1A8D /* MainCollectionViewUpdater.swift */,
			);
			path = CollectionView;
			sourceTree = "<group>";
		};
		34D6C9D12B31FD8F00FA1A8D /* MainCollectionCell */ = {
			isa = PBXGroup;
			children = (
				34D6C9D22B31FDA700FA1A8D /* MainCollectionCellView.swift */,
			);
			path = MainCollectionCell;
			sourceTree = "<group>";
		};
		34D6C9E82B3257F600FA1A8D /* SectionMessage */ = {
			isa = PBXGroup;
			children = (
				34D6C9E92B3257F600FA1A8D /* SectionMessageBuilder.swift */,
				34D6C9EA2B3257F600FA1A8D /* SectionMessageUpdater.swift */,
				34D6C9EB2B3257F600FA1A8D /* SectionMessageViewController.swift */,
				34D6C9EC2B3257F600FA1A8D /* SectionMessageFeature.swift */,
			);
			path = SectionMessage;
			sourceTree = "<group>";
		};
		34D82FE22B338C1B00E5DE4C /* Card */ = {
			isa = PBXGroup;
			children = (
				34D82FEB2B338C2C00E5DE4C /* TrueButton */,
				34D82FE32B338C2700E5DE4C /* CardFeature.swift */,
				34D82FE42B338C2700E5DE4C /* CardBuilder.swift */,
				34D82FE52B338C2700E5DE4C /* CardUpdater.swift */,
				34D82FE62B338C2700E5DE4C /* CardViewController.swift */,
			);
			path = Card;
			sourceTree = "<group>";
		};
		34D82FEB2B338C2C00E5DE4C /* TrueButton */ = {
			isa = PBXGroup;
			children = (
				34D82FEC2B338C4200E5DE4C /* TrueButtonView.swift */,
				34D82FED2B338C4200E5DE4C /* TrueButtonViewBuilder.swift */,
				34D82FEE2B338C4200E5DE4C /* TrueButtonViewUpdater.swift */,
			);
			path = TrueButton;
			sourceTree = "<group>";
		};
		8889557629140FFC00A46293 = {
			isa = PBXGroup;
			children = (
				34D6C9C92B31F3AD00FA1A8D /* ios.architecture */,
				34D6C9B32B3190FE00FA1A8D /* ios.designsystem */,
				8889558129140FFC00A46293 /* OrnamentApp */,
				8889558029140FFC00A46293 /* Products */,
				888955B82914112F00A46293 /* Frameworks */,
			);
			sourceTree = "<group>";
		};
		8889558029140FFC00A46293 /* Products */ = {
			isa = PBXGroup;
			children = (
				8889557F29140FFC00A46293 /* OrnamentApp.app */,
			);
			name = Products;
			sourceTree = "<group>";
		};
		8889558129140FFC00A46293 /* OrnamentApp */ = {
			isa = PBXGroup;
			children = (
				34D82FE22B338C1B00E5DE4C /* Card */,
				34D6C9E82B3257F600FA1A8D /* SectionMessage */,
				34241B312A7AE34F00DCBBB4 /* CollectionView */,
				34241B302A7AE34000DCBBB4 /* Main */,
				8889558229140FFC00A46293 /* AppDelegate.swift */,
				888955B62914108700A46293 /* SceneDelegate.swift */,
				8889558B29140FFE00A46293 /* Assets.xcassets */,
				8889558D29140FFE00A46293 /* LaunchScreen.storyboard */,
				8889559029140FFE00A46293 /* Info.plist */,
			);
			path = OrnamentApp;
			sourceTree = "<group>";
		};
		888955B82914112F00A46293 /* Frameworks */ = {
			isa = PBXGroup;
			children = (
			);
			name = Frameworks;
			sourceTree = "<group>";
		};
/* End PBXGroup section */

/* Begin PBXNativeTarget section */
		8889557E29140FFC00A46293 /* OrnamentApp */ = {
			isa = PBXNativeTarget;
			buildConfigurationList = 8889559329140FFE00A46293 /* Build configuration list for PBXNativeTarget "OrnamentApp" */;
			buildPhases = (
				8889557B29140FFC00A46293 /* Sources */,
				8889557C29140FFC00A46293 /* Frameworks */,
				8889557D29140FFC00A46293 /* Resources */,
			);
			buildRules = (
			);
			dependencies = (
			);
			name = OrnamentApp;
			packageProductDependencies = (
				34BF7F222A7B9E7300F1A12F /* ios.designsystem */,
			);
			productName = OrnamentApp;
			productReference = 8889557F29140FFC00A46293 /* OrnamentApp.app */;
			productType = "com.apple.product-type.application";
		};
/* End PBXNativeTarget section */

/* Begin PBXProject section */
		8889557729140FFC00A46293 /* Project object */ = {
			isa = PBXProject;
			attributes = {
				BuildIndependentTargetsInParallel = 1;
				LastSwiftUpdateCheck = 1400;
				LastUpgradeCheck = 1400;
				TargetAttributes = {
					8889557E29140FFC00A46293 = {
						CreatedOnToolsVersion = 14.0.1;
					};
				};
			};
			buildConfigurationList = 8889557A29140FFC00A46293 /* Build configuration list for PBXProject "OrnamentApp" */;
			compatibilityVersion = "Xcode 14.0";
			developmentRegion = en;
			hasScannedForEncodings = 0;
			knownRegions = (
				en,
				Base,
			);
			mainGroup = 8889557629140FFC00A46293;
			packageReferences = (
				34BF7F212A7B9E7300F1A12F /* XCRemoteSwiftPackageReference "ios" */,
			);
			productRefGroup = 8889558029140FFC00A46293 /* Products */;
			projectDirPath = "";
			projectRoot = "";
			targets = (
				8889557E29140FFC00A46293 /* OrnamentApp */,
			);
		};
/* End PBXProject section */

/* Begin PBXResourcesBuildPhase section */
		8889557D29140FFC00A46293 /* Resources */ = {
			isa = PBXResourcesBuildPhase;
			buildActionMask = 2147483647;
			files = (
				8889558F29140FFE00A46293 /* LaunchScreen.storyboard in Resources */,
				8889558C29140FFE00A46293 /* Assets.xcassets in Resources */,
			);
			runOnlyForDeploymentPostprocessing = 0;
		};
/* End PBXResourcesBuildPhase section */

/* Begin PBXSourcesBuildPhase section */
		8889557B29140FFC00A46293 /* Sources */ = {
			isa = PBXSourcesBuildPhase;
			buildActionMask = 2147483647;
			files = (
				34D82FE92B338C2700E5DE4C /* CardUpdater.swift in Sources */,
				34D6C9F42B3257F600FA1A8D /* SectionMessageFeature.swift in Sources */,
				34241B432A7AE46E00DCBBB4 /* MainCellModel.swift in Sources */,
				34D6C9F22B3257F600FA1A8D /* SectionMessageUpdater.swift in Sources */,
				8889558329140FFC00A46293 /* AppDelegate.swift in Sources */,
				34D6C9BE2B31EA2900FA1A8D /* MainUpdater.swift in Sources */,
				34D82FF02B338C4200E5DE4C /* TrueButtonViewBuilder.swift in Sources */,
				34D82FE72B338C2700E5DE4C /* CardFeature.swift in Sources */,
				34D6C9BF2B31EA2900FA1A8D /* MainViewController.swift in Sources */,
				34D82FEA2B338C2700E5DE4C /* CardViewController.swift in Sources */,
				34D82FE82B338C2700E5DE4C /* CardBuilder.swift in Sources */,
				34D82FF12B338C4200E5DE4C /* TrueButtonViewUpdater.swift in Sources */,
				34D6C9BC2B31EA2900FA1A8D /* MainFeature.swift in Sources */,
				888955B72914108700A46293 /* SceneDelegate.swift in Sources */,
				34D6C9D52B31FDA700FA1A8D /* MainCollectionCellView.swift in Sources */,
				34D6C9DA2B322B8C00FA1A8D /* MainScreenCoordinator.swift in Sources */,
				34D6C9D02B31FC3D00FA1A8D /* MainCollectionViewUpdater.swift in Sources */,
				34D6C9BD2B31EA2900FA1A8D /* MainBuilder.swift in Sources */,
				34D6C9CF2B31FC3D00FA1A8D /* MainCollectionViewBuilder.swift in Sources */,
				34D6C9F12B3257F600FA1A8D /* SectionMessageBuilder.swift in Sources */,
				34D6C9F32B3257F600FA1A8D /* SectionMessageViewController.swift in Sources */,
				34D6C9CE2B31FC3D00FA1A8D /* MainCollectionView.swift in Sources */,
				34D82FEF2B338C4200E5DE4C /* TrueButtonView.swift in Sources */,
			);
			runOnlyForDeploymentPostprocessing = 0;
		};
/* End PBXSourcesBuildPhase section */

/* Begin PBXVariantGroup section */
		8889558D29140FFE00A46293 /* LaunchScreen.storyboard */ = {
			isa = PBXVariantGroup;
			children = (
				8889558E29140FFE00A46293 /* Base */,
			);
			name = LaunchScreen.storyboard;
			sourceTree = "<group>";
		};
/* End PBXVariantGroup section */

/* Begin XCBuildConfiguration section */
		8889559129140FFE00A46293 /* Debug */ = {
			isa = XCBuildConfiguration;
			buildSettings = {
				ALWAYS_SEARCH_USER_PATHS = NO;
				CLANG_ANALYZER_NONNULL = YES;
				CLANG_ANALYZER_NUMBER_OBJECT_CONVERSION = YES_AGGRESSIVE;
				CLANG_CXX_LANGUAGE_STANDARD = "gnu++20";
				CLANG_ENABLE_MODULES = YES;
				CLANG_ENABLE_OBJC_ARC = YES;
				CLANG_ENABLE_OBJC_WEAK = YES;
				CLANG_WARN_BLOCK_CAPTURE_AUTORELEASING = YES;
				CLANG_WARN_BOOL_CONVERSION = YES;
				CLANG_WARN_COMMA = YES;
				CLANG_WARN_CONSTANT_CONVERSION = YES;
				CLANG_WARN_DEPRECATED_OBJC_IMPLEMENTATIONS = YES;
				CLANG_WARN_DIRECT_OBJC_ISA_USAGE = YES_ERROR;
				CLANG_WARN_DOCUMENTATION_COMMENTS = YES;
				CLANG_WARN_EMPTY_BODY = YES;
				CLANG_WARN_ENUM_CONVERSION = YES;
				CLANG_WARN_INFINITE_RECURSION = YES;
				CLANG_WARN_INT_CONVERSION = YES;
				CLANG_WARN_NON_LITERAL_NULL_CONVERSION = YES;
				CLANG_WARN_OBJC_IMPLICIT_RETAIN_SELF = YES;
				CLANG_WARN_OBJC_LITERAL_CONVERSION = YES;
				CLANG_WARN_OBJC_ROOT_CLASS = YES_ERROR;
				CLANG_WARN_QUOTED_INCLUDE_IN_FRAMEWORK_HEADER = YES;
				CLANG_WARN_RANGE_LOOP_ANALYSIS = YES;
				CLANG_WARN_STRICT_PROTOTYPES = YES;
				CLANG_WARN_SUSPICIOUS_MOVE = YES;
				CLANG_WARN_UNGUARDED_AVAILABILITY = YES_AGGRESSIVE;
				CLANG_WARN_UNREACHABLE_CODE = YES;
				CLANG_WARN__DUPLICATE_METHOD_MATCH = YES;
				COPY_PHASE_STRIP = NO;
				DEBUG_INFORMATION_FORMAT = dwarf;
				ENABLE_STRICT_OBJC_MSGSEND = YES;
				ENABLE_TESTABILITY = YES;
				GCC_C_LANGUAGE_STANDARD = gnu11;
				GCC_DYNAMIC_NO_PIC = NO;
				GCC_NO_COMMON_BLOCKS = YES;
				GCC_OPTIMIZATION_LEVEL = 0;
				GCC_PREPROCESSOR_DEFINITIONS = (
					"DEBUG=1",
					"$(inherited)",
				);
				GCC_WARN_64_TO_32_BIT_CONVERSION = YES;
				GCC_WARN_ABOUT_RETURN_TYPE = YES_ERROR;
				GCC_WARN_UNDECLARED_SELECTOR = YES;
				GCC_WARN_UNINITIALIZED_AUTOS = YES_AGGRESSIVE;
				GCC_WARN_UNUSED_FUNCTION = YES;
				GCC_WARN_UNUSED_VARIABLE = YES;
				IPHONEOS_DEPLOYMENT_TARGET = 13.0;
				MTL_ENABLE_DEBUG_INFO = INCLUDE_SOURCE;
				MTL_FAST_MATH = YES;
				ONLY_ACTIVE_ARCH = YES;
				SDKROOT = iphoneos;
				SWIFT_ACTIVE_COMPILATION_CONDITIONS = DEBUG;
				SWIFT_OPTIMIZATION_LEVEL = "-Onone";
			};
			name = Debug;
		};
		8889559229140FFE00A46293 /* Release */ = {
			isa = XCBuildConfiguration;
			buildSettings = {
				ALWAYS_SEARCH_USER_PATHS = NO;
				CLANG_ANALYZER_NONNULL = YES;
				CLANG_ANALYZER_NUMBER_OBJECT_CONVERSION = YES_AGGRESSIVE;
				CLANG_CXX_LANGUAGE_STANDARD = "gnu++20";
				CLANG_ENABLE_MODULES = YES;
				CLANG_ENABLE_OBJC_ARC = YES;
				CLANG_ENABLE_OBJC_WEAK = YES;
				CLANG_WARN_BLOCK_CAPTURE_AUTORELEASING = YES;
				CLANG_WARN_BOOL_CONVERSION = YES;
				CLANG_WARN_COMMA = YES;
				CLANG_WARN_CONSTANT_CONVERSION = YES;
				CLANG_WARN_DEPRECATED_OBJC_IMPLEMENTATIONS = YES;
				CLANG_WARN_DIRECT_OBJC_ISA_USAGE = YES_ERROR;
				CLANG_WARN_DOCUMENTATION_COMMENTS = YES;
				CLANG_WARN_EMPTY_BODY = YES;
				CLANG_WARN_ENUM_CONVERSION = YES;
				CLANG_WARN_INFINITE_RECURSION = YES;
				CLANG_WARN_INT_CONVERSION = YES;
				CLANG_WARN_NON_LITERAL_NULL_CONVERSION = YES;
				CLANG_WARN_OBJC_IMPLICIT_RETAIN_SELF = YES;
				CLANG_WARN_OBJC_LITERAL_CONVERSION = YES;
				CLANG_WARN_OBJC_ROOT_CLASS = YES_ERROR;
				CLANG_WARN_QUOTED_INCLUDE_IN_FRAMEWORK_HEADER = YES;
				CLANG_WARN_RANGE_LOOP_ANALYSIS = YES;
				CLANG_WARN_STRICT_PROTOTYPES = YES;
				CLANG_WARN_SUSPICIOUS_MOVE = YES;
				CLANG_WARN_UNGUARDED_AVAILABILITY = YES_AGGRESSIVE;
				CLANG_WARN_UNREACHABLE_CODE = YES;
				CLANG_WARN__DUPLICATE_METHOD_MATCH = YES;
				COPY_PHASE_STRIP = NO;
				DEBUG_INFORMATION_FORMAT = "dwarf-with-dsym";
				ENABLE_NS_ASSERTIONS = NO;
				ENABLE_STRICT_OBJC_MSGSEND = YES;
				GCC_C_LANGUAGE_STANDARD = gnu11;
				GCC_NO_COMMON_BLOCKS = YES;
				GCC_WARN_64_TO_32_BIT_CONVERSION = YES;
				GCC_WARN_ABOUT_RETURN_TYPE = YES_ERROR;
				GCC_WARN_UNDECLARED_SELECTOR = YES;
				GCC_WARN_UNINITIALIZED_AUTOS = YES_AGGRESSIVE;
				GCC_WARN_UNUSED_FUNCTION = YES;
				GCC_WARN_UNUSED_VARIABLE = YES;
				IPHONEOS_DEPLOYMENT_TARGET = 13.0;
				MTL_ENABLE_DEBUG_INFO = NO;
				MTL_FAST_MATH = YES;
				SDKROOT = iphoneos;
				SWIFT_COMPILATION_MODE = wholemodule;
				SWIFT_OPTIMIZATION_LEVEL = "-O";
				VALIDATE_PRODUCT = YES;
			};
			name = Release;
		};
		8889559429140FFE00A46293 /* Debug */ = {
			isa = XCBuildConfiguration;
			buildSettings = {
				ASSETCATALOG_COMPILER_APPICON_NAME = AppIcon;
				ASSETCATALOG_COMPILER_GLOBAL_ACCENT_COLOR_NAME = AccentColor;
				CODE_SIGN_STYLE = Automatic;
				CURRENT_PROJECT_VERSION = 1;
				DEVELOPMENT_TEAM = NM6255M99C;
				GENERATE_INFOPLIST_FILE = YES;
				INFOPLIST_FILE = OrnamentApp/Info.plist;
				INFOPLIST_KEY_UIApplicationSupportsIndirectInputEvents = YES;
				INFOPLIST_KEY_UILaunchStoryboardName = LaunchScreen;
				INFOPLIST_KEY_UISupportedInterfaceOrientations = UIInterfaceOrientationPortrait;
				INFOPLIST_KEY_UISupportedInterfaceOrientations_iPad = "UIInterfaceOrientationLandscapeLeft UIInterfaceOrientationLandscapeRight UIInterfaceOrientationPortrait UIInterfaceOrientationPortraitUpsideDown";
				IPHONEOS_DEPLOYMENT_TARGET = 13.0;
				LD_RUNPATH_SEARCH_PATHS = (
					"$(inherited)",
					"@executable_path/Frameworks",
				);
				MARKETING_VERSION = 1.0;
				PRODUCT_BUNDLE_IDENTIFIER = ru.abb.OrnamentApp;
				PRODUCT_NAME = "$(TARGET_NAME)";
				SUPPORTED_PLATFORMS = "iphoneos iphonesimulator";
				SUPPORTS_MACCATALYST = NO;
				SUPPORTS_MAC_DESIGNED_FOR_IPHONE_IPAD = NO;
				SWIFT_EMIT_LOC_STRINGS = YES;
				SWIFT_VERSION = 5.0;
				TARGETED_DEVICE_FAMILY = 1;
			};
			name = Debug;
		};
		8889559529140FFE00A46293 /* Release */ = {
			isa = XCBuildConfiguration;
			buildSettings = {
				ASSETCATALOG_COMPILER_APPICON_NAME = AppIcon;
				ASSETCATALOG_COMPILER_GLOBAL_ACCENT_COLOR_NAME = AccentColor;
				CODE_SIGN_STYLE = Automatic;
				CURRENT_PROJECT_VERSION = 1;
				DEVELOPMENT_TEAM = NM6255M99C;
				GENERATE_INFOPLIST_FILE = YES;
				INFOPLIST_FILE = OrnamentApp/Info.plist;
				INFOPLIST_KEY_UIApplicationSupportsIndirectInputEvents = YES;
				INFOPLIST_KEY_UILaunchStoryboardName = LaunchScreen;
				INFOPLIST_KEY_UISupportedInterfaceOrientations = UIInterfaceOrientationPortrait;
				INFOPLIST_KEY_UISupportedInterfaceOrientations_iPad = "UIInterfaceOrientationLandscapeLeft UIInterfaceOrientationLandscapeRight UIInterfaceOrientationPortrait UIInterfaceOrientationPortraitUpsideDown";
				IPHONEOS_DEPLOYMENT_TARGET = 13.0;
				LD_RUNPATH_SEARCH_PATHS = (
					"$(inherited)",
					"@executable_path/Frameworks",
				);
				MARKETING_VERSION = 1.0;
				PRODUCT_BUNDLE_IDENTIFIER = ru.abb.OrnamentApp;
				PRODUCT_NAME = "$(TARGET_NAME)";
				SUPPORTED_PLATFORMS = "iphoneos iphonesimulator";
				SUPPORTS_MACCATALYST = NO;
				SUPPORTS_MAC_DESIGNED_FOR_IPHONE_IPAD = NO;
				SWIFT_EMIT_LOC_STRINGS = YES;
				SWIFT_VERSION = 5.0;
				TARGETED_DEVICE_FAMILY = 1;
			};
			name = Release;
		};
/* End XCBuildConfiguration section */

/* Begin XCConfigurationList section */
		8889557A29140FFC00A46293 /* Build configuration list for PBXProject "OrnamentApp" */ = {
			isa = XCConfigurationList;
			buildConfigurations = (
				8889559129140FFE00A46293 /* Debug */,
				8889559229140FFE00A46293 /* Release */,
			);
			defaultConfigurationIsVisible = 0;
			defaultConfigurationName = Release;
		};
		8889559329140FFE00A46293 /* Build configuration list for PBXNativeTarget "OrnamentApp" */ = {
			isa = XCConfigurationList;
			buildConfigurations = (
				8889559429140FFE00A46293 /* Debug */,
				8889559529140FFE00A46293 /* Release */,
			);
			defaultConfigurationIsVisible = 0;
			defaultConfigurationName = Release;
		};
/* End XCConfigurationList section */

/* Begin XCRemoteSwiftPackageReference section */
		34BF7F212A7B9E7300F1A12F /* XCRemoteSwiftPackageReference "ios" */ = {
			isa = XCRemoteSwiftPackageReference;
			repositoryURL = "https://gitlab.akbars.tech/abo/ios.designsystem";
			requirement = {
				branch = main;
				kind = branch;
			};
		};
/* End XCRemoteSwiftPackageReference section */

/* Begin XCSwiftPackageProductDependency section */
		34BF7F222A7B9E7300F1A12F /* ios.designsystem */ = {
			isa = XCSwiftPackageProductDependency;
			package = 34BF7F212A7B9E7300F1A12F /* XCRemoteSwiftPackageReference "ios" */;
			productName = ios.designsystem;
		};
/* End XCSwiftPackageProductDependency section */
	};
	rootObject = 8889557729140FFC00A46293 /* Project object */;
}
